{
  "name": "cspell-trie",
  "version": "3.0.9",
  "lockfileVersion": 1,
  "requires": true,
  "dependencies": {
    "commander": {
      "version": "2.20.0",
      "resolved": "https://registry.npmjs.org/commander/-/commander-2.20.0.tgz",
      "integrity": "sha512-7j2y+40w61zy6YC2iRNpUe/NwhNyoXrYpHMrSunaMG64nRnaf96zO/KMQR4OyN/UnE5KLyEBnKHd4aG3rskjpQ=="
    },
    "cspell-lib": {
      "version": "3.0.5",
      "resolved": "https://registry.npmjs.org/cspell-lib/-/cspell-lib-3.0.5.tgz",
      "integrity": "sha512-z2f5t4un43qWFYYtEKjdDj1aG2TIdOUUYQpytkDrzWcJxyOkSzxOPItOe9zypQeJrIQ8YeVnrazzKpzeap/Ulw==",
      "requires": {
        "iconv-lite": "^0.4.24",
        "rxjs-stream": "^3.0.1"
      }
    },
    "fs-extra": {
      "version": "7.0.1",
      "resolved": "https://registry.npmjs.org/fs-extra/-/fs-extra-7.0.1.tgz",
      "integrity": "sha512-YJDaCJZEnBmcbw13fvdAM9AwNOJwOzrE4pqMqBq5nFiEqXUqHwlK4B+3pUw6JNvfSPtX05xFHtYy/1ni01eGCw==",
      "requires": {
        "graceful-fs": "^4.1.2",
        "jsonfile": "^4.0.0",
        "universalify": "^0.1.0"
      }
    },
    "gensequence": {
      "version": "2.1.2",
      "resolved": "https://registry.npmjs.org/gensequence/-/gensequence-2.1.2.tgz",
      "integrity": "sha512-TH0HcxnR7gpvpdMbiQ7+mL10Vf+9zekenuaSmUl7dHWzzeiiaCelk3Xv3V2ebrsVMLfi1KJ8Q0CpGthaxiM9zQ=="
    },
    "graceful-fs": {
      "version": "4.1.15",
      "resolved": "https://registry.npmjs.org/graceful-fs/-/graceful-fs-4.1.15.tgz",
      "integrity": "sha512-6uHUhOPEBgQ24HM+r6b/QwWfZq+yiFcipKFrOFiBEnWdy5sdzYoi+pJeQaPI5qOLRFqWmAXUPQNsielzdLoecA=="
    },
    "hunspell-reader": {
      "version": "2.1.2",
      "resolved": "https://registry.npmjs.org/hunspell-reader/-/hunspell-reader-2.1.2.tgz",
      "integrity": "sha512-RuaK4dpY1iUIazNxQcqSA5d5B0vcih0JPsb2X87nwxjqWSlM5fnckSVC9vLYrKddF/PL53fH9nQOqoHKvFndxg==",
      "requires": {
        "commander": "^2.19.0",
        "cspell-lib": "^3.0.5",
        "fs-extra": "^7.0.1",
        "gensequence": "^2.1.2",
        "rxjs": "^6.3.3",
        "rxjs-stream": "^3.0.1"
      }
    },
    "iconv-lite": {
      "version": "0.4.24",
      "resolved": "https://registry.npmjs.org/iconv-lite/-/iconv-lite-0.4.24.tgz",
      "integrity": "sha512-v3MXnZAcvnywkTUEZomIActle7RXXeedOR31wwl7VlyoXO4Qi9arvSenNQWne1TcRwhCL1HwLI21bEqdpj8/rA==",
      "requires": {
        "safer-buffer": ">= 2.1.2 < 3"
      }
    },
    "js-xxhash": {
      "version": "1.0.1",
      "resolved": "https://registry.npmjs.org/js-xxhash/-/js-xxhash-1.0.1.tgz",
      "integrity": "sha512-ociwKjHkCPjqNMmZtD7uUoL+AVhcSZX3WPmirRwXg+PzKD0v5x9K2yLpvkSglbThvbGN/TVA+3XFjPVolQwDpQ=="
    },
    "jsonfile": {
      "version": "4.0.0",
      "resolved": "https://registry.npmjs.org/jsonfile/-/jsonfile-4.0.0.tgz",
      "integrity": "sha1-h3Gq4HmbZAdrdmQPygWPnBDjPss=",
      "requires": {
        "graceful-fs": "^4.1.6"
      }
    },
    "rxjs": {
      "version": "6.5.2",
      "resolved": "https://registry.npmjs.org/rxjs/-/rxjs-6.5.2.tgz",
      "integrity": "sha512-HUb7j3kvb7p7eCUHE3FqjoDsC1xfZQ4AHFWfTKSpZ+sAhhz5X1WX0ZuUqWbzB2QhSLp3DoLUG+hMdEDKqWo2Zg==",
      "requires": {
        "tslib": "^1.9.0"
      }
    },
    "rxjs-stream": {
      "version": "3.0.1",
      "resolved": "https://registry.npmjs.org/rxjs-stream/-/rxjs-stream-3.0.1.tgz",
      "integrity": "sha512-KZ+B7MWw2mygAsLJJ+mjYkCXHtSeYRXWhUVQBQRX4NgBmEiAEGAmVz7epY+8Gj0REL22W0T8ZbysFbzI/76ikA=="
    },
    "safer-buffer": {
      "version": "2.1.2",
      "resolved": "https://registry.npmjs.org/safer-buffer/-/safer-buffer-2.1.2.tgz",
      "integrity": "sha512-YZo3K82SD7Riyi0E1EQPojLz7kpepnSQI9IyPbHHg1XXXevb5dJI7tpyN2ADxGcQbHG7vcyRHk0cbwqcQriUtg=="
    },
    "tslib": {
      "version": "1.9.3",
      "resolved": "https://registry.npmjs.org/tslib/-/tslib-1.9.3.tgz",
      "integrity": "sha512-4krF8scpejhaOgqzBEcGM7yDIEfi0/8+8zDRZhNZZ2kjmHJ4hv3zCbQWxoJGz1iw5U0Jl0nma13xzHXcncMavQ=="
    },
    "universalify": {
      "version": "0.1.2",
      "resolved": "https://registry.npmjs.org/universalify/-/universalify-0.1.2.tgz",
      "integrity": "sha512-rBJeI5CXAlmy1pV+617WB9J63U6XcazHHF2f2dbJix4XzpUF0RS3Zbj0FGIOCAva5P/d/GBOYaACQ1w+0azUkg=="
    }
  }
}
