{
  "name": "cspell-trie",
  "version": "4.2.12",
  "lockfileVersion": 2,
  "requires": true,
  "packages": {
    "": {
      "name": "cspell-trie",
      "version": "4.2.12",
      "license": "MIT",
      "dependencies": {
        "commander": "^6.2.1",
        "cspell-trie-lib": "^4.2.8",
        "fs-extra": "^10.0.0",
        "gensequence": "^3.1.1",
        "iterable-to-stream": "^2.0.0"
      },
      "bin": {
        "cspell-trie": "bin.js"
      },
      "engines": {
        "node": ">=10.0.0"
      }
    },
    "node_modules/commander": {
      "version": "6.2.1",
      "resolved": "https://registry.npmjs.org/commander/-/commander-6.2.1.tgz",
      "integrity": "sha512-U7VdrJFnJgo4xjrHpTzu0yrHPGImdsmD95ZlgYSEajAn2JKzDhDTPG9kBTefmObL2w/ngeZnilk+OV9CG3d7UA==",
      "engines": {
        "node": ">= 6"
      }
    },
    "node_modules/cspell-trie-lib": {
      "version": "4.2.8",
      "resolved": "https://registry.npmjs.org/cspell-trie-lib/-/cspell-trie-lib-4.2.8.tgz",
      "integrity": "sha512-Nt3c0gxOYXIc3/yhALDukpje1BgR6guvlUKWQO2zb0r7qRWpwUw2j2YM4dWbHQeH/3Hx5ei4Braa6cMaiJ5YBw==",
      "dependencies": {
        "gensequence": "^3.1.1"
      },
      "engines": {
        "node": ">=10.0.0"
      }
    },
    "node_modules/fs-extra": {
      "version": "10.0.0",
      "resolved": "https://registry.npmjs.org/fs-extra/-/fs-extra-10.0.0.tgz",
      "integrity": "sha512-C5owb14u9eJwizKGdchcDUQeFtlSHHthBk8pbX9Vc1PFZrLombudjDnNns88aYslCyF6IY5SUw3Roz6xShcEIQ==",
      "dependencies": {
        "graceful-fs": "^4.2.0",
        "jsonfile": "^6.0.1",
        "universalify": "^2.0.0"
      },
      "engines": {
        "node": ">=12"
      }
    },
    "node_modules/gensequence": {
      "version": "3.1.1",
      "resolved": "https://registry.npmjs.org/gensequence/-/gensequence-3.1.1.tgz",
      "integrity": "sha512-ys3h0hiteRwmY6BsvSttPmkhC0vEQHPJduANBRtH/dlDPZ0UBIb/dXy80IcckXyuQ6LKg+PloRqvGER9IS7F7g==",
      "engines": {
        "node": ">=10.0.0"
      }
    },
    "node_modules/graceful-fs": {
      "version": "4.2.9",
      "resolved": "https://registry.npmjs.org/graceful-fs/-/graceful-fs-4.2.9.tgz",
      "integrity": "sha512-NtNxqUcXgpW2iMrfqSfR73Glt39K+BLwWsPs94yR63v45T0Wbej7eRmL5cWfwEgqXnmjQp3zaJTshdRW/qC2ZQ=="
    },
    "node_modules/iterable-to-stream": {
      "version": "2.0.0",
      "resolved": "https://registry.npmjs.org/iterable-to-stream/-/iterable-to-stream-2.0.0.tgz",
      "integrity": "sha512-efkLePxXjJk92hvN+2rS3tGJTRn8/tqXjmZvPI6LQ29xCj2sUF4zW8hkMsVe3jpTkxtMZ89xsKnz9FaRqNWM6g==",
      "engines": {
        "node": ">=12.0.0"
      }
    },
    "node_modules/jsonfile": {
      "version": "6.1.0",
      "resolved": "https://registry.npmjs.org/jsonfile/-/jsonfile-6.1.0.tgz",
      "integrity": "sha512-5dgndWOriYSm5cnYaJNhalLNDKOqFwyDB/rr1E9ZsGciGvKPs8R2xYGCacuf3z6K1YKDz182fd+fY3cn3pMqXQ==",
      "dependencies": {
        "universalify": "^2.0.0"
      },
      "optionalDependencies": {
        "graceful-fs": "^4.1.6"
      }
    },
    "node_modules/universalify": {
      "version": "2.0.0",
      "resolved": "https://registry.npmjs.org/universalify/-/universalify-2.0.0.tgz",
      "integrity": "sha512-hAZsKq7Yy11Zu1DE0OzWjw7nnLZmJZYTDZZyEFHZdUhV8FkH5MCfoU1XMaxXovpyW5nq5scPqq0ZDP9Zyl04oQ==",
      "engines": {
        "node": ">= 10.0.0"
      }
    }
  },
  "dependencies": {
    "commander": {
      "version": "6.2.1",
      "resolved": "https://registry.npmjs.org/commander/-/commander-6.2.1.tgz",
      "integrity": "sha512-U7VdrJFnJgo4xjrHpTzu0yrHPGImdsmD95ZlgYSEajAn2JKzDhDTPG9kBTefmObL2w/ngeZnilk+OV9CG3d7UA=="
    },
    "cspell-trie-lib": {
      "version": "4.2.8",
      "resolved": "https://registry.npmjs.org/cspell-trie-lib/-/cspell-trie-lib-4.2.8.tgz",
      "integrity": "sha512-Nt3c0gxOYXIc3/yhALDukpje1BgR6guvlUKWQO2zb0r7qRWpwUw2j2YM4dWbHQeH/3Hx5ei4Braa6cMaiJ5YBw==",
      "requires": {
        "gensequence": "^3.1.1"
      }
    },
    "fs-extra": {
      "version": "10.0.0",
      "resolved": "https://registry.npmjs.org/fs-extra/-/fs-extra-10.0.0.tgz",
      "integrity": "sha512-C5owb14u9eJwizKGdchcDUQeFtlSHHthBk8pbX9Vc1PFZrLombudjDnNns88aYslCyF6IY5SUw3Roz6xShcEIQ==",
      "requires": {
        "graceful-fs": "^4.2.0",
        "jsonfile": "^6.0.1",
        "universalify": "^2.0.0"
      }
    },
    "gensequence": {
      "version": "3.1.1",
      "resolved": "https://registry.npmjs.org/gensequence/-/gensequence-3.1.1.tgz",
      "integrity": "sha512-ys3h0hiteRwmY6BsvSttPmkhC0vEQHPJduANBRtH/dlDPZ0UBIb/dXy80IcckXyuQ6LKg+PloRqvGER9IS7F7g=="
    },
    "graceful-fs": {
      "version": "4.2.9",
      "resolved": "https://registry.npmjs.org/graceful-fs/-/graceful-fs-4.2.9.tgz",
      "integrity": "sha512-NtNxqUcXgpW2iMrfqSfR73Glt39K+BLwWsPs94yR63v45T0Wbej7eRmL5cWfwEgqXnmjQp3zaJTshdRW/qC2ZQ=="
    },
    "iterable-to-stream": {
      "version": "2.0.0",
      "resolved": "https://registry.npmjs.org/iterable-to-stream/-/iterable-to-stream-2.0.0.tgz",
      "integrity": "sha512-efkLePxXjJk92hvN+2rS3tGJTRn8/tqXjmZvPI6LQ29xCj2sUF4zW8hkMsVe3jpTkxtMZ89xsKnz9FaRqNWM6g=="
    },
    "jsonfile": {
      "version": "6.1.0",
      "resolved": "https://registry.npmjs.org/jsonfile/-/jsonfile-6.1.0.tgz",
      "integrity": "sha512-5dgndWOriYSm5cnYaJNhalLNDKOqFwyDB/rr1E9ZsGciGvKPs8R2xYGCacuf3z6K1YKDz182fd+fY3cn3pMqXQ==",
      "requires": {
        "graceful-fs": "^4.1.6",
        "universalify": "^2.0.0"
      }
    },
    "universalify": {
      "version": "2.0.0",
      "resolved": "https://registry.npmjs.org/universalify/-/universalify-2.0.0.tgz",
      "integrity": "sha512-hAZsKq7Yy11Zu1DE0OzWjw7nnLZmJZYTDZZyEFHZdUhV8FkH5MCfoU1XMaxXovpyW5nq5scPqq0ZDP9Zyl04oQ=="
    }
  }
}
