{
	"name": "cspell-trie-lib",
	"version": "5.0.1-alpha.1",
	"lockfileVersion": 1,
	"requires": true,
	"dependencies": {
		"gensequence": {
			"version": "3.1.1",
			"resolved": "https://registry.npmjs.org/gensequence/-/gensequence-3.1.1.tgz",
			"integrity": "sha512-ys3h0hiteRwmY6BsvSttPmkhC0vEQHPJduANBRtH/dlDPZ0UBIb/dXy80IcckXyuQ6LKg+PloRqvGER9IS7F7g=="
		}
	}
}
