{
  "name": "cspell-trie-lib",
  "version": "4.0.8",
  "lockfileVersion": 1,
  "requires": true,
  "dependencies": {
    "@types/jest": {
      "version": "24.0.13",
      "resolved": "https://registry.npmjs.org/@types/jest/-/jest-24.0.13.tgz",
      "integrity": "sha512-3m6RPnO35r7Dg+uMLj1+xfZaOgIHHHut61djNjzwExXN4/Pm9has9C6I1KMYSfz7mahDhWUOVg4HW/nZdv5Pww==",
      "dev": true,
      "requires": {
        "@types/jest-diff": "*"
      }
    },
    "@types/jest-diff": {
      "version": "20.0.1",
      "resolved": "https://registry.npmjs.org/@types/jest-diff/-/jest-diff-20.0.1.tgz",
      "integrity": "sha512-yALhelO3i0hqZwhjtcr6dYyaLoCHbAMshwtj6cGxTvHZAKXHsYGdff6E8EPw3xLKY0ELUTQ69Q1rQiJENnccMA==",
      "dev": true
    },
    "gensequence": {
      "version": "2.1.2",
      "resolved": "https://registry.npmjs.org/gensequence/-/gensequence-2.1.2.tgz",
      "integrity": "sha512-TH0HcxnR7gpvpdMbiQ7+mL10Vf+9zekenuaSmUl7dHWzzeiiaCelk3Xv3V2ebrsVMLfi1KJ8Q0CpGthaxiM9zQ=="
    },
    "js-xxhash": {
      "version": "1.0.1",
      "resolved": "https://registry.npmjs.org/js-xxhash/-/js-xxhash-1.0.1.tgz",
      "integrity": "sha512-ociwKjHkCPjqNMmZtD7uUoL+AVhcSZX3WPmirRwXg+PzKD0v5x9K2yLpvkSglbThvbGN/TVA+3XFjPVolQwDpQ=="
    }
  }
}
