{
  "name": "cspell-trie-lib",
  "version": "4.1.2",
  "lockfileVersion": 1,
  "requires": true,
  "dependencies": {
    "gensequence": {
      "version": "3.0.1",
      "resolved": "https://registry.npmjs.org/gensequence/-/gensequence-3.0.1.tgz",
      "integrity": "sha512-7yfgY5sMmsZP74N6eWjX2MPwecbfpYdJS0MmxZz+7iWPV566XunxPlmcNaSXW8BpVsXk36sYQCcEaJxVmFeLnQ=="
    },
    "js-xxhash": {
      "version": "1.0.4",
      "resolved": "https://registry.npmjs.org/js-xxhash/-/js-xxhash-1.0.4.tgz",
      "integrity": "sha512-S/6Oo7ruxx5k8m4qlMnbpwQdJjRsvvfcIhIk1dA9c5y5GNhYHKYKu9krEK3QgBax6CxJuf4gRL2opgLkdzWIKg=="
    }
  }
}
