# This file is generated by running "yarn install" inside your project.
# Manual changes might be lost - proceed with caution!

__metadata:
  version: 10
  cacheKey: 10

"@cspell/cspell-types@npm:^10.3.0":
  version: 10.3.0
  resolution: "@cspell/cspell-types@npm:10.3.0"
  checksum: 10/93c71ee54b13c07ee66bb82c6f85388f3e066f7199513df495ae48a6a2d61b2b9eba75b45c62f1aeab681d628c1d0855f1023282d238acb7828b26b439ad9b1b
  languageName: node
  linkType: hard

"@cspell/dict-medicalterms@npm:^4.1.8":
  version: 4.1.8
  resolution: "@cspell/dict-medicalterms@npm:4.1.8"
  checksum: 10/b38a4f83e1172188f0548b77476d887254d0689c9847c2822497e959ee421a90c7cdee9d27ba5a74db3586b6d740ffb50c3e559e8b780e4918f95960e056cec1
  languageName: node
  linkType: hard

"test-yarn-med@workspace:.":
  version: 0.0.0-use.local
  resolution: "test-yarn-med@workspace:."
  dependencies:
    "@cspell/cspell-types": "npm:^10.3.0"
    "@cspell/dict-medicalterms": "npm:^4.1.8"
  languageName: unknown
  linkType: soft
