# This file is generated by running "yarn install" inside your project.
# Manual changes might be lost - proceed with caution!

__metadata:
  version: 10
  cacheKey: 10

"@cspell/cspell-types@npm:^10.3.6":
  version: 10.3.6
  resolution: "@cspell/cspell-types@npm:10.3.6"
  checksum: 10/6720700de68d45b43cc590e17ed7e83d12fd5af1847ae49f297a597b2625614dd0d3946a63ca4b8af4928be9af779f37f04293ab81276341d9146225fe267cbb
  languageName: node
  linkType: hard

"@cspell/dict-medicalterms@npm:^4.1.8":
  version: 4.1.8
  resolution: "@cspell/dict-medicalterms@npm:4.1.8"
  checksum: 10/b38a4f83e1172188f0548b77476d887254d0689c9847c2822497e959ee421a90c7cdee9d27ba5a74db3586b6d740ffb50c3e559e8b780e4918f95960e056cec1
  languageName: node
  linkType: hard

"test-yarn-med@workspace:.":
  version: 0.0.0-use.local
  resolution: "test-yarn-med@workspace:."
  dependencies:
    "@cspell/cspell-types": "npm:^10.3.6"
    "@cspell/dict-medicalterms": "npm:^4.1.8"
  languageName: unknown
  linkType: soft
