# This file is generated by running "yarn install" inside your project.
# Manual changes might be lost - proceed with caution!

__metadata:
  version: 8
  cacheKey: 10

"@cspell/cspell-types@npm:^8.15.7":
  version: 8.15.7
  resolution: "@cspell/cspell-types@npm:8.15.7"
  checksum: 10/b2dc7758aabf53c98c756a4ccf1130fd2a43e61799eb74e34ec8e86901c9dc297d9f18bd9de7d18a1836abf69a7f4b3ca029953cd0072bf35145f40e38949b30
  languageName: node
  linkType: hard

"@cspell/dict-medicalterms@npm:^4.1.5":
  version: 4.1.5
  resolution: "@cspell/dict-medicalterms@npm:4.1.5"
  checksum: 10/2079230e4b503bf3038574f8680aa9815dc4568ef64673649f47c0fa43a2939f2a7c1831514977d379aa746c8098be59cb2804bd81d29bc717a8c8a9d4d2190c
  languageName: node
  linkType: hard

"test-yarn-med@workspace:.":
  version: 0.0.0-use.local
  resolution: "test-yarn-med@workspace:."
  dependencies:
    "@cspell/cspell-types": "npm:^8.15.7"
    "@cspell/dict-medicalterms": "npm:^4.1.5"
  languageName: unknown
  linkType: soft
