{
  "name": "cspell-lib",
  "version": "4.3.7",
  "lockfileVersion": 1,
  "requires": true,
  "dependencies": {
    "array-timsort": {
      "version": "1.0.3",
      "resolved": "https://registry.npmjs.org/array-timsort/-/array-timsort-1.0.3.tgz",
      "integrity": "sha512-/+3GRL7dDAGEfM6TseQk/U+mi18TU2Ms9I3UlLdUMhz2hbvGNTKdj9xniwXfUqgYhHxRx0+8UnKkvlNwVU+cWQ=="
    },
    "at-least-node": {
      "version": "1.0.0",
      "resolved": "https://registry.npmjs.org/at-least-node/-/at-least-node-1.0.0.tgz",
      "integrity": "sha512-+q/t7Ekv1EDY2l6Gda6LLiX14rU9TV20Wa3ofeQmwPFZbOMo9DXrLbOjFaaclkXKWidIaopwAObQDqwWtGUjqg=="
    },
    "balanced-match": {
      "version": "1.0.0",
      "resolved": "https://registry.npmjs.org/balanced-match/-/balanced-match-1.0.0.tgz",
      "integrity": "sha1-ibTRmasr7kneFk6gK4nORi1xt2c="
    },
    "brace-expansion": {
      "version": "1.1.11",
      "resolved": "https://registry.npmjs.org/brace-expansion/-/brace-expansion-1.1.11.tgz",
      "integrity": "sha512-iCuPHDFgrHX7H2vEI/5xpz07zSHB00TpugqhmYtVmMO6518mCuRMoOYFldEBl0g187ufozdaHgWKcYFb61qGiA==",
      "requires": {
        "balanced-match": "^1.0.0",
        "concat-map": "0.0.1"
      }
    },
    "commander": {
      "version": "6.2.0",
      "resolved": "https://registry.npmjs.org/commander/-/commander-6.2.0.tgz",
      "integrity": "sha512-zP4jEKbe8SHzKJYQmq8Y9gYjtO/POJLgIdKgV7B9qNmABVFVc+ctqSX6iXh4mCpJfRBOabiZ2YKPg8ciDw6C+Q==",
      "dev": true
    },
    "comment-json": {
      "version": "4.1.0",
      "resolved": "https://registry.npmjs.org/comment-json/-/comment-json-4.1.0.tgz",
      "integrity": "sha512-WEghmVYaNq9NlWbrkzQTSsya9ycLyxJxpTQfZEan6a5Jomnjw18zS3Podf8q1Zf9BvonvQd/+Z7Z39L7KKzzdQ==",
      "requires": {
        "array-timsort": "^1.0.3",
        "core-util-is": "^1.0.2",
        "esprima": "^4.0.1",
        "has-own-prop": "^2.0.0",
        "repeat-string": "^1.6.1"
      }
    },
    "concat-map": {
      "version": "0.0.1",
      "resolved": "https://registry.npmjs.org/concat-map/-/concat-map-0.0.1.tgz",
      "integrity": "sha1-2Klr13/Wjfd5OnMDajug1UBdR3s="
    },
    "configstore": {
      "version": "5.0.1",
      "resolved": "https://registry.npmjs.org/configstore/-/configstore-5.0.1.tgz",
      "integrity": "sha512-aMKprgk5YhBNyH25hj8wGt2+D52Sw1DRRIzqBwLp2Ya9mFmY8KPvvtvmna8SxVR9JMZ4kzMD68N22vlaRpkeFA==",
      "requires": {
        "dot-prop": "^5.2.0",
        "graceful-fs": "^4.1.2",
        "make-dir": "^3.0.0",
        "unique-string": "^2.0.0",
        "write-file-atomic": "^3.0.0",
        "xdg-basedir": "^4.0.0"
      }
    },
    "core-util-is": {
      "version": "1.0.2",
      "resolved": "https://registry.npmjs.org/core-util-is/-/core-util-is-1.0.2.tgz",
      "integrity": "sha1-tf1UIgqivFq1eqtxQMlAdUUDwac="
    },
    "crypto-random-string": {
      "version": "2.0.0",
      "resolved": "https://registry.npmjs.org/crypto-random-string/-/crypto-random-string-2.0.0.tgz",
      "integrity": "sha512-v1plID3y9r/lPhviJ1wrXpLeyUIGAZ2SHNYTEapm7/8A9nLPoyvVp3RK/EPFqn5kEznyWgYZNsRtYYIWbuG8KA=="
    },
    "cspell-dict-aws": {
      "version": "1.0.12",
      "resolved": "https://registry.npmjs.org/cspell-dict-aws/-/cspell-dict-aws-1.0.12.tgz",
      "integrity": "sha512-kAe+VnSucsrpcFKVV0oTU8P25NtefpGy8fYEFvjnqk8A2CVFlD5pK4mNkD6ztTrArxWz3orvDUlWw+ndw4itFw==",
      "requires": {
        "configstore": "^5.0.1"
      }
    },
    "cspell-dict-bash": {
      "version": "1.0.10",
      "resolved": "https://registry.npmjs.org/cspell-dict-bash/-/cspell-dict-bash-1.0.10.tgz",
      "integrity": "sha512-uPjdXyb+YBMwg3r+l0ZuB3R83OSu5WJ2MbuoK+ImxngNiXxUicDPG96S1H1eEN9IY62c1OiX6nbzRzxAoS4amQ==",
      "requires": {
        "configstore": "^5.0.1"
      }
    },
    "cspell-dict-companies": {
      "version": "1.0.34",
      "resolved": "https://registry.npmjs.org/cspell-dict-companies/-/cspell-dict-companies-1.0.34.tgz",
      "integrity": "sha512-SxFE+a4TJheuO1QdCf2oqIlL+KWzbQqs7ibHdtLlZ+TR/0lO29ghlrlXpknj/wGzz39AqKvGkdOLSiz3kF4uDg==",
      "requires": {
        "configstore": "^5.0.1"
      }
    },
    "cspell-dict-cpp": {
      "version": "1.1.36",
      "resolved": "https://registry.npmjs.org/cspell-dict-cpp/-/cspell-dict-cpp-1.1.36.tgz",
      "integrity": "sha512-FrQk2XScnY/KTmY5Q7ivsjhm/DZDetMp1zVWPPAzAk6WARWGDWMj3XU/cTT7ByoLnJBL7eb2q6hm0i5IOo24Ag==",
      "requires": {
        "configstore": "^5.0.1"
      }
    },
    "cspell-dict-cryptocurrencies": {
      "version": "1.0.9",
      "resolved": "https://registry.npmjs.org/cspell-dict-cryptocurrencies/-/cspell-dict-cryptocurrencies-1.0.9.tgz",
      "integrity": "sha512-UTuBMu4M8NHCmagF+aHFNnoogCJ8yC4ZlniAlCGZ/n1mua3vCoAXmnaBrs2uZiEZOErSvWTjb5PVmIBifYx7mQ==",
      "requires": {
        "configstore": "^5.0.0"
      }
    },
    "cspell-dict-csharp": {
      "version": "1.0.9",
      "resolved": "https://registry.npmjs.org/cspell-dict-csharp/-/cspell-dict-csharp-1.0.9.tgz",
      "integrity": "sha512-EZZyzvPpAcNsEYGVpKHECAgksCDOG5lTVrA36hXYACRhL/8MsvoAF+Es2bxbwd0GCWgVNuNbdutkC41BEN0s5Q==",
      "requires": {
        "configstore": "^5.0.0"
      }
    },
    "cspell-dict-css": {
      "version": "1.0.9",
      "resolved": "https://registry.npmjs.org/cspell-dict-css/-/cspell-dict-css-1.0.9.tgz",
      "integrity": "sha512-RQPgZ97Sr2B8NIQ8Tf/sqMeAzfTsAMXFwLcqr0/J0/tpm0D1eelKR+8hiW+R/Xl86R7w2DgqTQXoEMi8cpLGJg==",
      "requires": {
        "configstore": "^5.0.0"
      }
    },
    "cspell-dict-django": {
      "version": "1.0.24",
      "resolved": "https://registry.npmjs.org/cspell-dict-django/-/cspell-dict-django-1.0.24.tgz",
      "integrity": "sha512-6WkK2maLFBGB1YTv7Q8GAuAHA/gulOu5xbc/pr5o4XQaJ62AbY6GFIuCuVK3VREPHboRT9P9DUGQAbsYXZg1bg==",
      "requires": {
        "configstore": "^5.0.1"
      }
    },
    "cspell-dict-dotnet": {
      "version": "1.0.23",
      "resolved": "https://registry.npmjs.org/cspell-dict-dotnet/-/cspell-dict-dotnet-1.0.23.tgz",
      "integrity": "sha512-+p6xxzCEdIpYc8ifWsoJYqy445pr+tsW7YOhxtXzMWXswXMtR3dKN5TOEG6P7FRs0y8JeA38/iCq1B4INYvv/Q==",
      "requires": {
        "configstore": "^5.0.1"
      }
    },
    "cspell-dict-elixir": {
      "version": "1.0.22",
      "resolved": "https://registry.npmjs.org/cspell-dict-elixir/-/cspell-dict-elixir-1.0.22.tgz",
      "integrity": "sha512-iZiyO+h5+S4+hzi7UiegDABhUWNlmASaPplqf250kInAXxK/Ji/RZ5Ru/KNd8RdkTLoUEZoTFsfBuxAw1P5Ugw==",
      "requires": {
        "configstore": "^5.0.1"
      }
    },
    "cspell-dict-en-gb": {
      "version": "1.1.27",
      "resolved": "https://registry.npmjs.org/cspell-dict-en-gb/-/cspell-dict-en-gb-1.1.27.tgz",
      "integrity": "sha512-AftBECTbkxAkqhFmKz9nxf/WUZpYbcWWAx3ULAMydp6Zl/YFP0hMl++J54WVmONfADi3+QVjvp1PwfRsXnml9A==",
      "requires": {
        "configstore": "^5.0.1"
      }
    },
    "cspell-dict-en_us": {
      "version": "1.2.37",
      "resolved": "https://registry.npmjs.org/cspell-dict-en_us/-/cspell-dict-en_us-1.2.37.tgz",
      "integrity": "sha512-sTSayWhfTKhNwaqN7I01UtswrWb2BPTJ1FjHDqTSqfuJqJ+Y8RrvNnUFot2bkh2Rttipt+qFUFcYzO1Q8XjN2w==",
      "requires": {
        "configstore": "^5.0.1"
      }
    },
    "cspell-dict-filetypes": {
      "version": "1.1.4",
      "resolved": "https://registry.npmjs.org/cspell-dict-filetypes/-/cspell-dict-filetypes-1.1.4.tgz",
      "integrity": "sha512-bx+COWITPEYYFSoMz69Epe495Or/K5coJwYf7iQPWK7YIiPHxnJKnXAQLjmKLXPw3axXPaKsiGiEQ4P26kjDYQ==",
      "requires": {
        "configstore": "^5.0.0"
      }
    },
    "cspell-dict-fonts": {
      "version": "1.0.12",
      "resolved": "https://registry.npmjs.org/cspell-dict-fonts/-/cspell-dict-fonts-1.0.12.tgz",
      "integrity": "sha512-3af5iT5LgSmMNLStfiWTjKO1p5LQgaZIqXlG8Mjq6z7pcPWOiUbXfeJXiYrbAzC8e94wwFufRiYsNwXEx7yi3g==",
      "requires": {
        "configstore": "^5.0.1"
      }
    },
    "cspell-dict-fullstack": {
      "version": "1.0.35",
      "resolved": "https://registry.npmjs.org/cspell-dict-fullstack/-/cspell-dict-fullstack-1.0.35.tgz",
      "integrity": "sha512-b8j2fXfDYs5VHuHjM3vulA/yduQMUjGWL7SK6lmdzndJavAfi5d4+Zn8nS/eeiHD61zI0xUyliYnyC0c5/2d1w==",
      "requires": {
        "configstore": "^5.0.1"
      }
    },
    "cspell-dict-golang": {
      "version": "1.1.23",
      "resolved": "https://registry.npmjs.org/cspell-dict-golang/-/cspell-dict-golang-1.1.23.tgz",
      "integrity": "sha512-4tT55V7duKYEpSlIo6U4ExCgR2pXnYh5RVfsyzWkzvfF4Ka10DOd+5tR+HL6fr6WehdDa2p4wvybg4wS0nOzUQ==",
      "requires": {
        "configstore": "^5.0.1"
      }
    },
    "cspell-dict-haskell": {
      "version": "1.0.11",
      "resolved": "https://registry.npmjs.org/cspell-dict-haskell/-/cspell-dict-haskell-1.0.11.tgz",
      "integrity": "sha512-aV0zSgcv4BfZ5P2NTnduX8PRlLe55LzSMfqfNxm5gatFZAp06j+OW2Le/ngpPRRC0LkMngxTZDPWsRNQNYKj1w==",
      "requires": {
        "configstore": "^5.0.1"
      }
    },
    "cspell-dict-html": {
      "version": "1.1.4",
      "resolved": "https://registry.npmjs.org/cspell-dict-html/-/cspell-dict-html-1.1.4.tgz",
      "integrity": "sha512-0G6uv35pU4rBZM4nB3wG6mzTMJYpulTr6DibGIAjO4rv/wW+hR3WWS4IuZo0SJBhH16BUALWKh4HCi6TQlUEdQ==",
      "requires": {
        "configstore": "^5.0.0"
      }
    },
    "cspell-dict-html-symbol-entities": {
      "version": "1.0.22",
      "resolved": "https://registry.npmjs.org/cspell-dict-html-symbol-entities/-/cspell-dict-html-symbol-entities-1.0.22.tgz",
      "integrity": "sha512-YSq3fOTaF4+54PqvBIvCbeuY43VrVWYu70PzSyvqcJqcIrK0eZywzkPjU4PYbyq6HrzSzNnH2MZmlFd64tnJnw==",
      "requires": {
        "configstore": "^5.0.1"
      }
    },
    "cspell-dict-java": {
      "version": "1.0.21",
      "resolved": "https://registry.npmjs.org/cspell-dict-java/-/cspell-dict-java-1.0.21.tgz",
      "integrity": "sha512-YrzUrvY9nHGQdoJ5BGToUydtyXSJYGSacPmI3N1KZsYFoaP5tKHmeCSUaONucZQCd7CkgsEjNXQz0g0MlYI91w==",
      "requires": {
        "configstore": "^5.0.1"
      }
    },
    "cspell-dict-latex": {
      "version": "1.0.22",
      "resolved": "https://registry.npmjs.org/cspell-dict-latex/-/cspell-dict-latex-1.0.22.tgz",
      "integrity": "sha512-dyPotbmlBN8roXQKZaoKJInDeATlVB8eSxwdDZsX0tMgccD2DZJCWh//P/nS01NzpSpDYDi96bTjHhyVTInN5w==",
      "requires": {
        "configstore": "^5.0.1"
      }
    },
    "cspell-dict-lorem-ipsum": {
      "version": "1.0.21",
      "resolved": "https://registry.npmjs.org/cspell-dict-lorem-ipsum/-/cspell-dict-lorem-ipsum-1.0.21.tgz",
      "integrity": "sha512-zu7grVZraIv7S3cQhEwfCg4fnzGQ8nT1BaVVu/x1nIl+/PYOnojWBFb/8R5cx5DnUvi3Z4e1b/UzA6vO0yVaXQ==",
      "requires": {
        "configstore": "^5.0.1"
      }
    },
    "cspell-dict-lua": {
      "version": "1.0.15",
      "resolved": "https://registry.npmjs.org/cspell-dict-lua/-/cspell-dict-lua-1.0.15.tgz",
      "integrity": "sha512-jP91ieNofTMHw/ZbLXC0MgdOLf7HV28rs+A8drgXtgZ7V7IZ+LB9xcXuGs43I/Gm8VjToDJYV3ak+vv7KpSBwQ==",
      "requires": {
        "configstore": "^5.0.1"
      }
    },
    "cspell-dict-node": {
      "version": "1.0.8",
      "resolved": "https://registry.npmjs.org/cspell-dict-node/-/cspell-dict-node-1.0.8.tgz",
      "integrity": "sha512-7bLoIRrAMYpkHu3Ea//2eAPN6hg2/CoyCbxsV0o7lSCADKoQU2ywo4sWv3/zl3720jyoE/yvAiOZueaJ5cV0bA==",
      "requires": {
        "configstore": "^5.0.0"
      }
    },
    "cspell-dict-npm": {
      "version": "1.0.9",
      "resolved": "https://registry.npmjs.org/cspell-dict-npm/-/cspell-dict-npm-1.0.9.tgz",
      "integrity": "sha512-0KqNjm6MRx1JmGe51OTDA826nhafcGvUdB3Kxr6fD3EpshD+i++HWB521ulzCZgu9ZPlcYYYjQn+YUf8RRdEWQ==",
      "requires": {
        "configstore": "^5.0.0"
      }
    },
    "cspell-dict-php": {
      "version": "1.0.22",
      "resolved": "https://registry.npmjs.org/cspell-dict-php/-/cspell-dict-php-1.0.22.tgz",
      "integrity": "sha512-QCEsYS8+Jl6zL8HCM3IlgNnTAZJ9DIXzwsl1LP8dYNgYsMbUh3ip6Y5/12yqf6YOO+MbA5TSvCbCkg2tWpd6Tg==",
      "requires": {
        "configstore": "^5.0.1"
      }
    },
    "cspell-dict-powershell": {
      "version": "1.0.13",
      "resolved": "https://registry.npmjs.org/cspell-dict-powershell/-/cspell-dict-powershell-1.0.13.tgz",
      "integrity": "sha512-7q1Y0nhzieYmR8Ts+NJgkL5+0hDwlagm618IFDwz31eqzfr3sFJSuancxV2nvIEof0DFoYwCBynw/dmc/b9szg==",
      "requires": {
        "configstore": "^5.0.1"
      }
    },
    "cspell-dict-python": {
      "version": "1.0.30",
      "resolved": "https://registry.npmjs.org/cspell-dict-python/-/cspell-dict-python-1.0.30.tgz",
      "integrity": "sha512-1fKsbDmd5xVplcPFk8lV2J2H72ikyhq4lSIytl25ZmApn1ZbX0Xuio8W2eVKOJC9F4RXPsObWDK/+Svgsm9SCg==",
      "requires": {
        "configstore": "^5.0.1"
      }
    },
    "cspell-dict-ruby": {
      "version": "1.0.11",
      "resolved": "https://registry.npmjs.org/cspell-dict-ruby/-/cspell-dict-ruby-1.0.11.tgz",
      "integrity": "sha512-g8btqTC17NjFuPiYUoEMZ/FuQhk1G1z/RZbqAUYpzc7GgwQOMKA6k28uxLm4A1zm8+h/qdk8KREODgWOlKxSRg==",
      "requires": {
        "configstore": "^5.0.1"
      }
    },
    "cspell-dict-rust": {
      "version": "1.0.21",
      "resolved": "https://registry.npmjs.org/cspell-dict-rust/-/cspell-dict-rust-1.0.21.tgz",
      "integrity": "sha512-tAwnTYoqEgmhwaJpriyjm84/YvBBp/pdOCZVNDmntT5fbOtR7wEmXRv9VFnEs/Lui5nycbkJpk8pbimhbawzPg==",
      "requires": {
        "configstore": "^5.0.1"
      }
    },
    "cspell-dict-scala": {
      "version": "1.0.20",
      "resolved": "https://registry.npmjs.org/cspell-dict-scala/-/cspell-dict-scala-1.0.20.tgz",
      "integrity": "sha512-j0/IpCIyjUpBcZRGiiU2+2i8emv/v0Q1fv+KGT0Ig8rNQAeZfBtJ7NrrSpy1ooDQk61I5maNJSr9w4/Yl4nssA==",
      "requires": {
        "configstore": "^5.0.1"
      }
    },
    "cspell-dict-software-terms": {
      "version": "1.0.22",
      "resolved": "https://registry.npmjs.org/cspell-dict-software-terms/-/cspell-dict-software-terms-1.0.22.tgz",
      "integrity": "sha512-dEaq4k8aSJwjTze/dYquOmlrBpFyIiaFpFYDBIn3i4syTGCFDB4z6LLvfUB4IGbk1j1dkkuL6+glPDqHLGo03A==",
      "requires": {
        "configstore": "^5.0.1"
      }
    },
    "cspell-dict-typescript": {
      "version": "1.0.15",
      "resolved": "https://registry.npmjs.org/cspell-dict-typescript/-/cspell-dict-typescript-1.0.15.tgz",
      "integrity": "sha512-26GRbsSZNmvmSzBISEg8s6d7WFOH79rhZMpCzKmbzZ5IML6/213eXY1PSweiQ4/AAwexs+L0H4zRoUtO6ZuGyQ==",
      "requires": {
        "configstore": "^5.0.1"
      }
    },
    "cspell-io": {
      "version": "4.1.6",
      "resolved": "https://registry.npmjs.org/cspell-io/-/cspell-io-4.1.6.tgz",
      "integrity": "sha512-S8Fk1uBrZGt9vcztKQkMIi2qpGT1R0eqTZ+5v5++nZDkryKkix8iTkNldH7cxIvqTQU9Tr7afFI/0RXSEEn8Eg==",
      "requires": {
        "iconv-lite": "^0.6.2",
        "iterable-to-stream": "^1.0.1"
      }
    },
    "cspell-tools": {
      "version": "4.2.8",
      "resolved": "https://registry.npmjs.org/cspell-tools/-/cspell-tools-4.2.8.tgz",
      "integrity": "sha512-fMYh8Fziv7uSO9KDNHdjhB1f/ZwFtS5FB+hk6VWzW+H8Cv2ZTqZ3N05Gc+n6miJ1QJxt5HqJ+wRU00KznZmUfQ==",
      "dev": true,
      "requires": {
        "commander": "^6.2.0",
        "cspell-io": "^4.1.6",
        "cspell-trie-lib": "^4.2.6",
        "cspell-util-bundle": "^4.1.8",
        "fs-extra": "^9.0.1",
        "gensequence": "^3.1.1",
        "glob": "^7.1.6",
        "hunspell-reader": "^3.2.0",
        "iconv-lite": "^0.4.24",
        "minimatch": "^3.0.4"
      },
      "dependencies": {
        "iconv-lite": {
          "version": "0.4.24",
          "resolved": "https://registry.npmjs.org/iconv-lite/-/iconv-lite-0.4.24.tgz",
          "integrity": "sha512-v3MXnZAcvnywkTUEZomIActle7RXXeedOR31wwl7VlyoXO4Qi9arvSenNQWne1TcRwhCL1HwLI21bEqdpj8/rA==",
          "dev": true,
          "requires": {
            "safer-buffer": ">= 2.1.2 < 3"
          }
        }
      }
    },
    "cspell-trie-lib": {
      "version": "4.2.6",
      "resolved": "https://registry.npmjs.org/cspell-trie-lib/-/cspell-trie-lib-4.2.6.tgz",
      "integrity": "sha512-glf6Yk1PxRxTFpQIkBk5G4ljpGUBzJORJe1yFHuiZ29mY5gHL0D7+i5rULa2dFU/5WJ24SFojHUXd1fLCBjUOQ==",
      "requires": {
        "gensequence": "^3.1.1"
      }
    },
    "cspell-util-bundle": {
      "version": "4.1.8",
      "resolved": "https://registry.npmjs.org/cspell-util-bundle/-/cspell-util-bundle-4.1.8.tgz",
      "integrity": "sha512-Cm9fG7dsdveKEtWAN8TgljhW8OU7OQX4vX3ZFg6o9FQfo6rNoX8nwyxXRq60YjbKNBf1d6/ZSozsqS4vq2uLzQ=="
    },
    "dot-prop": {
      "version": "5.3.0",
      "resolved": "https://registry.npmjs.org/dot-prop/-/dot-prop-5.3.0.tgz",
      "integrity": "sha512-QM8q3zDe58hqUqjraQOmzZ1LIH9SWQJTlEKCH4kJ2oQvLZk7RbQXvtDM2XEq3fwkV9CCvvH4LA0AV+ogFsBM2Q==",
      "requires": {
        "is-obj": "^2.0.0"
      }
    },
    "esprima": {
      "version": "4.0.1",
      "resolved": "https://registry.npmjs.org/esprima/-/esprima-4.0.1.tgz",
      "integrity": "sha512-eGuFFw7Upda+g4p+QHvnW0RyTX/SVeJBDM/gCtMARO0cLuT2HcEKnTPvhjV6aGeqrCB/sbNop0Kszm0jsaWU4A=="
    },
    "fs-extra": {
      "version": "9.0.1",
      "resolved": "https://registry.npmjs.org/fs-extra/-/fs-extra-9.0.1.tgz",
      "integrity": "sha512-h2iAoN838FqAFJY2/qVpzFXy+EBxfVE220PalAqQLDVsFOHLJrZvut5puAbCdNv6WJk+B8ihI+k0c7JK5erwqQ==",
      "requires": {
        "at-least-node": "^1.0.0",
        "graceful-fs": "^4.2.0",
        "jsonfile": "^6.0.1",
        "universalify": "^1.0.0"
      }
    },
    "fs.realpath": {
      "version": "1.0.0",
      "resolved": "https://registry.npmjs.org/fs.realpath/-/fs.realpath-1.0.0.tgz",
      "integrity": "sha1-FQStJSMVjKpA20onh8sBQRmU6k8=",
      "dev": true
    },
    "gensequence": {
      "version": "3.1.1",
      "resolved": "https://registry.npmjs.org/gensequence/-/gensequence-3.1.1.tgz",
      "integrity": "sha512-ys3h0hiteRwmY6BsvSttPmkhC0vEQHPJduANBRtH/dlDPZ0UBIb/dXy80IcckXyuQ6LKg+PloRqvGER9IS7F7g=="
    },
    "glob": {
      "version": "7.1.6",
      "resolved": "https://registry.npmjs.org/glob/-/glob-7.1.6.tgz",
      "integrity": "sha512-LwaxwyZ72Lk7vZINtNNrywX0ZuLyStrdDtabefZKAY5ZGJhVtgdznluResxNmPitE0SAO+O26sWTHeKSI2wMBA==",
      "dev": true,
      "requires": {
        "fs.realpath": "^1.0.0",
        "inflight": "^1.0.4",
        "inherits": "2",
        "minimatch": "^3.0.4",
        "once": "^1.3.0",
        "path-is-absolute": "^1.0.0"
      }
    },
    "global-dirs": {
      "version": "0.1.1",
      "resolved": "https://registry.npmjs.org/global-dirs/-/global-dirs-0.1.1.tgz",
      "integrity": "sha1-sxnA3UYH81PzvpzKTHL8FIxJ9EU=",
      "requires": {
        "ini": "^1.3.4"
      }
    },
    "graceful-fs": {
      "version": "4.2.4",
      "resolved": "https://registry.npmjs.org/graceful-fs/-/graceful-fs-4.2.4.tgz",
      "integrity": "sha512-WjKPNJF79dtJAVniUlGGWHYGz2jWxT6VhN/4m1NdkbZ2nOsEF+cI1Edgql5zCRhs/VsQYRvrXctxktVXZUkixw=="
    },
    "has-own-prop": {
      "version": "2.0.0",
      "resolved": "https://registry.npmjs.org/has-own-prop/-/has-own-prop-2.0.0.tgz",
      "integrity": "sha512-Pq0h+hvsVm6dDEa8x82GnLSYHOzNDt7f0ddFa3FqcQlgzEiptPqL+XrOJNavjOzSYiYWIrgeVYYgGlLmnxwilQ=="
    },
    "hunspell-reader": {
      "version": "3.2.0",
      "resolved": "https://registry.npmjs.org/hunspell-reader/-/hunspell-reader-3.2.0.tgz",
      "integrity": "sha512-hrGosmbPpFNVg5qZmq2zqzE1AORN/mvwP5DfPBoN+/t8iGLOembbdKDHgz4CdrH22hNYeQ3NKUI/PH0xljUPuA==",
      "dev": true,
      "requires": {
        "commander": "^2.20.3",
        "fs-extra": "^8.0.1",
        "gensequence": "^3.0.1",
        "iconv-lite": "^0.5.0"
      },
      "dependencies": {
        "commander": {
          "version": "2.20.3",
          "resolved": "https://registry.npmjs.org/commander/-/commander-2.20.3.tgz",
          "integrity": "sha512-GpVkmM8vF2vQUkj2LvZmD35JxeJOLCwJ9cUkugyk2nuhbv3+mJvpLYYt+0+USMxE+oj+ey/lJEnhZw75x/OMcQ==",
          "dev": true
        },
        "fs-extra": {
          "version": "8.1.0",
          "resolved": "https://registry.npmjs.org/fs-extra/-/fs-extra-8.1.0.tgz",
          "integrity": "sha512-yhlQgA6mnOJUKOsRUFsgJdQCvkKhcz8tlZG5HBQfReYZy46OwLcY+Zia0mtdHsOo9y/hP+CxMN0TU9QxoOtG4g==",
          "dev": true,
          "requires": {
            "graceful-fs": "^4.2.0",
            "jsonfile": "^4.0.0",
            "universalify": "^0.1.0"
          }
        },
        "iconv-lite": {
          "version": "0.5.2",
          "resolved": "https://registry.npmjs.org/iconv-lite/-/iconv-lite-0.5.2.tgz",
          "integrity": "sha512-kERHXvpSaB4aU3eANwidg79K8FlrN77m8G9V+0vOR3HYaRifrlwMEpT7ZBJqLSEIHnEgJTHcWK82wwLwwKwtag==",
          "dev": true,
          "requires": {
            "safer-buffer": ">= 2.1.2 < 3"
          }
        },
        "jsonfile": {
          "version": "4.0.0",
          "resolved": "https://registry.npmjs.org/jsonfile/-/jsonfile-4.0.0.tgz",
          "integrity": "sha1-h3Gq4HmbZAdrdmQPygWPnBDjPss=",
          "dev": true,
          "requires": {
            "graceful-fs": "^4.1.6"
          }
        },
        "universalify": {
          "version": "0.1.2",
          "resolved": "https://registry.npmjs.org/universalify/-/universalify-0.1.2.tgz",
          "integrity": "sha512-rBJeI5CXAlmy1pV+617WB9J63U6XcazHHF2f2dbJix4XzpUF0RS3Zbj0FGIOCAva5P/d/GBOYaACQ1w+0azUkg==",
          "dev": true
        }
      }
    },
    "iconv-lite": {
      "version": "0.6.2",
      "resolved": "https://registry.npmjs.org/iconv-lite/-/iconv-lite-0.6.2.tgz",
      "integrity": "sha512-2y91h5OpQlolefMPmUlivelittSWy0rP+oYVpn6A7GwVHNE8AWzoYOBNmlwks3LobaJxgHCYZAnyNo2GgpNRNQ==",
      "requires": {
        "safer-buffer": ">= 2.1.2 < 3.0.0"
      }
    },
    "imurmurhash": {
      "version": "0.1.4",
      "resolved": "https://registry.npmjs.org/imurmurhash/-/imurmurhash-0.1.4.tgz",
      "integrity": "sha1-khi5srkoojixPcT7a21XbyMUU+o="
    },
    "inflight": {
      "version": "1.0.6",
      "resolved": "https://registry.npmjs.org/inflight/-/inflight-1.0.6.tgz",
      "integrity": "sha1-Sb1jMdfQLQwJvJEKEHW6gWW1bfk=",
      "dev": true,
      "requires": {
        "once": "^1.3.0",
        "wrappy": "1"
      }
    },
    "inherits": {
      "version": "2.0.4",
      "resolved": "https://registry.npmjs.org/inherits/-/inherits-2.0.4.tgz",
      "integrity": "sha512-k/vGaX4/Yla3WzyMCvTQOXYeIHvqOKtnqBduzTHpzpQZzAskKMhZ2K+EnBiSM9zGSoIFeMpXKxa4dYeZIQqewQ==",
      "dev": true
    },
    "ini": {
      "version": "1.3.5",
      "resolved": "https://registry.npmjs.org/ini/-/ini-1.3.5.tgz",
      "integrity": "sha512-RZY5huIKCMRWDUqZlEi72f/lmXKMvuszcMBduliQ3nnWbx9X/ZBQO7DijMEYS9EhHBb2qacRUMtC7svLwe0lcw=="
    },
    "is-obj": {
      "version": "2.0.0",
      "resolved": "https://registry.npmjs.org/is-obj/-/is-obj-2.0.0.tgz",
      "integrity": "sha512-drqDG3cbczxxEJRoOXcOjtdp1J/lyp1mNn0xaznRs8+muBhgQcrnbspox5X5fOw0HnMnbfDzvnEMEtqDEJEo8w=="
    },
    "is-typedarray": {
      "version": "1.0.0",
      "resolved": "https://registry.npmjs.org/is-typedarray/-/is-typedarray-1.0.0.tgz",
      "integrity": "sha1-5HnICFjfDBsR3dppQPlgEfzaSpo="
    },
    "iterable-to-stream": {
      "version": "1.0.1",
      "resolved": "https://registry.npmjs.org/iterable-to-stream/-/iterable-to-stream-1.0.1.tgz",
      "integrity": "sha512-O62gD5ADMUGtJoOoM9U6LQ7i4byPXUNoHJ6mqsmkQJcom331ZJGDApWgDESWyBMEHEJRjtHozgIiTzYo9RU4UA=="
    },
    "jsonfile": {
      "version": "6.1.0",
      "resolved": "https://registry.npmjs.org/jsonfile/-/jsonfile-6.1.0.tgz",
      "integrity": "sha512-5dgndWOriYSm5cnYaJNhalLNDKOqFwyDB/rr1E9ZsGciGvKPs8R2xYGCacuf3z6K1YKDz182fd+fY3cn3pMqXQ==",
      "requires": {
        "graceful-fs": "^4.1.6",
        "universalify": "^2.0.0"
      },
      "dependencies": {
        "universalify": {
          "version": "2.0.0",
          "resolved": "https://registry.npmjs.org/universalify/-/universalify-2.0.0.tgz",
          "integrity": "sha512-hAZsKq7Yy11Zu1DE0OzWjw7nnLZmJZYTDZZyEFHZdUhV8FkH5MCfoU1XMaxXovpyW5nq5scPqq0ZDP9Zyl04oQ=="
        }
      }
    },
    "make-dir": {
      "version": "3.1.0",
      "resolved": "https://registry.npmjs.org/make-dir/-/make-dir-3.1.0.tgz",
      "integrity": "sha512-g3FeP20LNwhALb/6Cz6Dd4F2ngze0jz7tbzrD2wAV+o9FeNHe4rL+yK2md0J/fiSf1sa1ADhXqi5+oVwOM/eGw==",
      "requires": {
        "semver": "^6.0.0"
      }
    },
    "minimatch": {
      "version": "3.0.4",
      "resolved": "https://registry.npmjs.org/minimatch/-/minimatch-3.0.4.tgz",
      "integrity": "sha512-yJHVQEhyqPLUTgt9B83PXu6W3rx4MvvHvSUvToogpwoGDOUQ+yDrR0HRot+yOCdCO7u4hX3pWft6kWBBcqh0UA==",
      "requires": {
        "brace-expansion": "^1.1.7"
      }
    },
    "once": {
      "version": "1.4.0",
      "resolved": "https://registry.npmjs.org/once/-/once-1.4.0.tgz",
      "integrity": "sha1-WDsap3WWHUsROsF9nFC6753Xa9E=",
      "dev": true,
      "requires": {
        "wrappy": "1"
      }
    },
    "path-is-absolute": {
      "version": "1.0.1",
      "resolved": "https://registry.npmjs.org/path-is-absolute/-/path-is-absolute-1.0.1.tgz",
      "integrity": "sha1-F0uSaHNVNP+8es5r9TpanhtcX18=",
      "dev": true
    },
    "repeat-string": {
      "version": "1.6.1",
      "resolved": "https://registry.npmjs.org/repeat-string/-/repeat-string-1.6.1.tgz",
      "integrity": "sha1-jcrkcOHIirwtYA//Sndihtp15jc="
    },
    "resolve-from": {
      "version": "5.0.0",
      "resolved": "https://registry.npmjs.org/resolve-from/-/resolve-from-5.0.0.tgz",
      "integrity": "sha512-qYg9KP24dD5qka9J47d0aVky0N+b4fTU89LN9iDnjB5waksiC49rvMB0PrUJQGoTmH50XPiqOvAjDfaijGxYZw=="
    },
    "resolve-global": {
      "version": "1.0.0",
      "resolved": "https://registry.npmjs.org/resolve-global/-/resolve-global-1.0.0.tgz",
      "integrity": "sha512-zFa12V4OLtT5XUX/Q4VLvTfBf+Ok0SPc1FNGM/z9ctUdiU618qwKpWnd0CHs3+RqROfyEg/DhuHbMWYqcgljEw==",
      "requires": {
        "global-dirs": "^0.1.1"
      }
    },
    "safer-buffer": {
      "version": "2.1.2",
      "resolved": "https://registry.npmjs.org/safer-buffer/-/safer-buffer-2.1.2.tgz",
      "integrity": "sha512-YZo3K82SD7Riyi0E1EQPojLz7kpepnSQI9IyPbHHg1XXXevb5dJI7tpyN2ADxGcQbHG7vcyRHk0cbwqcQriUtg=="
    },
    "semver": {
      "version": "6.3.0",
      "resolved": "https://registry.npmjs.org/semver/-/semver-6.3.0.tgz",
      "integrity": "sha512-b39TBaTSfV6yBrapU89p5fKekE2m/NwnDocOVruQFS1/veMgdzuPcnOM34M6CwxW8jH/lxEa5rBoDeUwu5HHTw=="
    },
    "signal-exit": {
      "version": "3.0.3",
      "resolved": "https://registry.npmjs.org/signal-exit/-/signal-exit-3.0.3.tgz",
      "integrity": "sha512-VUJ49FC8U1OxwZLxIbTTrDvLnf/6TDgxZcK8wxR8zs13xpx7xbG60ndBlhNrFi2EMuFRoeDoJO7wthSLq42EjA=="
    },
    "typedarray-to-buffer": {
      "version": "3.1.5",
      "resolved": "https://registry.npmjs.org/typedarray-to-buffer/-/typedarray-to-buffer-3.1.5.tgz",
      "integrity": "sha512-zdu8XMNEDepKKR+XYOXAVPtWui0ly0NtohUscw+UmaHiAWT8hrV1rr//H6V+0DvJ3OQ19S979M0laLfX8rm82Q==",
      "requires": {
        "is-typedarray": "^1.0.0"
      }
    },
    "unique-string": {
      "version": "2.0.0",
      "resolved": "https://registry.npmjs.org/unique-string/-/unique-string-2.0.0.tgz",
      "integrity": "sha512-uNaeirEPvpZWSgzwsPGtU2zVSTrn/8L5q/IexZmH0eH6SA73CmAA5U4GwORTxQAZs95TAXLNqeLoPPNO5gZfWg==",
      "requires": {
        "crypto-random-string": "^2.0.0"
      }
    },
    "universalify": {
      "version": "1.0.0",
      "resolved": "https://registry.npmjs.org/universalify/-/universalify-1.0.0.tgz",
      "integrity": "sha512-rb6X1W158d7pRQBg5gkR8uPaSfiids68LTJQYOtEUhoJUWBdaQHsuT/EUduxXYxcrt4r5PJ4fuHW1MHT6p0qug=="
    },
    "vscode-uri": {
      "version": "2.1.2",
      "resolved": "https://registry.npmjs.org/vscode-uri/-/vscode-uri-2.1.2.tgz",
      "integrity": "sha512-8TEXQxlldWAuIODdukIb+TR5s+9Ds40eSJrw+1iDDA9IFORPjMELarNQE3myz5XIkWWpdprmJjm1/SxMlWOC8A=="
    },
    "wrappy": {
      "version": "1.0.2",
      "resolved": "https://registry.npmjs.org/wrappy/-/wrappy-1.0.2.tgz",
      "integrity": "sha1-tSQ9jz7BqjXxNkYFvA0QNuMKtp8=",
      "dev": true
    },
    "write-file-atomic": {
      "version": "3.0.3",
      "resolved": "https://registry.npmjs.org/write-file-atomic/-/write-file-atomic-3.0.3.tgz",
      "integrity": "sha512-AvHcyZ5JnSfq3ioSyjrBkH9yW4m7Ayk8/9My/DD9onKeu/94fwrMocemO2QAJFAlnnDN+ZDS+ZjAR5ua1/PV/Q==",
      "requires": {
        "imurmurhash": "^0.1.4",
        "is-typedarray": "^1.0.0",
        "signal-exit": "^3.0.2",
        "typedarray-to-buffer": "^3.1.5"
      }
    },
    "xdg-basedir": {
      "version": "4.0.0",
      "resolved": "https://registry.npmjs.org/xdg-basedir/-/xdg-basedir-4.0.0.tgz",
      "integrity": "sha512-PSNhEJDejZYV7h50BohL09Er9VaIefr2LMAf3OEmpCkjOi34eYyQYAXUTjEQtZJTKcF0E2UKTh+osDLsgNim9Q=="
    }
  }
}
