{
	"name": "cspell-lib",
	"version": "4.0.8",
	"lockfileVersion": 1,
	"requires": true,
	"dependencies": {
		"@babel/runtime-corejs2": {
			"version": "7.4.4",
			"resolved": "https://registry.npmjs.org/@babel/runtime-corejs2/-/runtime-corejs2-7.4.4.tgz",
			"integrity": "sha512-hE7oVwVsRws84u5/nkaWWdN2J4SXEGuXKjrAsP0E4nkYImjSbpdHfGTS2nvFc82aDGIuG6OzhAQMpIzTHuZeKA==",
			"requires": {
				"core-js": "^2.6.5",
				"regenerator-runtime": "^0.13.2"
			}
		},
		"comment-json": {
			"version": "1.1.3",
			"resolved": "https://registry.npmjs.org/comment-json/-/comment-json-1.1.3.tgz",
			"integrity": "sha1-aYbDMw/uDEyeAMI5jNYa+l2PI54=",
			"requires": {
				"json-parser": "^1.0.0"
			}
		},
		"configstore": {
			"version": "4.0.0",
			"resolved": "https://registry.npmjs.org/configstore/-/configstore-4.0.0.tgz",
			"integrity": "sha512-CmquAXFBocrzaSM8mtGPMM/HiWmyIpr4CcJl/rgY2uCObZ/S7cKU0silxslqJejl+t/T9HS8E0PUNQD81JGUEQ==",
			"requires": {
				"dot-prop": "^4.1.0",
				"graceful-fs": "^4.1.2",
				"make-dir": "^1.0.0",
				"unique-string": "^1.0.0",
				"write-file-atomic": "^2.0.0",
				"xdg-basedir": "^3.0.0"
			}
		},
		"core-js": {
			"version": "2.6.5",
			"resolved": "https://registry.npmjs.org/core-js/-/core-js-2.6.5.tgz",
			"integrity": "sha512-klh/kDpwX8hryYL14M9w/xei6vrv6sE8gTHDG7/T/+SEovB/G4ejwcfE/CBzO6Edsu+OETZMZ3wcX/EjUkrl5A=="
		},
		"crypto-random-string": {
			"version": "1.0.0",
			"resolved": "https://registry.npmjs.org/crypto-random-string/-/crypto-random-string-1.0.0.tgz",
			"integrity": "sha1-ojD2T1aDEOFJgAmUB5DsmVRbyn4="
		},
		"cspell-dict-companies": {
			"version": "1.0.9",
			"resolved": "https://registry.npmjs.org/cspell-dict-companies/-/cspell-dict-companies-1.0.9.tgz",
			"integrity": "sha512-DS6AQIZJj0baRhCen+rr1SqInrzTd1wKgy8GI+Ghbr74tjcxsunWRTof01Y/MaGeeYnTY+EmXHw44dvqDqDVQw==",
			"requires": {
				"configstore": "^4.0.0"
			}
		},
		"cspell-dict-cpp": {
			"version": "1.1.18",
			"resolved": "https://registry.npmjs.org/cspell-dict-cpp/-/cspell-dict-cpp-1.1.18.tgz",
			"integrity": "sha512-CjMryhlttkh4d1pn8pAgMf5v5cKmTyLR54aHM9ol+/x5C2+yjUPlS/pe9P4qYKtZoa1MTS0gOzi+tBc6Be32hQ==",
			"requires": {
				"configstore": "^4.0.0"
			}
		},
		"cspell-dict-django": {
			"version": "1.0.11",
			"resolved": "https://registry.npmjs.org/cspell-dict-django/-/cspell-dict-django-1.0.11.tgz",
			"integrity": "sha512-cCVDgYTxHjNGsXOkOXFlIFFYyD/+QKa4P5gjAO+ftVe5YkYLgR/ToIqBjLkeMpd5XLcUp9I2+4qAW4bXUGXvhA==",
			"requires": {
				"configstore": "^4.0.0"
			}
		},
		"cspell-dict-elixir": {
			"version": "1.0.8",
			"resolved": "https://registry.npmjs.org/cspell-dict-elixir/-/cspell-dict-elixir-1.0.8.tgz",
			"integrity": "sha512-JDl6uNL3jrJcgnuw69slyh0jV1wyGuainXVjhXxlEZuROoFo3jYpYR6RN5j2Im4FXwB+8TBQ/Pl83EPqSz4B4A==",
			"requires": {
				"configstore": "^4.0.0"
			}
		},
		"cspell-dict-en-gb": {
			"version": "1.1.10",
			"resolved": "https://registry.npmjs.org/cspell-dict-en-gb/-/cspell-dict-en-gb-1.1.10.tgz",
			"integrity": "sha512-Gx6vcaHBnNzYs9W9LlSjomYq1XCw9+aGVsU+Ayl3oMG5zuJGi3I7G5xPyWcTTkWqb6/z6F5LXnW/vFtkTGE5fg==",
			"requires": {
				"configstore": "^4.0.0"
			}
		},
		"cspell-dict-en_us": {
			"version": "1.2.14",
			"resolved": "https://registry.npmjs.org/cspell-dict-en_us/-/cspell-dict-en_us-1.2.14.tgz",
			"integrity": "sha512-HvIJWYQ/GWKWGhyqApjjDn1MRfFlI1veYeKFLjJsuaymbjEII+qaFZ1/wV+vTaUm9l0LF7dpARLveOkBVzOWOw==",
			"requires": {
				"configstore": "^4.0.0"
			}
		},
		"cspell-dict-fullstack": {
			"version": "1.0.12",
			"resolved": "https://registry.npmjs.org/cspell-dict-fullstack/-/cspell-dict-fullstack-1.0.12.tgz",
			"integrity": "sha512-Poz3BSdDupf8GOW4gIeBFdX8mVIY+AQVUEupmU9L7hwSaoZhTL7R9f3Po+dDQdubunurSwhnMV3tLOTotdUVTQ==",
			"requires": {
				"configstore": "^4.0.0"
			}
		},
		"cspell-dict-golang": {
			"version": "1.1.11",
			"resolved": "https://registry.npmjs.org/cspell-dict-golang/-/cspell-dict-golang-1.1.11.tgz",
			"integrity": "sha512-dInmq72nAtTBV4B1kX+6STIpKzMNfFTrzC1YBE3x3AKMdyCvKpuoIQHHpm/PFsfIeW2hiu+ZZrTYv1xc+diGlw==",
			"requires": {
				"configstore": "^4.0.0"
			}
		},
		"cspell-dict-html-symbol-entities": {
			"version": "1.0.10",
			"resolved": "https://registry.npmjs.org/cspell-dict-html-symbol-entities/-/cspell-dict-html-symbol-entities-1.0.10.tgz",
			"integrity": "sha512-8467CM6fUGnw9biN1OSJ2vXNe/I3UQrOv+rWhOJ79YiYz2rlNMZzIKmizIIvH03OqVHnzKtnHdP+udmyqHOMvQ==",
			"requires": {
				"configstore": "^4.0.0"
			}
		},
		"cspell-dict-java": {
			"version": "1.0.9",
			"resolved": "https://registry.npmjs.org/cspell-dict-java/-/cspell-dict-java-1.0.9.tgz",
			"integrity": "sha512-z3u1SZ9IpwhmQ9wps1qj0BTtkNNz6piMcDxzMOQDkTM+hkK/BSLEJ/+DMsnKr1Kiob1mde8LxHr/MvB9qcWXtQ==",
			"requires": {
				"configstore": "^4.0.0"
			}
		},
		"cspell-dict-latex": {
			"version": "1.0.10",
			"resolved": "https://registry.npmjs.org/cspell-dict-latex/-/cspell-dict-latex-1.0.10.tgz",
			"integrity": "sha512-H2Kdu/7N5rcPpjr/5qBPdWluu2+0SdQaFrqZPWyn8XYXpYAs9YLqvsl+0MgyV3VTUJPAbz1B34UvByLfZy7FWg==",
			"requires": {
				"configstore": "^4.0.0"
			}
		},
		"cspell-dict-lorem-ipsum": {
			"version": "1.0.8",
			"resolved": "https://registry.npmjs.org/cspell-dict-lorem-ipsum/-/cspell-dict-lorem-ipsum-1.0.8.tgz",
			"integrity": "sha512-3EmhgSX69XhS2Y65MnZRL16uyGqRJ/zz5HkK6CNrto0muGqnT4X7HyTP+6lOI8ZTDhrMZjEyHXZRlfYo8jskjg==",
			"requires": {
				"configstore": "^4.0.0"
			}
		},
		"cspell-dict-php": {
			"version": "1.0.10",
			"resolved": "https://registry.npmjs.org/cspell-dict-php/-/cspell-dict-php-1.0.10.tgz",
			"integrity": "sha512-9efe0p3eL8gPtjanYdMqXSj6G7SdIZaz2kiDH3vWP4qc9j4oa67rq/F+WxsLcZuye7Scm9Tw1nZWetvs/u0M8w==",
			"requires": {
				"configstore": "^4.0.0"
			}
		},
		"cspell-dict-powershell": {
			"version": "1.0.1",
			"resolved": "https://registry.npmjs.org/cspell-dict-powershell/-/cspell-dict-powershell-1.0.1.tgz",
			"integrity": "sha512-uNmnu2wn+Yw6JDnt4jdu08HvEmZjbxbndtkStfDqIdhg/iBFRdm4VUZIY7vL5Z5xPwAgC9QwT6h86mqT8ZnCag==",
			"requires": {
				"configstore": "^4.0.0"
			}
		},
		"cspell-dict-python": {
			"version": "1.0.11",
			"resolved": "https://registry.npmjs.org/cspell-dict-python/-/cspell-dict-python-1.0.11.tgz",
			"integrity": "sha512-Ox+yWGj5SU9venH2vqvYKfpExnYqkYLUyh2MBjpcUkBn+TYMb6RKLHckjHVbv5xtDGEhrLtBCxFR6NokK3ZXIw==",
			"requires": {
				"configstore": "^4.0.0"
			}
		},
		"cspell-dict-rust": {
			"version": "1.0.8",
			"resolved": "https://registry.npmjs.org/cspell-dict-rust/-/cspell-dict-rust-1.0.8.tgz",
			"integrity": "sha512-cqnzO6/q0bdcrGn8yauJkAEFZCzLVCI59h9nKIy9cI5AS81gKYTnVvdl94zjFijRw4i/OKArz4VTjqxBjuNHMQ==",
			"requires": {
				"configstore": "^4.0.0"
			}
		},
		"cspell-dict-scala": {
			"version": "1.0.8",
			"resolved": "https://registry.npmjs.org/cspell-dict-scala/-/cspell-dict-scala-1.0.8.tgz",
			"integrity": "sha512-/t2SyLnl/zaOBilTWlBNsD2X/Sd6+WyUi5REKQhopQ1MoJc9AFUavI17ZIFHq/vCyu1ziO7xslFWYRTwfQ8yBA==",
			"requires": {
				"configstore": "^4.0.0"
			}
		},
		"dot-prop": {
			"version": "4.2.0",
			"resolved": "https://registry.npmjs.org/dot-prop/-/dot-prop-4.2.0.tgz",
			"integrity": "sha512-tUMXrxlExSW6U2EXiiKGSBVdYgtV8qlHL+C10TsW4PURY/ic+eaysnSkwB4kA/mBlCyy/IKDJ+Lc3wbWeaXtuQ==",
			"requires": {
				"is-obj": "^1.0.0"
			}
		},
		"esprima": {
			"version": "2.7.3",
			"resolved": "https://registry.npmjs.org/esprima/-/esprima-2.7.3.tgz",
			"integrity": "sha1-luO3DVd59q1JzQMmc9HDEnZ7pYE="
		},
		"fs-extra": {
			"version": "7.0.1",
			"resolved": "https://registry.npmjs.org/fs-extra/-/fs-extra-7.0.1.tgz",
			"integrity": "sha512-YJDaCJZEnBmcbw13fvdAM9AwNOJwOzrE4pqMqBq5nFiEqXUqHwlK4B+3pUw6JNvfSPtX05xFHtYy/1ni01eGCw==",
			"requires": {
				"graceful-fs": "^4.1.2",
				"jsonfile": "^4.0.0",
				"universalify": "^0.1.0"
			}
		},
		"gensequence": {
			"version": "2.1.2",
			"resolved": "https://registry.npmjs.org/gensequence/-/gensequence-2.1.2.tgz",
			"integrity": "sha512-TH0HcxnR7gpvpdMbiQ7+mL10Vf+9zekenuaSmUl7dHWzzeiiaCelk3Xv3V2ebrsVMLfi1KJ8Q0CpGthaxiM9zQ=="
		},
		"graceful-fs": {
			"version": "4.1.15",
			"resolved": "https://registry.npmjs.org/graceful-fs/-/graceful-fs-4.1.15.tgz",
			"integrity": "sha512-6uHUhOPEBgQ24HM+r6b/QwWfZq+yiFcipKFrOFiBEnWdy5sdzYoi+pJeQaPI5qOLRFqWmAXUPQNsielzdLoecA=="
		},
		"imurmurhash": {
			"version": "0.1.4",
			"resolved": "https://registry.npmjs.org/imurmurhash/-/imurmurhash-0.1.4.tgz",
			"integrity": "sha1-khi5srkoojixPcT7a21XbyMUU+o="
		},
		"is-obj": {
			"version": "1.0.1",
			"resolved": "https://registry.npmjs.org/is-obj/-/is-obj-1.0.1.tgz",
			"integrity": "sha1-PkcprB9f3gJc19g6iW2rn09n2w8="
		},
		"json-parser": {
			"version": "1.1.5",
			"resolved": "https://registry.npmjs.org/json-parser/-/json-parser-1.1.5.tgz",
			"integrity": "sha1-5i7FJh0aal/CDoEqMgdAxtkAVnc=",
			"requires": {
				"esprima": "^2.7.0"
			}
		},
		"jsonfile": {
			"version": "4.0.0",
			"resolved": "https://registry.npmjs.org/jsonfile/-/jsonfile-4.0.0.tgz",
			"integrity": "sha1-h3Gq4HmbZAdrdmQPygWPnBDjPss=",
			"requires": {
				"graceful-fs": "^4.1.6"
			}
		},
		"make-dir": {
			"version": "1.3.0",
			"resolved": "https://registry.npmjs.org/make-dir/-/make-dir-1.3.0.tgz",
			"integrity": "sha512-2w31R7SJtieJJnQtGc7RVL2StM2vGYVfqUOvUDxH6bC6aJTxPxTF0GnIgCyu7tjockiUWAYQRbxa7vKn34s5sQ==",
			"requires": {
				"pify": "^3.0.0"
			}
		},
		"pify": {
			"version": "3.0.0",
			"resolved": "https://registry.npmjs.org/pify/-/pify-3.0.0.tgz",
			"integrity": "sha1-5aSs0sEB/fPZpNB/DbxNtJ3SgXY="
		},
		"regenerator-runtime": {
			"version": "0.13.2",
			"resolved": "https://registry.npmjs.org/regenerator-runtime/-/regenerator-runtime-0.13.2.tgz",
			"integrity": "sha512-S/TQAZJO+D3m9xeN1WTI8dLKBBiRgXBlTJvbWjCThHWZj9EvHK70Ff50/tYj2J/fvBY6JtFVwRuazHN2E7M9BA=="
		},
		"signal-exit": {
			"version": "3.0.2",
			"resolved": "https://registry.npmjs.org/signal-exit/-/signal-exit-3.0.2.tgz",
			"integrity": "sha1-tf3AjxKH6hF4Yo5BXiUTK3NkbG0="
		},
		"unique-string": {
			"version": "1.0.0",
			"resolved": "https://registry.npmjs.org/unique-string/-/unique-string-1.0.0.tgz",
			"integrity": "sha1-nhBXzKhRq7kzmPizOuGHuZyuwRo=",
			"requires": {
				"crypto-random-string": "^1.0.0"
			}
		},
		"universalify": {
			"version": "0.1.2",
			"resolved": "https://registry.npmjs.org/universalify/-/universalify-0.1.2.tgz",
			"integrity": "sha512-rBJeI5CXAlmy1pV+617WB9J63U6XcazHHF2f2dbJix4XzpUF0RS3Zbj0FGIOCAva5P/d/GBOYaACQ1w+0azUkg=="
		},
		"vscode-uri": {
			"version": "1.0.6",
			"resolved": "https://registry.npmjs.org/vscode-uri/-/vscode-uri-1.0.6.tgz",
			"integrity": "sha512-sLI2L0uGov3wKVb9EB+vIQBl9tVP90nqRvxSoJ35vI3NjxE8jfsE5DSOhWgSunHSZmKS4OCi2jrtfxK7uyp2ww=="
		},
		"write-file-atomic": {
			"version": "2.4.2",
			"resolved": "https://registry.npmjs.org/write-file-atomic/-/write-file-atomic-2.4.2.tgz",
			"integrity": "sha512-s0b6vB3xIVRLWywa6X9TOMA7k9zio0TMOsl9ZnDkliA/cfJlpHXAscj0gbHVJiTdIuAYpIyqS5GW91fqm6gG5g==",
			"requires": {
				"graceful-fs": "^4.1.11",
				"imurmurhash": "^0.1.4",
				"signal-exit": "^3.0.2"
			}
		},
		"xdg-basedir": {
			"version": "3.0.0",
			"resolved": "https://registry.npmjs.org/xdg-basedir/-/xdg-basedir-3.0.0.tgz",
			"integrity": "sha1-SWsswQnsqNus/i3HK2A8F8WHCtQ="
		},
		"xregexp": {
			"version": "4.2.4",
			"resolved": "https://registry.npmjs.org/xregexp/-/xregexp-4.2.4.tgz",
			"integrity": "sha512-sO0bYdYeJAJBcJA8g7MJJX7UrOZIfJPd8U2SC7B2Dd/J24U0aQNoGp33shCaBSWeb0rD5rh6VBUIXOkGal1TZA==",
			"requires": {
				"@babel/runtime-corejs2": "^7.2.0"
			}
		}
	}
}
