{
  "name": "cspell-lib",
  "version": "5.0.1-alpha.12",
  "lockfileVersion": 1,
  "requires": true,
  "dependencies": {
    "@types/configstore": {
      "version": "4.0.0",
      "resolved": "https://registry.npmjs.org/@types/configstore/-/configstore-4.0.0.tgz",
      "integrity": "sha512-SvCBBPzOIe/3Tu7jTl2Q8NjITjLmq9m7obzjSyb8PXWWZ31xVK6w4T6v8fOx+lrgQnqk3Yxc00LDolFsSakKCA==",
      "dev": true
    },
    "@types/fs-extra": {
      "version": "9.0.3",
      "resolved": "https://registry.npmjs.org/@types/fs-extra/-/fs-extra-9.0.3.tgz",
      "integrity": "sha512-NKdGoXLTFTRED3ENcfCsH8+ekV4gbsysanx2OPbstXVV6fZMgUCqTxubs6I9r7pbOJbFgVq1rpFtLURjKCZWUw==",
      "requires": {
        "@types/node": "*"
      }
    },
    "@types/json-schema": {
      "version": "7.0.6",
      "resolved": "https://registry.npmjs.org/@types/json-schema/-/json-schema-7.0.6.tgz",
      "integrity": "sha512-3c+yGKvVP5Y9TYBEibGNR+kLtijnj7mYrXRg+WpFb2X9xm04g/DXYkfg4hmzJQosc9snFNUPkbYIhu+KAm6jJw==",
      "dev": true
    },
    "@types/node": {
      "version": "14.14.6",
      "resolved": "https://registry.npmjs.org/@types/node/-/node-14.14.6.tgz",
      "integrity": "sha512-6QlRuqsQ/Ox/aJEQWBEJG7A9+u7oSYl3mem/K8IzxXG/kAGbV1YPD9Bg9Zw3vyxC/YP+zONKwy8hGkSt1jxFMw=="
    },
    "array-timsort": {
      "version": "1.0.3",
      "resolved": "https://registry.npmjs.org/array-timsort/-/array-timsort-1.0.3.tgz",
      "integrity": "sha512-/+3GRL7dDAGEfM6TseQk/U+mi18TU2Ms9I3UlLdUMhz2hbvGNTKdj9xniwXfUqgYhHxRx0+8UnKkvlNwVU+cWQ=="
    },
    "at-least-node": {
      "version": "1.0.0",
      "resolved": "https://registry.npmjs.org/at-least-node/-/at-least-node-1.0.0.tgz",
      "integrity": "sha512-+q/t7Ekv1EDY2l6Gda6LLiX14rU9TV20Wa3ofeQmwPFZbOMo9DXrLbOjFaaclkXKWidIaopwAObQDqwWtGUjqg=="
    },
    "balanced-match": {
      "version": "1.0.0",
      "resolved": "https://registry.npmjs.org/balanced-match/-/balanced-match-1.0.0.tgz",
      "integrity": "sha1-ibTRmasr7kneFk6gK4nORi1xt2c="
    },
    "brace-expansion": {
      "version": "1.1.11",
      "resolved": "https://registry.npmjs.org/brace-expansion/-/brace-expansion-1.1.11.tgz",
      "integrity": "sha512-iCuPHDFgrHX7H2vEI/5xpz07zSHB00TpugqhmYtVmMO6518mCuRMoOYFldEBl0g187ufozdaHgWKcYFb61qGiA==",
      "requires": {
        "balanced-match": "^1.0.0",
        "concat-map": "0.0.1"
      }
    },
    "commander": {
      "version": "6.2.0",
      "resolved": "https://registry.npmjs.org/commander/-/commander-6.2.0.tgz",
      "integrity": "sha512-zP4jEKbe8SHzKJYQmq8Y9gYjtO/POJLgIdKgV7B9qNmABVFVc+ctqSX6iXh4mCpJfRBOabiZ2YKPg8ciDw6C+Q==",
      "dev": true
    },
    "comment-json": {
      "version": "4.1.0",
      "resolved": "https://registry.npmjs.org/comment-json/-/comment-json-4.1.0.tgz",
      "integrity": "sha512-WEghmVYaNq9NlWbrkzQTSsya9ycLyxJxpTQfZEan6a5Jomnjw18zS3Podf8q1Zf9BvonvQd/+Z7Z39L7KKzzdQ==",
      "requires": {
        "array-timsort": "^1.0.3",
        "core-util-is": "^1.0.2",
        "esprima": "^4.0.1",
        "has-own-prop": "^2.0.0",
        "repeat-string": "^1.6.1"
      }
    },
    "concat-map": {
      "version": "0.0.1",
      "resolved": "https://registry.npmjs.org/concat-map/-/concat-map-0.0.1.tgz",
      "integrity": "sha1-2Klr13/Wjfd5OnMDajug1UBdR3s="
    },
    "configstore": {
      "version": "5.0.1",
      "resolved": "https://registry.npmjs.org/configstore/-/configstore-5.0.1.tgz",
      "integrity": "sha512-aMKprgk5YhBNyH25hj8wGt2+D52Sw1DRRIzqBwLp2Ya9mFmY8KPvvtvmna8SxVR9JMZ4kzMD68N22vlaRpkeFA==",
      "requires": {
        "dot-prop": "^5.2.0",
        "graceful-fs": "^4.1.2",
        "make-dir": "^3.0.0",
        "unique-string": "^2.0.0",
        "write-file-atomic": "^3.0.0",
        "xdg-basedir": "^4.0.0"
      }
    },
    "core-util-is": {
      "version": "1.0.2",
      "resolved": "https://registry.npmjs.org/core-util-is/-/core-util-is-1.0.2.tgz",
      "integrity": "sha1-tf1UIgqivFq1eqtxQMlAdUUDwac="
    },
    "crypto-random-string": {
      "version": "2.0.0",
      "resolved": "https://registry.npmjs.org/crypto-random-string/-/crypto-random-string-2.0.0.tgz",
      "integrity": "sha512-v1plID3y9r/lPhviJ1wrXpLeyUIGAZ2SHNYTEapm7/8A9nLPoyvVp3RK/EPFqn5kEznyWgYZNsRtYYIWbuG8KA=="
    },
    "cspell-dict-aws": {
      "version": "1.0.7",
      "resolved": "https://registry.npmjs.org/cspell-dict-aws/-/cspell-dict-aws-1.0.7.tgz",
      "integrity": "sha512-/8lvWfwrWuWNe2VPH0v2fLyeKyMBWI/ZkKlB1DwKn/LgzMpjBtdsdZhEAkx0ETBjAXR+bgZnN/QldCWCS1D6wA==",
      "requires": {
        "configstore": "^5.0.1"
      }
    },
    "cspell-dict-bash": {
      "version": "1.0.5",
      "resolved": "https://registry.npmjs.org/cspell-dict-bash/-/cspell-dict-bash-1.0.5.tgz",
      "integrity": "sha512-fyF+W6AsSauF3TcUoCqesiMlj4tp9+gf5PWEJKV0dujTjO8p5dy4RwCX0I4Zw2nC92Knt4If3L+J/4TlNzJGtw==",
      "requires": {
        "configstore": "^5.0.1"
      }
    },
    "cspell-dict-companies": {
      "version": "1.0.30",
      "resolved": "https://registry.npmjs.org/cspell-dict-companies/-/cspell-dict-companies-1.0.30.tgz",
      "integrity": "sha512-h+agGF0t+/rNJdpb5sBTZAHGZL7uKCOJfCLVakYi/9E6juocISTq/zDls/Junb1SKiWulbH8y1CeEMgyKAsCaA==",
      "requires": {
        "configstore": "^5.0.1"
      }
    },
    "cspell-dict-cpp": {
      "version": "1.1.29",
      "resolved": "https://registry.npmjs.org/cspell-dict-cpp/-/cspell-dict-cpp-1.1.29.tgz",
      "integrity": "sha512-rRSUV53+6oZo5fCiweqq7gwpbV6qXmTfxRo13Dce688w5UaDkSSn9Cz2FEgWqpYZj8l530QtMKeFtmGLgpPBww==",
      "requires": {
        "configstore": "^5.0.1"
      }
    },
    "cspell-dict-cryptocurrencies": {
      "version": "1.0.4",
      "resolved": "https://registry.npmjs.org/cspell-dict-cryptocurrencies/-/cspell-dict-cryptocurrencies-1.0.4.tgz",
      "integrity": "sha512-jIiBmxnEyWfQ6AzXoUCvxt8kUMbsCbngNBHZVMcIf75iUzSkJsZVCVRoIS/G9BYaiw6/i5uj0QEdefX+J71N1A==",
      "requires": {
        "configstore": "^5.0.0"
      }
    },
    "cspell-dict-csharp": {
      "version": "1.0.5",
      "resolved": "https://registry.npmjs.org/cspell-dict-csharp/-/cspell-dict-csharp-1.0.5.tgz",
      "integrity": "sha512-BNo5rLAhwCpg5w09+aaInUJozaPv5ND1K/wOwSPrEA9DW8F1EP703ekUxhB0islzYkEcoAuyM7Xu7SKpzh+8PQ==",
      "requires": {
        "configstore": "^5.0.0"
      }
    },
    "cspell-dict-css": {
      "version": "1.0.5",
      "resolved": "https://registry.npmjs.org/cspell-dict-css/-/cspell-dict-css-1.0.5.tgz",
      "integrity": "sha512-/rs7ctTiP5Yfh50SNLiiT+aPGkOS57KYaF8QFTAjar0O8lKKK9ghAxoMXgjijTEXoqc0yujOK8yQltcJzTdvog==",
      "requires": {
        "configstore": "^5.0.0"
      }
    },
    "cspell-dict-django": {
      "version": "1.0.17",
      "resolved": "https://registry.npmjs.org/cspell-dict-django/-/cspell-dict-django-1.0.17.tgz",
      "integrity": "sha512-6LdpmyqlGpUwgcGZiUXDJKz6rq4gc5Omkv3NZKJ8fwocdRI6ZD0Vlo3/18PSzD8XSYay1c9pCIr6V6N0fexbYw==",
      "requires": {
        "configstore": "^5.0.1"
      }
    },
    "cspell-dict-dotnet": {
      "version": "1.0.16",
      "resolved": "https://registry.npmjs.org/cspell-dict-dotnet/-/cspell-dict-dotnet-1.0.16.tgz",
      "integrity": "sha512-07UbbIuAcj7KDt2cPFwjQRnHplCPyks07/FEpwXc7+WroFdxIbhwqV6d8Ol+DcnIR+1PoK0Ertp8iCBzTHPceA==",
      "requires": {
        "configstore": "^5.0.1"
      }
    },
    "cspell-dict-elixir": {
      "version": "1.0.15",
      "resolved": "https://registry.npmjs.org/cspell-dict-elixir/-/cspell-dict-elixir-1.0.15.tgz",
      "integrity": "sha512-M6tx+1gI1lrtqaF466hFEihj4VRxLnF+ZxweyJZQJ6elR+VvvwRq2SVD8NAgBE3Dr0oU49uxgzdjuZz3S1kD8w==",
      "requires": {
        "configstore": "^5.0.1"
      }
    },
    "cspell-dict-en-gb": {
      "version": "1.1.20",
      "resolved": "https://registry.npmjs.org/cspell-dict-en-gb/-/cspell-dict-en-gb-1.1.20.tgz",
      "integrity": "sha512-cYsJV6UyIqMal8+NMlg6DHn95LwTdM4wcDkjDDatRqQFhVi5m1yUB+l/JfnIbfYxaz51cJfNqpZSOE2LeF38Vw==",
      "requires": {
        "configstore": "^5.0.1"
      }
    },
    "cspell-dict-en_us": {
      "version": "1.2.30",
      "resolved": "https://registry.npmjs.org/cspell-dict-en_us/-/cspell-dict-en_us-1.2.30.tgz",
      "integrity": "sha512-A6tcz4LPBhOQ5uRMx+gjPq4QpgfpMeoMWgd8As41bAoxpun2/ZXe2+A/Gl9GdOF+Zb9o7ccsx10NQDSeodhKgQ==",
      "requires": {
        "configstore": "^5.0.1"
      }
    },
    "cspell-dict-filetypes": {
      "version": "1.1.0",
      "resolved": "https://registry.npmjs.org/cspell-dict-filetypes/-/cspell-dict-filetypes-1.1.0.tgz",
      "integrity": "sha512-uzLMSUzR3Z1fcX/6VXY3vrdFIR7BzcDTJHa35Y8mSOIt0sWldBh/1uFB9t+TA1+6Og4Rr7n6rSKhGIppGzU4ZA==",
      "requires": {
        "configstore": "^5.0.0"
      }
    },
    "cspell-dict-fonts": {
      "version": "1.0.7",
      "resolved": "https://registry.npmjs.org/cspell-dict-fonts/-/cspell-dict-fonts-1.0.7.tgz",
      "integrity": "sha512-po4Rb3wEn0PVCLbFBkAWtXd76ljJPzXHDiRCeLjpwr6pjyoBb/S6KvcIBTlgSGWXVQQGdy2XW9ChFtljz1FOOA==",
      "requires": {
        "configstore": "^5.0.1"
      }
    },
    "cspell-dict-fullstack": {
      "version": "1.0.31",
      "resolved": "https://registry.npmjs.org/cspell-dict-fullstack/-/cspell-dict-fullstack-1.0.31.tgz",
      "integrity": "sha512-0xYe5eANBaDPnDsACsf8Vla0qGLspUdk3nPkKU+7LqTUb1LvKAE20As8ihxblD/SxBKsmD5FyLFIhCgYvLb4ng==",
      "requires": {
        "configstore": "^5.0.1"
      }
    },
    "cspell-dict-golang": {
      "version": "1.1.16",
      "resolved": "https://registry.npmjs.org/cspell-dict-golang/-/cspell-dict-golang-1.1.16.tgz",
      "integrity": "sha512-15wd23uwr8jM+3JDsFRsyjmne3psuxDIrrNnM8LWxJuytlm/2d+weXF00XDjMZ/bSDCeyZ8sz08aulr6i9c9cw==",
      "requires": {
        "configstore": "^5.0.1"
      }
    },
    "cspell-dict-haskell": {
      "version": "1.0.6",
      "resolved": "https://registry.npmjs.org/cspell-dict-haskell/-/cspell-dict-haskell-1.0.6.tgz",
      "integrity": "sha512-j0hDxShC/9kU6FLw+3wwxdEvZcoHLYSoPdlGhDvhFwMqReogNwdFf/YrzzlVDasxOD5eY25Arqz0t3L3mB3Efg==",
      "requires": {
        "configstore": "^5.0.1"
      }
    },
    "cspell-dict-html": {
      "version": "1.1.0",
      "resolved": "https://registry.npmjs.org/cspell-dict-html/-/cspell-dict-html-1.1.0.tgz",
      "integrity": "sha512-KXXqOE6QM/3OdIh0ax0YlfOg/+ogqt7f/WoBTjb+1L2CReYfWsOfYVjuZG+L6j5GW34wnMyq1QYo9APX4NF3nw==",
      "requires": {
        "configstore": "^5.0.0"
      }
    },
    "cspell-dict-html-symbol-entities": {
      "version": "1.0.15",
      "resolved": "https://registry.npmjs.org/cspell-dict-html-symbol-entities/-/cspell-dict-html-symbol-entities-1.0.15.tgz",
      "integrity": "sha512-F956/ormR3VvLjSNrrRdMQu/5cCVr3kYqsplJGxsTLC/ejrXy+HPJQUMMckXi/zG2SrzmLP7Lg6d5QHf5PcHQQ==",
      "requires": {
        "configstore": "^5.0.1"
      }
    },
    "cspell-dict-java": {
      "version": "1.0.14",
      "resolved": "https://registry.npmjs.org/cspell-dict-java/-/cspell-dict-java-1.0.14.tgz",
      "integrity": "sha512-PemBu/fl4o6PSygaQWYU+ioaLV5qgiBxc0YdqFC2Rxo5g9B6S1yVwf4Vgs+jEJq40gN6I2G/JMw2WlrYj4h4gw==",
      "requires": {
        "configstore": "^5.0.1"
      }
    },
    "cspell-dict-latex": {
      "version": "1.0.15",
      "resolved": "https://registry.npmjs.org/cspell-dict-latex/-/cspell-dict-latex-1.0.15.tgz",
      "integrity": "sha512-4vHniog3px2qMYIYuCKY55eYoAV9xIUsWsUHrOpT+rqmibZijYH0RnST2ZZ2Q9b0gr9C5TSUHVBBSCeRL3dxbA==",
      "requires": {
        "configstore": "^5.0.1"
      }
    },
    "cspell-dict-lorem-ipsum": {
      "version": "1.0.14",
      "resolved": "https://registry.npmjs.org/cspell-dict-lorem-ipsum/-/cspell-dict-lorem-ipsum-1.0.14.tgz",
      "integrity": "sha512-4xI3naVG8TnNdF23ElLH91KHO/msdiMS7kUCjguD5NNTOOwUiTxqW8YShMzEXQ7YOsXBCqQi7LstFjgEnV84Ow==",
      "requires": {
        "configstore": "^5.0.1"
      }
    },
    "cspell-dict-lua": {
      "version": "1.0.10",
      "resolved": "https://registry.npmjs.org/cspell-dict-lua/-/cspell-dict-lua-1.0.10.tgz",
      "integrity": "sha512-+21ca6nsLgLVg/s9GNnsuhEV0JgmkMFXqcV2lvBnTo1NeqPB6CwrcHU2d5OzB6Nnp0M4AbyL727C1EFuX5zLLA==",
      "requires": {
        "configstore": "^5.0.1"
      }
    },
    "cspell-dict-nl-nl": {
      "version": "1.0.29",
      "resolved": "https://registry.npmjs.org/cspell-dict-nl-nl/-/cspell-dict-nl-nl-1.0.29.tgz",
      "integrity": "sha512-JxRAMp/aldKeS4i4DaUQgBedohZljgXkj07FJ1qhYkNVAPZBqecPnU/wCcoIzK0X58HQDLhSkvjy29VS6VUZcA==",
      "dev": true,
      "requires": {
        "configstore": "^5.0.1"
      }
    },
    "cspell-dict-node": {
      "version": "1.0.3",
      "resolved": "https://registry.npmjs.org/cspell-dict-node/-/cspell-dict-node-1.0.3.tgz",
      "integrity": "sha512-LoSBB63YWIFL6BMpikSHlQ8VILucUpvDAHjFHIKppFpoczK8iubejvBmemDWLMdtEyUKo7sSIrEH4eVojQEHUA==",
      "requires": {
        "configstore": "^5.0.0"
      }
    },
    "cspell-dict-npm": {
      "version": "1.0.5",
      "resolved": "https://registry.npmjs.org/cspell-dict-npm/-/cspell-dict-npm-1.0.5.tgz",
      "integrity": "sha512-gdEf1obAPnWC9fzU99nCFEV3UGVZ2FSbbsh15hvv9VHe/w5n5RaxQGsd4dDvjdHTYqsRimjX15ppuJb7xjN93Q==",
      "requires": {
        "configstore": "^5.0.0"
      }
    },
    "cspell-dict-php": {
      "version": "1.0.15",
      "resolved": "https://registry.npmjs.org/cspell-dict-php/-/cspell-dict-php-1.0.15.tgz",
      "integrity": "sha512-WDUnTV7jje/Ksl3gtaO7ffiB+LW9Ji9bnq0AvD6iOFOeYcrHjZS9t+23b+oP7mRCdXeGv1/AKtchEMY10iyxBA==",
      "requires": {
        "configstore": "^5.0.1"
      }
    },
    "cspell-dict-powershell": {
      "version": "1.0.8",
      "resolved": "https://registry.npmjs.org/cspell-dict-powershell/-/cspell-dict-powershell-1.0.8.tgz",
      "integrity": "sha512-Kjcx8XeqBoPaCVg/tbaeIImdLwlScpV9FEakV0ZBDqY2FOh6Wle6wYXVcz77+6EK6ChhS+WTqeoo6ft+oQ3c3A==",
      "requires": {
        "configstore": "^5.0.1"
      }
    },
    "cspell-dict-python": {
      "version": "1.0.23",
      "resolved": "https://registry.npmjs.org/cspell-dict-python/-/cspell-dict-python-1.0.23.tgz",
      "integrity": "sha512-nO3boMGkoKbek7LCrz75ZwBJmSOasS9bbhCIYkE9VA8hSr4aempKqCXaI/D4cykIOdBX6H8nvbyXyXxgHBmFLw==",
      "requires": {
        "configstore": "^5.0.1"
      }
    },
    "cspell-dict-ruby": {
      "version": "1.0.6",
      "resolved": "https://registry.npmjs.org/cspell-dict-ruby/-/cspell-dict-ruby-1.0.6.tgz",
      "integrity": "sha512-KJp1aD6hck+e03Kp3cq1mc4crPya0a+9MFgD+KTuca0cQ8S9KbwB1/s9BylGifedsb41q3gVFmxavdDAxrigTg==",
      "requires": {
        "configstore": "^5.0.1"
      }
    },
    "cspell-dict-rust": {
      "version": "1.0.14",
      "resolved": "https://registry.npmjs.org/cspell-dict-rust/-/cspell-dict-rust-1.0.14.tgz",
      "integrity": "sha512-dLQwl0JCbXJLGegETNBS1QejW/pNkZf4vCeUwChmLRxciESm61QXYFObks1VE4/h8ayxybdN/mfvLMHOFCmhgA==",
      "requires": {
        "configstore": "^5.0.1"
      }
    },
    "cspell-dict-scala": {
      "version": "1.0.13",
      "resolved": "https://registry.npmjs.org/cspell-dict-scala/-/cspell-dict-scala-1.0.13.tgz",
      "integrity": "sha512-Z4vode68Tl8W1oD8xbkcWa3+Z6UmbLK+CPbYODLpilojtgq6sPdNN6wL9N1bN4NdJ4hUupoU/ZS3xLi+fxL+Eg==",
      "requires": {
        "configstore": "^5.0.1"
      }
    },
    "cspell-dict-software-terms": {
      "version": "1.0.18",
      "resolved": "https://registry.npmjs.org/cspell-dict-software-terms/-/cspell-dict-software-terms-1.0.18.tgz",
      "integrity": "sha512-vi3DPagUre2hyQ6n+pTpOe2HLJlIBWaaazKyHG+/KSWH7pkxQHYvic7bRM6W6enDs5hBQIzBSnxKqaGhbleGDA==",
      "requires": {
        "configstore": "^5.0.1"
      }
    },
    "cspell-dict-typescript": {
      "version": "1.0.11",
      "resolved": "https://registry.npmjs.org/cspell-dict-typescript/-/cspell-dict-typescript-1.0.11.tgz",
      "integrity": "sha512-w6IUN6jVrW8SsPT8I9isFD9Tca3qRGegk63+SJZrtgAe9gM6c/HKz34VmS0cYhoZRtCFOuWuNXVFW96mSrErWw==",
      "requires": {
        "configstore": "^5.0.1"
      }
    },
    "cspell-io": {
      "version": "5.0.1-alpha.11",
      "resolved": "https://registry.npmjs.org/cspell-io/-/cspell-io-5.0.1-alpha.11.tgz",
      "integrity": "sha512-eC/P8l6fGwaUgz2ByuWVbPoAXTnvooXo8PtoR8CWBcIHp+CjBEgEAKUArx1HLEomwrW4UDs3rHXVXRI++8qiIA==",
      "requires": {
        "iconv-lite": "^0.6.2",
        "iterable-to-stream": "^1.0.1"
      }
    },
    "cspell-trie-lib": {
      "version": "5.0.1-alpha.11",
      "resolved": "https://registry.npmjs.org/cspell-trie-lib/-/cspell-trie-lib-5.0.1-alpha.11.tgz",
      "integrity": "sha512-B7yjeA6ywNvf2FsliWBr7OojkQCbsa2ZdhwKZN3WvKD3PE9NBNHOMrhFRQo/7p8l1C0tNaqFsvZNWpMonZo5cA==",
      "requires": {
        "gensequence": "^3.1.1"
      }
    },
    "cspell-util-bundle": {
      "version": "5.0.1-alpha.11",
      "resolved": "https://registry.npmjs.org/cspell-util-bundle/-/cspell-util-bundle-5.0.1-alpha.11.tgz",
      "integrity": "sha512-2rcB0nHS8UKV4zGAAenOYZ2coRo7sR0FYL2P6AqjzlNo7LbzO6T6BrPTEvgXx7dU0rxJHrVptL2S+1n4nBA6xg=="
    },
    "dot-prop": {
      "version": "5.3.0",
      "resolved": "https://registry.npmjs.org/dot-prop/-/dot-prop-5.3.0.tgz",
      "integrity": "sha512-QM8q3zDe58hqUqjraQOmzZ1LIH9SWQJTlEKCH4kJ2oQvLZk7RbQXvtDM2XEq3fwkV9CCvvH4LA0AV+ogFsBM2Q==",
      "requires": {
        "is-obj": "^2.0.0"
      }
    },
    "esprima": {
      "version": "4.0.1",
      "resolved": "https://registry.npmjs.org/esprima/-/esprima-4.0.1.tgz",
      "integrity": "sha512-eGuFFw7Upda+g4p+QHvnW0RyTX/SVeJBDM/gCtMARO0cLuT2HcEKnTPvhjV6aGeqrCB/sbNop0Kszm0jsaWU4A=="
    },
    "fast-json-stable-stringify": {
      "version": "2.1.0",
      "resolved": "https://registry.npmjs.org/fast-json-stable-stringify/-/fast-json-stable-stringify-2.1.0.tgz",
      "integrity": "sha512-lhd/wF+Lk98HZoTCtlVraHtfh5XYijIjalXck7saUtuanSDyLMxnHhSXEDJqHxD7msR8D0uCmqlkwjCV8xvwHw==",
      "dev": true
    },
    "fs-extra": {
      "version": "9.0.1",
      "resolved": "https://registry.npmjs.org/fs-extra/-/fs-extra-9.0.1.tgz",
      "integrity": "sha512-h2iAoN838FqAFJY2/qVpzFXy+EBxfVE220PalAqQLDVsFOHLJrZvut5puAbCdNv6WJk+B8ihI+k0c7JK5erwqQ==",
      "requires": {
        "at-least-node": "^1.0.0",
        "graceful-fs": "^4.2.0",
        "jsonfile": "^6.0.1",
        "universalify": "^1.0.0"
      }
    },
    "fs.realpath": {
      "version": "1.0.0",
      "resolved": "https://registry.npmjs.org/fs.realpath/-/fs.realpath-1.0.0.tgz",
      "integrity": "sha1-FQStJSMVjKpA20onh8sBQRmU6k8=",
      "dev": true
    },
    "gensequence": {
      "version": "3.1.1",
      "resolved": "https://registry.npmjs.org/gensequence/-/gensequence-3.1.1.tgz",
      "integrity": "sha512-ys3h0hiteRwmY6BsvSttPmkhC0vEQHPJduANBRtH/dlDPZ0UBIb/dXy80IcckXyuQ6LKg+PloRqvGER9IS7F7g=="
    },
    "glob": {
      "version": "7.1.6",
      "resolved": "https://registry.npmjs.org/glob/-/glob-7.1.6.tgz",
      "integrity": "sha512-LwaxwyZ72Lk7vZINtNNrywX0ZuLyStrdDtabefZKAY5ZGJhVtgdznluResxNmPitE0SAO+O26sWTHeKSI2wMBA==",
      "dev": true,
      "requires": {
        "fs.realpath": "^1.0.0",
        "inflight": "^1.0.4",
        "inherits": "2",
        "minimatch": "^3.0.4",
        "once": "^1.3.0",
        "path-is-absolute": "^1.0.0"
      }
    },
    "graceful-fs": {
      "version": "4.2.4",
      "resolved": "https://registry.npmjs.org/graceful-fs/-/graceful-fs-4.2.4.tgz",
      "integrity": "sha512-WjKPNJF79dtJAVniUlGGWHYGz2jWxT6VhN/4m1NdkbZ2nOsEF+cI1Edgql5zCRhs/VsQYRvrXctxktVXZUkixw=="
    },
    "has-own-prop": {
      "version": "2.0.0",
      "resolved": "https://registry.npmjs.org/has-own-prop/-/has-own-prop-2.0.0.tgz",
      "integrity": "sha512-Pq0h+hvsVm6dDEa8x82GnLSYHOzNDt7f0ddFa3FqcQlgzEiptPqL+XrOJNavjOzSYiYWIrgeVYYgGlLmnxwilQ=="
    },
    "iconv-lite": {
      "version": "0.6.2",
      "resolved": "https://registry.npmjs.org/iconv-lite/-/iconv-lite-0.6.2.tgz",
      "integrity": "sha512-2y91h5OpQlolefMPmUlivelittSWy0rP+oYVpn6A7GwVHNE8AWzoYOBNmlwks3LobaJxgHCYZAnyNo2GgpNRNQ==",
      "requires": {
        "safer-buffer": ">= 2.1.2 < 3.0.0"
      }
    },
    "imurmurhash": {
      "version": "0.1.4",
      "resolved": "https://registry.npmjs.org/imurmurhash/-/imurmurhash-0.1.4.tgz",
      "integrity": "sha1-khi5srkoojixPcT7a21XbyMUU+o="
    },
    "inflight": {
      "version": "1.0.6",
      "resolved": "https://registry.npmjs.org/inflight/-/inflight-1.0.6.tgz",
      "integrity": "sha1-Sb1jMdfQLQwJvJEKEHW6gWW1bfk=",
      "dev": true,
      "requires": {
        "once": "^1.3.0",
        "wrappy": "1"
      }
    },
    "inherits": {
      "version": "2.0.4",
      "resolved": "https://registry.npmjs.org/inherits/-/inherits-2.0.4.tgz",
      "integrity": "sha512-k/vGaX4/Yla3WzyMCvTQOXYeIHvqOKtnqBduzTHpzpQZzAskKMhZ2K+EnBiSM9zGSoIFeMpXKxa4dYeZIQqewQ==",
      "dev": true
    },
    "is-obj": {
      "version": "2.0.0",
      "resolved": "https://registry.npmjs.org/is-obj/-/is-obj-2.0.0.tgz",
      "integrity": "sha512-drqDG3cbczxxEJRoOXcOjtdp1J/lyp1mNn0xaznRs8+muBhgQcrnbspox5X5fOw0HnMnbfDzvnEMEtqDEJEo8w=="
    },
    "is-typedarray": {
      "version": "1.0.0",
      "resolved": "https://registry.npmjs.org/is-typedarray/-/is-typedarray-1.0.0.tgz",
      "integrity": "sha1-5HnICFjfDBsR3dppQPlgEfzaSpo="
    },
    "iterable-to-stream": {
      "version": "1.0.1",
      "resolved": "https://registry.npmjs.org/iterable-to-stream/-/iterable-to-stream-1.0.1.tgz",
      "integrity": "sha512-O62gD5ADMUGtJoOoM9U6LQ7i4byPXUNoHJ6mqsmkQJcom331ZJGDApWgDESWyBMEHEJRjtHozgIiTzYo9RU4UA=="
    },
    "json-stable-stringify": {
      "version": "1.0.1",
      "resolved": "https://registry.npmjs.org/json-stable-stringify/-/json-stable-stringify-1.0.1.tgz",
      "integrity": "sha1-mnWdOcXy/1A/1TAGRu1EX4jE+a8=",
      "dev": true,
      "requires": {
        "jsonify": "~0.0.0"
      }
    },
    "jsonfile": {
      "version": "6.1.0",
      "resolved": "https://registry.npmjs.org/jsonfile/-/jsonfile-6.1.0.tgz",
      "integrity": "sha512-5dgndWOriYSm5cnYaJNhalLNDKOqFwyDB/rr1E9ZsGciGvKPs8R2xYGCacuf3z6K1YKDz182fd+fY3cn3pMqXQ==",
      "requires": {
        "graceful-fs": "^4.1.6",
        "universalify": "^2.0.0"
      },
      "dependencies": {
        "universalify": {
          "version": "2.0.0",
          "resolved": "https://registry.npmjs.org/universalify/-/universalify-2.0.0.tgz",
          "integrity": "sha512-hAZsKq7Yy11Zu1DE0OzWjw7nnLZmJZYTDZZyEFHZdUhV8FkH5MCfoU1XMaxXovpyW5nq5scPqq0ZDP9Zyl04oQ=="
        }
      }
    },
    "jsonify": {
      "version": "0.0.0",
      "resolved": "https://registry.npmjs.org/jsonify/-/jsonify-0.0.0.tgz",
      "integrity": "sha1-LHS27kHZPKUbe1qu6PUDYx0lKnM=",
      "dev": true
    },
    "lorem-ipsum": {
      "version": "2.0.3",
      "resolved": "https://registry.npmjs.org/lorem-ipsum/-/lorem-ipsum-2.0.3.tgz",
      "integrity": "sha512-CX2r84DMWjW/DWiuzicTI9aRaJPAw2cvAGMJYZh/nx12OkTGqloj8y8FU0S8ZkKwOdqhfxEA6Ly8CW2P6Yxjwg==",
      "dev": true,
      "requires": {
        "commander": "^2.17.1"
      },
      "dependencies": {
        "commander": {
          "version": "2.20.3",
          "resolved": "https://registry.npmjs.org/commander/-/commander-2.20.3.tgz",
          "integrity": "sha512-GpVkmM8vF2vQUkj2LvZmD35JxeJOLCwJ9cUkugyk2nuhbv3+mJvpLYYt+0+USMxE+oj+ey/lJEnhZw75x/OMcQ==",
          "dev": true
        }
      }
    },
    "make-dir": {
      "version": "3.1.0",
      "resolved": "https://registry.npmjs.org/make-dir/-/make-dir-3.1.0.tgz",
      "integrity": "sha512-g3FeP20LNwhALb/6Cz6Dd4F2ngze0jz7tbzrD2wAV+o9FeNHe4rL+yK2md0J/fiSf1sa1ADhXqi5+oVwOM/eGw==",
      "requires": {
        "semver": "^6.0.0"
      }
    },
    "minimatch": {
      "version": "3.0.4",
      "resolved": "https://registry.npmjs.org/minimatch/-/minimatch-3.0.4.tgz",
      "integrity": "sha512-yJHVQEhyqPLUTgt9B83PXu6W3rx4MvvHvSUvToogpwoGDOUQ+yDrR0HRot+yOCdCO7u4hX3pWft6kWBBcqh0UA==",
      "requires": {
        "brace-expansion": "^1.1.7"
      }
    },
    "once": {
      "version": "1.4.0",
      "resolved": "https://registry.npmjs.org/once/-/once-1.4.0.tgz",
      "integrity": "sha1-WDsap3WWHUsROsF9nFC6753Xa9E=",
      "dev": true,
      "requires": {
        "wrappy": "1"
      }
    },
    "path-is-absolute": {
      "version": "1.0.1",
      "resolved": "https://registry.npmjs.org/path-is-absolute/-/path-is-absolute-1.0.1.tgz",
      "integrity": "sha1-F0uSaHNVNP+8es5r9TpanhtcX18=",
      "dev": true
    },
    "repeat-string": {
      "version": "1.6.1",
      "resolved": "https://registry.npmjs.org/repeat-string/-/repeat-string-1.6.1.tgz",
      "integrity": "sha1-jcrkcOHIirwtYA//Sndihtp15jc="
    },
    "resolve-from": {
      "version": "5.0.0",
      "resolved": "https://registry.npmjs.org/resolve-from/-/resolve-from-5.0.0.tgz",
      "integrity": "sha512-qYg9KP24dD5qka9J47d0aVky0N+b4fTU89LN9iDnjB5waksiC49rvMB0PrUJQGoTmH50XPiqOvAjDfaijGxYZw=="
    },
    "rimraf": {
      "version": "3.0.2",
      "resolved": "https://registry.npmjs.org/rimraf/-/rimraf-3.0.2.tgz",
      "integrity": "sha512-JZkJMZkAGFFPP2YqXZXPbMlMBgsxzE8ILs4lMIX/2o0L9UBw9O/Y3o6wFw/i9YLapcUJWwqbi3kdxIPdC62TIA==",
      "dev": true,
      "requires": {
        "glob": "^7.1.3"
      }
    },
    "safer-buffer": {
      "version": "2.1.2",
      "resolved": "https://registry.npmjs.org/safer-buffer/-/safer-buffer-2.1.2.tgz",
      "integrity": "sha512-YZo3K82SD7Riyi0E1EQPojLz7kpepnSQI9IyPbHHg1XXXevb5dJI7tpyN2ADxGcQbHG7vcyRHk0cbwqcQriUtg=="
    },
    "semver": {
      "version": "6.3.0",
      "resolved": "https://registry.npmjs.org/semver/-/semver-6.3.0.tgz",
      "integrity": "sha512-b39TBaTSfV6yBrapU89p5fKekE2m/NwnDocOVruQFS1/veMgdzuPcnOM34M6CwxW8jH/lxEa5rBoDeUwu5HHTw=="
    },
    "signal-exit": {
      "version": "3.0.3",
      "resolved": "https://registry.npmjs.org/signal-exit/-/signal-exit-3.0.3.tgz",
      "integrity": "sha512-VUJ49FC8U1OxwZLxIbTTrDvLnf/6TDgxZcK8wxR8zs13xpx7xbG60ndBlhNrFi2EMuFRoeDoJO7wthSLq42EjA=="
    },
    "ts-json-schema-generator": {
      "version": "0.77.0",
      "resolved": "https://registry.npmjs.org/ts-json-schema-generator/-/ts-json-schema-generator-0.77.0.tgz",
      "integrity": "sha512-cM+9NfO/jFVEQNLog1XAYmBk9k5fRwTqP7rp1c2IMBREuOjIpiSkgv3/QjoH89UXhh8Ik6Wc8FT0mg7wssazcw==",
      "dev": true,
      "requires": {
        "@types/json-schema": "^7.0.6",
        "commander": "^6.1.0",
        "fast-json-stable-stringify": "^2.1.0",
        "glob": "^7.1.6",
        "json-stable-stringify": "^1.0.1",
        "typescript": "~4.0.3"
      }
    },
    "typedarray-to-buffer": {
      "version": "3.1.5",
      "resolved": "https://registry.npmjs.org/typedarray-to-buffer/-/typedarray-to-buffer-3.1.5.tgz",
      "integrity": "sha512-zdu8XMNEDepKKR+XYOXAVPtWui0ly0NtohUscw+UmaHiAWT8hrV1rr//H6V+0DvJ3OQ19S979M0laLfX8rm82Q==",
      "requires": {
        "is-typedarray": "^1.0.0"
      }
    },
    "typescript": {
      "version": "4.0.5",
      "resolved": "https://registry.npmjs.org/typescript/-/typescript-4.0.5.tgz",
      "integrity": "sha512-ywmr/VrTVCmNTJ6iV2LwIrfG1P+lv6luD8sUJs+2eI9NLGigaN+nUQc13iHqisq7bra9lnmUSYqbJvegraBOPQ==",
      "dev": true
    },
    "unique-string": {
      "version": "2.0.0",
      "resolved": "https://registry.npmjs.org/unique-string/-/unique-string-2.0.0.tgz",
      "integrity": "sha512-uNaeirEPvpZWSgzwsPGtU2zVSTrn/8L5q/IexZmH0eH6SA73CmAA5U4GwORTxQAZs95TAXLNqeLoPPNO5gZfWg==",
      "requires": {
        "crypto-random-string": "^2.0.0"
      }
    },
    "universalify": {
      "version": "1.0.0",
      "resolved": "https://registry.npmjs.org/universalify/-/universalify-1.0.0.tgz",
      "integrity": "sha512-rb6X1W158d7pRQBg5gkR8uPaSfiids68LTJQYOtEUhoJUWBdaQHsuT/EUduxXYxcrt4r5PJ4fuHW1MHT6p0qug=="
    },
    "vscode-uri": {
      "version": "2.1.2",
      "resolved": "https://registry.npmjs.org/vscode-uri/-/vscode-uri-2.1.2.tgz",
      "integrity": "sha512-8TEXQxlldWAuIODdukIb+TR5s+9Ds40eSJrw+1iDDA9IFORPjMELarNQE3myz5XIkWWpdprmJjm1/SxMlWOC8A=="
    },
    "wrappy": {
      "version": "1.0.2",
      "resolved": "https://registry.npmjs.org/wrappy/-/wrappy-1.0.2.tgz",
      "integrity": "sha1-tSQ9jz7BqjXxNkYFvA0QNuMKtp8=",
      "dev": true
    },
    "write-file-atomic": {
      "version": "3.0.3",
      "resolved": "https://registry.npmjs.org/write-file-atomic/-/write-file-atomic-3.0.3.tgz",
      "integrity": "sha512-AvHcyZ5JnSfq3ioSyjrBkH9yW4m7Ayk8/9My/DD9onKeu/94fwrMocemO2QAJFAlnnDN+ZDS+ZjAR5ua1/PV/Q==",
      "requires": {
        "imurmurhash": "^0.1.4",
        "is-typedarray": "^1.0.0",
        "signal-exit": "^3.0.2",
        "typedarray-to-buffer": "^3.1.5"
      }
    },
    "xdg-basedir": {
      "version": "4.0.0",
      "resolved": "https://registry.npmjs.org/xdg-basedir/-/xdg-basedir-4.0.0.tgz",
      "integrity": "sha512-PSNhEJDejZYV7h50BohL09Er9VaIefr2LMAf3OEmpCkjOi34eYyQYAXUTjEQtZJTKcF0E2UKTh+osDLsgNim9Q=="
    }
  }
}
