{
  "name": "test-cspell-lib",
  "version": "5.0.7",
  "lockfileVersion": 1,
  "requires": true,
  "dependencies": {
    "@cspell/cspell-bundled-dicts": {
      "version": "5.0.6",
      "resolved": "https://registry.npmjs.org/@cspell/cspell-bundled-dicts/-/cspell-bundled-dicts-5.0.6.tgz",
      "integrity": "sha512-3M9Xf8UWdJDYlka+Tu81+KOC3nHMsKFX7HuVBR7GtnQF9ZK+izT2Pu9X2LrcKCmjGdO6H9drYW4/Ntcv9wE5eQ==",
      "requires": {
        "@cspell/dict-aws": "^1.0.12",
        "@cspell/dict-bash": "^1.0.10",
        "@cspell/dict-companies": "^1.0.34",
        "@cspell/dict-cpp": "^1.1.36",
        "@cspell/dict-cryptocurrencies": "^1.0.9",
        "@cspell/dict-csharp": "^1.0.9",
        "@cspell/dict-css": "^1.0.9",
        "@cspell/dict-django": "^1.0.24",
        "@cspell/dict-dotnet": "^1.0.23",
        "@cspell/dict-elixir": "^1.0.22",
        "@cspell/dict-en-gb": "^1.1.27",
        "@cspell/dict-en_us": "^1.2.37",
        "@cspell/dict-filetypes": "^1.1.4",
        "@cspell/dict-fonts": "^1.0.12",
        "@cspell/dict-fullstack": "^1.0.35",
        "@cspell/dict-golang": "^1.1.23",
        "@cspell/dict-haskell": "^1.0.11",
        "@cspell/dict-html": "^1.1.4",
        "@cspell/dict-html-symbol-entities": "^1.0.22",
        "@cspell/dict-java": "^1.0.21",
        "@cspell/dict-latex": "^1.0.22",
        "@cspell/dict-lorem-ipsum": "^1.0.21",
        "@cspell/dict-lua": "^1.0.15",
        "@cspell/dict-node": "^1.0.8",
        "@cspell/dict-npm": "^1.0.9",
        "@cspell/dict-php": "^1.0.22",
        "@cspell/dict-powershell": "^1.0.13",
        "@cspell/dict-python": "^1.0.30",
        "@cspell/dict-ruby": "^1.0.11",
        "@cspell/dict-rust": "^1.0.21",
        "@cspell/dict-scala": "^1.0.20",
        "@cspell/dict-software-terms": "^1.0.22",
        "@cspell/dict-typescript": "^1.0.15"
      }
    },
    "@cspell/dict-aws": {
      "version": "1.0.12",
      "resolved": "https://registry.npmjs.org/@cspell/dict-aws/-/dict-aws-1.0.12.tgz",
      "integrity": "sha512-2jI3VCdizeFssndayOco36HiTnWVG6SYc49sMazSdu/hJwKdvoT/5CX5qXOG6I0hU+L0Q964pGjhk05NTFeG2g=="
    },
    "@cspell/dict-bash": {
      "version": "1.0.10",
      "resolved": "https://registry.npmjs.org/@cspell/dict-bash/-/dict-bash-1.0.10.tgz",
      "integrity": "sha512-xYEOfGeqJUvGr5EPggMA9b/LQt3bw7k29pXeLHbpOymbAmb1rYVg69oSItZDMXenqG/KjNdx885qKtJA3OlRkQ=="
    },
    "@cspell/dict-companies": {
      "version": "1.0.34",
      "resolved": "https://registry.npmjs.org/@cspell/dict-companies/-/dict-companies-1.0.34.tgz",
      "integrity": "sha512-zwCa+8Z/du3WOwH2pzEQynckIKMHi2ZoK+VYDRz2/+jatpueOYoPJRjMKpTAigQuOEXM7k5y5XR9piyrrteYWA=="
    },
    "@cspell/dict-cpp": {
      "version": "1.1.36",
      "resolved": "https://registry.npmjs.org/@cspell/dict-cpp/-/dict-cpp-1.1.36.tgz",
      "integrity": "sha512-c2jWVVPWTzEV+puML05NeZRk+loUve6uonLRrL1L6WhZDKNEE6HJCqTPw7E91xck75fl3UPhriYrVNOE5UAInQ=="
    },
    "@cspell/dict-cryptocurrencies": {
      "version": "1.0.9",
      "resolved": "https://registry.npmjs.org/@cspell/dict-cryptocurrencies/-/dict-cryptocurrencies-1.0.9.tgz",
      "integrity": "sha512-n7P4uIO3cykPFxST5DJFEpdgCg6HzmMuO+RBpIj9oW+urRHrg97LrIVrMa8Xqk2eJ1hnFWnWyUm8JA8g8ego0w=="
    },
    "@cspell/dict-csharp": {
      "version": "1.0.9",
      "resolved": "https://registry.npmjs.org/@cspell/dict-csharp/-/dict-csharp-1.0.9.tgz",
      "integrity": "sha512-GHEOX40Bk4OeDL/RgW1MIrMH7S3oEnrjIpsh+cOTWBxsqj25LcOCF0pA7c9zsjbJy9xTMS2ZRL3iBVU8AaS6rg=="
    },
    "@cspell/dict-css": {
      "version": "1.0.9",
      "resolved": "https://registry.npmjs.org/@cspell/dict-css/-/dict-css-1.0.9.tgz",
      "integrity": "sha512-S2mJEZRZ0oF+RqfbGNkmWIf/5uDUN6mIveUXRrOPatX42gTUiZZ0iIpdjadeW9Eg/M8f2u7LjKlqT6bZ39azjA=="
    },
    "@cspell/dict-django": {
      "version": "1.0.24",
      "resolved": "https://registry.npmjs.org/@cspell/dict-django/-/dict-django-1.0.24.tgz",
      "integrity": "sha512-Fwx1XMVMhd2CL7aW0W8S8hDyMnsl6ipah3H1YIb/m+IemdISZYy1zk+EplXmQxuReausk7IRtQMXWvvtiEhWRQ=="
    },
    "@cspell/dict-dotnet": {
      "version": "1.0.23",
      "resolved": "https://registry.npmjs.org/@cspell/dict-dotnet/-/dict-dotnet-1.0.23.tgz",
      "integrity": "sha512-st7Kbzf88L4ZWh4+5y2S66ub7D/VU+gS1m15avYu6qFGOMq/xxZViudHfv4rqPSoEo8aOwOYb7k7pFCH8D5yqA=="
    },
    "@cspell/dict-elixir": {
      "version": "1.0.22",
      "resolved": "https://registry.npmjs.org/@cspell/dict-elixir/-/dict-elixir-1.0.22.tgz",
      "integrity": "sha512-Ik4UDk9o0LH3wVPyEFpT4syiZMWrkdPzKxQDKuQXhveHtayIQvTSQ3AeoNOSSu9w0EGYWyYY4ZNX6Cwbk2vxqg=="
    },
    "@cspell/dict-en-gb": {
      "version": "1.1.27",
      "resolved": "https://registry.npmjs.org/@cspell/dict-en-gb/-/dict-en-gb-1.1.27.tgz",
      "integrity": "sha512-0tY939q0vzmsUotKQe/i8mDGqiiw4V3Kv/nkTvxFfVQAd6JRfpWBKlMbVV5Oy37nQkQiwkDLY4v90AbyqOvG8Q=="
    },
    "@cspell/dict-en_us": {
      "version": "1.2.37",
      "resolved": "https://registry.npmjs.org/@cspell/dict-en_us/-/dict-en_us-1.2.37.tgz",
      "integrity": "sha512-03QYjVBsjCYzDOkK0GKAF0YmshPwXp56efgN1uYd1BS5t5lMOFix/5hH8UYuBK2o2db0o/Kuw5GWMgKtBkO/5Q=="
    },
    "@cspell/dict-filetypes": {
      "version": "1.1.4",
      "resolved": "https://registry.npmjs.org/@cspell/dict-filetypes/-/dict-filetypes-1.1.4.tgz",
      "integrity": "sha512-X3+noNfQQr3u/oL/RkD3Vg+R+3H1lV+m8Kdn2nfCkkLaDen3/QQ8Z9NM7vbm1zwyTlIKGcM3u1IqKIwhAXQOqA=="
    },
    "@cspell/dict-fonts": {
      "version": "1.0.12",
      "resolved": "https://registry.npmjs.org/@cspell/dict-fonts/-/dict-fonts-1.0.12.tgz",
      "integrity": "sha512-BVvU9YoXf7EhTk4m+oLWxkSAVDWS994q10YhsR5QNQ5SejuMsmBIyqph0hoBidXvhIE5B736zPLoMkqon7NNig=="
    },
    "@cspell/dict-fullstack": {
      "version": "1.0.35",
      "resolved": "https://registry.npmjs.org/@cspell/dict-fullstack/-/dict-fullstack-1.0.35.tgz",
      "integrity": "sha512-gTnxIeZ9A3dW/qBCvl2ZuQqE+IeL5uOHmrTFw7tA+mLEgknNUwSdmoGu82pmH/sTbH223U07nSglNqhY0hH/Wg=="
    },
    "@cspell/dict-golang": {
      "version": "1.1.23",
      "resolved": "https://registry.npmjs.org/@cspell/dict-golang/-/dict-golang-1.1.23.tgz",
      "integrity": "sha512-FE1IenW5vFLaRk4AFhVYRlWKQhqjFApQ76+2dDxJdDxLIWOC+EOJmIBP4asAD57NT/Dz7sKw4grtkLu4vB+s9Q=="
    },
    "@cspell/dict-haskell": {
      "version": "1.0.11",
      "resolved": "https://registry.npmjs.org/@cspell/dict-haskell/-/dict-haskell-1.0.11.tgz",
      "integrity": "sha512-sE0+Hnl+/iUc9rbHQHSZF9r0AP2SxnXRL7IbLDhy/zCrBMgvsYNOgRjC9tI0uxr5vRTEgBKumrUIduXiI0GICA=="
    },
    "@cspell/dict-html": {
      "version": "1.1.4",
      "resolved": "https://registry.npmjs.org/@cspell/dict-html/-/dict-html-1.1.4.tgz",
      "integrity": "sha512-torS96vNxwdwliAj77FGswqZlPZmTgZrtLu+5S1JRhGrNN2wVDRJvKG2KiiiFq4qP+xiRlWlpTybRGa6ldZkFQ=="
    },
    "@cspell/dict-html-symbol-entities": {
      "version": "1.0.22",
      "resolved": "https://registry.npmjs.org/@cspell/dict-html-symbol-entities/-/dict-html-symbol-entities-1.0.22.tgz",
      "integrity": "sha512-Ai4nho7DRRwsXeez0Lc8PPOoN5A060aAv0ICQmB4YjpA2YVvVTmz6/mI6JbTJFF3V+WKd7YK448PuccNlUgDcQ=="
    },
    "@cspell/dict-java": {
      "version": "1.0.21",
      "resolved": "https://registry.npmjs.org/@cspell/dict-java/-/dict-java-1.0.21.tgz",
      "integrity": "sha512-jgrJmwyOXixGbXjvIny/fptFrNzFvBnMkYKDWQYHsHK7zrv0+RFFmWIQLLBvtnnX98hT2dhGmoR/tiZnsa6Xvg=="
    },
    "@cspell/dict-latex": {
      "version": "1.0.22",
      "resolved": "https://registry.npmjs.org/@cspell/dict-latex/-/dict-latex-1.0.22.tgz",
      "integrity": "sha512-DlPbT1XE3gAla1ogIlG4BeYIT+ql2o5iYBqlj2iqhE8wyH54UGLKObmBx8K+tQqIKsQm5NfoNZ7uBcGXBwcQww=="
    },
    "@cspell/dict-lorem-ipsum": {
      "version": "1.0.21",
      "resolved": "https://registry.npmjs.org/@cspell/dict-lorem-ipsum/-/dict-lorem-ipsum-1.0.21.tgz",
      "integrity": "sha512-1eXhTePkDpCYYmiwRFEECEjgOnvSMfEiGGd9Ku+P4p+mj2LmFdejfzWhyr9agrcbj9YD0OWwEBluiRg4QAs9kQ=="
    },
    "@cspell/dict-lua": {
      "version": "1.0.15",
      "resolved": "https://registry.npmjs.org/@cspell/dict-lua/-/dict-lua-1.0.15.tgz",
      "integrity": "sha512-/3L5oHxErLd4SPwgJ10SCBcidGP+obJ9V1QAhBF10ktAPD9b3larrXam01G2zn1H6lMJjuOm9Q4iJOV5rL3TsQ=="
    },
    "@cspell/dict-node": {
      "version": "1.0.8",
      "resolved": "https://registry.npmjs.org/@cspell/dict-node/-/dict-node-1.0.8.tgz",
      "integrity": "sha512-3Pc2Np66BjaeNtcScrGjRTzyHe8UuFFrZGStzo1zx89MnKx6gT3XagIwmLjm6kGzUbtoAnKY2U2FugIOSQ7dLA=="
    },
    "@cspell/dict-npm": {
      "version": "1.0.9",
      "resolved": "https://registry.npmjs.org/@cspell/dict-npm/-/dict-npm-1.0.9.tgz",
      "integrity": "sha512-LyV/uUV8TPq7JKXRvN4Bm/be9qgXbCL2oLdZ/D01dljsRBmlgg5hmDaa8SY+msitnTyJ1MKtEsQiwlH2CbGgow=="
    },
    "@cspell/dict-php": {
      "version": "1.0.22",
      "resolved": "https://registry.npmjs.org/@cspell/dict-php/-/dict-php-1.0.22.tgz",
      "integrity": "sha512-SWkz/3EB00irqRyF7UG7bgO2oh1K1JAhKB4BHfW7HKDec6Zb6IapNvvXaS5ham/oXqjy6IigDVoY7sgVRJ2sZg=="
    },
    "@cspell/dict-powershell": {
      "version": "1.0.13",
      "resolved": "https://registry.npmjs.org/@cspell/dict-powershell/-/dict-powershell-1.0.13.tgz",
      "integrity": "sha512-6dOPZiKac4ycoFUtcw/zsLrlL2uoTorgKkX0wtRlBu3rnD6FiN/2UD9rfnl/tbd6dM0SvS2Adxb3HkV2teVGbQ=="
    },
    "@cspell/dict-python": {
      "version": "1.0.30",
      "resolved": "https://registry.npmjs.org/@cspell/dict-python/-/dict-python-1.0.30.tgz",
      "integrity": "sha512-9ej3jHJxcTpGl3fQMeInZ7m1zD8tEAJU81C7C9FfxsyO0t1eMNB+q/lU72p8lfuNHFSz2Kb8Q+swMw7j1guIUg=="
    },
    "@cspell/dict-ruby": {
      "version": "1.0.11",
      "resolved": "https://registry.npmjs.org/@cspell/dict-ruby/-/dict-ruby-1.0.11.tgz",
      "integrity": "sha512-n/KZqm68wOemeV1vp6340yIJDclXO/p8dFvDnjR8hUJP1l7p4p/QzY1K4HFDv/744V4sqTSF0dXJia8uXiuwBA=="
    },
    "@cspell/dict-rust": {
      "version": "1.0.21",
      "resolved": "https://registry.npmjs.org/@cspell/dict-rust/-/dict-rust-1.0.21.tgz",
      "integrity": "sha512-13O1Gvfc9aSK+r5kRT+Bqe2+/QYQbM0yWsD4KV8pTG1xNxDQOzS02dzjbd4MpmCjzYFO1H+Zz//iZpX4vxnawA=="
    },
    "@cspell/dict-scala": {
      "version": "1.0.20",
      "resolved": "https://registry.npmjs.org/@cspell/dict-scala/-/dict-scala-1.0.20.tgz",
      "integrity": "sha512-JkVCjsn3lUmh5EdeoKttedN2pCXvQJzz5jtbr5Hfer7oLC6flre58yPpaC1kyfOP1lCpg31FQSUnhlB6AyJNDQ=="
    },
    "@cspell/dict-software-terms": {
      "version": "1.0.22",
      "resolved": "https://registry.npmjs.org/@cspell/dict-software-terms/-/dict-software-terms-1.0.22.tgz",
      "integrity": "sha512-mZgKYgL6EXXeEdzc+XlRNDdTmLAvl1L+muijAiwyRxfJnP5yznoxvyN0v51dTraRYA9xxoqKzNlT5gPQkLc7hQ=="
    },
    "@cspell/dict-typescript": {
      "version": "1.0.15",
      "resolved": "https://registry.npmjs.org/@cspell/dict-typescript/-/dict-typescript-1.0.15.tgz",
      "integrity": "sha512-Guh+nN57OqbcRNH6cfbBQKfeDp0i+GBlniYvhWvaRxkSdFQJi4YgFKvQJsvtwLkwmNqYkQIXQr+8zXhuvTHLhA=="
    },
    "array-timsort": {
      "version": "1.0.3",
      "resolved": "https://registry.npmjs.org/array-timsort/-/array-timsort-1.0.3.tgz",
      "integrity": "sha512-/+3GRL7dDAGEfM6TseQk/U+mi18TU2Ms9I3UlLdUMhz2hbvGNTKdj9xniwXfUqgYhHxRx0+8UnKkvlNwVU+cWQ=="
    },
    "at-least-node": {
      "version": "1.0.0",
      "resolved": "https://registry.npmjs.org/at-least-node/-/at-least-node-1.0.0.tgz",
      "integrity": "sha512-+q/t7Ekv1EDY2l6Gda6LLiX14rU9TV20Wa3ofeQmwPFZbOMo9DXrLbOjFaaclkXKWidIaopwAObQDqwWtGUjqg=="
    },
    "balanced-match": {
      "version": "1.0.0",
      "resolved": "https://registry.npmjs.org/balanced-match/-/balanced-match-1.0.0.tgz",
      "integrity": "sha1-ibTRmasr7kneFk6gK4nORi1xt2c="
    },
    "brace-expansion": {
      "version": "1.1.11",
      "resolved": "https://registry.npmjs.org/brace-expansion/-/brace-expansion-1.1.11.tgz",
      "integrity": "sha512-iCuPHDFgrHX7H2vEI/5xpz07zSHB00TpugqhmYtVmMO6518mCuRMoOYFldEBl0g187ufozdaHgWKcYFb61qGiA==",
      "requires": {
        "balanced-match": "^1.0.0",
        "concat-map": "0.0.1"
      }
    },
    "comment-json": {
      "version": "4.1.0",
      "resolved": "https://registry.npmjs.org/comment-json/-/comment-json-4.1.0.tgz",
      "integrity": "sha512-WEghmVYaNq9NlWbrkzQTSsya9ycLyxJxpTQfZEan6a5Jomnjw18zS3Podf8q1Zf9BvonvQd/+Z7Z39L7KKzzdQ==",
      "requires": {
        "array-timsort": "^1.0.3",
        "core-util-is": "^1.0.2",
        "esprima": "^4.0.1",
        "has-own-prop": "^2.0.0",
        "repeat-string": "^1.6.1"
      }
    },
    "concat-map": {
      "version": "0.0.1",
      "resolved": "https://registry.npmjs.org/concat-map/-/concat-map-0.0.1.tgz",
      "integrity": "sha1-2Klr13/Wjfd5OnMDajug1UBdR3s="
    },
    "configstore": {
      "version": "5.0.1",
      "resolved": "https://registry.npmjs.org/configstore/-/configstore-5.0.1.tgz",
      "integrity": "sha512-aMKprgk5YhBNyH25hj8wGt2+D52Sw1DRRIzqBwLp2Ya9mFmY8KPvvtvmna8SxVR9JMZ4kzMD68N22vlaRpkeFA==",
      "requires": {
        "dot-prop": "^5.2.0",
        "graceful-fs": "^4.1.2",
        "make-dir": "^3.0.0",
        "unique-string": "^2.0.0",
        "write-file-atomic": "^3.0.0",
        "xdg-basedir": "^4.0.0"
      }
    },
    "core-util-is": {
      "version": "1.0.2",
      "resolved": "https://registry.npmjs.org/core-util-is/-/core-util-is-1.0.2.tgz",
      "integrity": "sha1-tf1UIgqivFq1eqtxQMlAdUUDwac="
    },
    "crypto-random-string": {
      "version": "2.0.0",
      "resolved": "https://registry.npmjs.org/crypto-random-string/-/crypto-random-string-2.0.0.tgz",
      "integrity": "sha512-v1plID3y9r/lPhviJ1wrXpLeyUIGAZ2SHNYTEapm7/8A9nLPoyvVp3RK/EPFqn5kEznyWgYZNsRtYYIWbuG8KA=="
    },
    "cspell-io": {
      "version": "5.0.4",
      "resolved": "https://registry.npmjs.org/cspell-io/-/cspell-io-5.0.4.tgz",
      "integrity": "sha512-NUoV0NiDJWeJjMaXbibBsYgCnTaM0Fj4UeNqDhdzrSjnkOQTuydTzYTjRg3nsTEKJCPWjuubiUt1D1O78ugX4A==",
      "requires": {
        "iconv-lite": "^0.6.2",
        "iterable-to-stream": "^1.0.1"
      }
    },
    "cspell-lib": {
      "version": "5.0.7",
      "resolved": "https://registry.npmjs.org/cspell-lib/-/cspell-lib-5.0.7.tgz",
      "integrity": "sha512-o6DxsZJtufO5jHE3VhNJ2OomusSxeUHjUO1Bx1uAoVUclwgktt9AtT5+LyDt6fDCuPv+5K5x1p4HoryAsmyiug==",
      "requires": {
        "@cspell/cspell-bundled-dicts": "^5.0.6",
        "comment-json": "^4.1.0",
        "configstore": "^5.0.1",
        "cspell-io": "^5.0.4",
        "cspell-trie-lib": "^5.0.4",
        "cspell-util-bundle": "^5.0.5",
        "fs-extra": "^9.0.1",
        "gensequence": "^3.1.1",
        "minimatch": "^3.0.4",
        "resolve-from": "^5.0.0",
        "resolve-global": "^1.0.0",
        "vscode-uri": "^2.1.2"
      }
    },
    "cspell-trie-lib": {
      "version": "5.0.4",
      "resolved": "https://registry.npmjs.org/cspell-trie-lib/-/cspell-trie-lib-5.0.4.tgz",
      "integrity": "sha512-RVTrh2V4qz1lVvVYPCNXxBNy/eVwhkyO0osUJ7pJ5NmOgDDSQc2vBZhXyJ6iSir15qfzFgykmq1hvkt97lNK/A==",
      "requires": {
        "fs-extra": "^9.0.1",
        "gensequence": "^3.1.1"
      }
    },
    "cspell-util-bundle": {
      "version": "5.0.5",
      "resolved": "https://registry.npmjs.org/cspell-util-bundle/-/cspell-util-bundle-5.0.5.tgz",
      "integrity": "sha512-v2zaiZBmHm8PVTRsqZ0K7FLfXNaPK9FvA5GKmkosACSvLNL9hSTX5VEvqAjigCUvoVfCALSKuh2smFKOu/ZGAQ=="
    },
    "dot-prop": {
      "version": "5.3.0",
      "resolved": "https://registry.npmjs.org/dot-prop/-/dot-prop-5.3.0.tgz",
      "integrity": "sha512-QM8q3zDe58hqUqjraQOmzZ1LIH9SWQJTlEKCH4kJ2oQvLZk7RbQXvtDM2XEq3fwkV9CCvvH4LA0AV+ogFsBM2Q==",
      "requires": {
        "is-obj": "^2.0.0"
      }
    },
    "esprima": {
      "version": "4.0.1",
      "resolved": "https://registry.npmjs.org/esprima/-/esprima-4.0.1.tgz",
      "integrity": "sha512-eGuFFw7Upda+g4p+QHvnW0RyTX/SVeJBDM/gCtMARO0cLuT2HcEKnTPvhjV6aGeqrCB/sbNop0Kszm0jsaWU4A=="
    },
    "fs-extra": {
      "version": "9.0.1",
      "resolved": "https://registry.npmjs.org/fs-extra/-/fs-extra-9.0.1.tgz",
      "integrity": "sha512-h2iAoN838FqAFJY2/qVpzFXy+EBxfVE220PalAqQLDVsFOHLJrZvut5puAbCdNv6WJk+B8ihI+k0c7JK5erwqQ==",
      "requires": {
        "at-least-node": "^1.0.0",
        "graceful-fs": "^4.2.0",
        "jsonfile": "^6.0.1",
        "universalify": "^1.0.0"
      }
    },
    "gensequence": {
      "version": "3.1.1",
      "resolved": "https://registry.npmjs.org/gensequence/-/gensequence-3.1.1.tgz",
      "integrity": "sha512-ys3h0hiteRwmY6BsvSttPmkhC0vEQHPJduANBRtH/dlDPZ0UBIb/dXy80IcckXyuQ6LKg+PloRqvGER9IS7F7g=="
    },
    "global-dirs": {
      "version": "0.1.1",
      "resolved": "https://registry.npmjs.org/global-dirs/-/global-dirs-0.1.1.tgz",
      "integrity": "sha1-sxnA3UYH81PzvpzKTHL8FIxJ9EU=",
      "requires": {
        "ini": "^1.3.4"
      }
    },
    "graceful-fs": {
      "version": "4.2.4",
      "resolved": "https://registry.npmjs.org/graceful-fs/-/graceful-fs-4.2.4.tgz",
      "integrity": "sha512-WjKPNJF79dtJAVniUlGGWHYGz2jWxT6VhN/4m1NdkbZ2nOsEF+cI1Edgql5zCRhs/VsQYRvrXctxktVXZUkixw=="
    },
    "has-own-prop": {
      "version": "2.0.0",
      "resolved": "https://registry.npmjs.org/has-own-prop/-/has-own-prop-2.0.0.tgz",
      "integrity": "sha512-Pq0h+hvsVm6dDEa8x82GnLSYHOzNDt7f0ddFa3FqcQlgzEiptPqL+XrOJNavjOzSYiYWIrgeVYYgGlLmnxwilQ=="
    },
    "iconv-lite": {
      "version": "0.6.2",
      "resolved": "https://registry.npmjs.org/iconv-lite/-/iconv-lite-0.6.2.tgz",
      "integrity": "sha512-2y91h5OpQlolefMPmUlivelittSWy0rP+oYVpn6A7GwVHNE8AWzoYOBNmlwks3LobaJxgHCYZAnyNo2GgpNRNQ==",
      "requires": {
        "safer-buffer": ">= 2.1.2 < 3.0.0"
      }
    },
    "imurmurhash": {
      "version": "0.1.4",
      "resolved": "https://registry.npmjs.org/imurmurhash/-/imurmurhash-0.1.4.tgz",
      "integrity": "sha1-khi5srkoojixPcT7a21XbyMUU+o="
    },
    "ini": {
      "version": "1.3.8",
      "resolved": "https://registry.npmjs.org/ini/-/ini-1.3.8.tgz",
      "integrity": "sha512-JV/yugV2uzW5iMRSiZAyDtQd+nxtUnjeLt0acNdw98kKLrvuRVyB80tsREOE7yvGVgalhZ6RNXCmEHkUKBKxew=="
    },
    "is-obj": {
      "version": "2.0.0",
      "resolved": "https://registry.npmjs.org/is-obj/-/is-obj-2.0.0.tgz",
      "integrity": "sha512-drqDG3cbczxxEJRoOXcOjtdp1J/lyp1mNn0xaznRs8+muBhgQcrnbspox5X5fOw0HnMnbfDzvnEMEtqDEJEo8w=="
    },
    "is-typedarray": {
      "version": "1.0.0",
      "resolved": "https://registry.npmjs.org/is-typedarray/-/is-typedarray-1.0.0.tgz",
      "integrity": "sha1-5HnICFjfDBsR3dppQPlgEfzaSpo="
    },
    "iterable-to-stream": {
      "version": "1.0.1",
      "resolved": "https://registry.npmjs.org/iterable-to-stream/-/iterable-to-stream-1.0.1.tgz",
      "integrity": "sha512-O62gD5ADMUGtJoOoM9U6LQ7i4byPXUNoHJ6mqsmkQJcom331ZJGDApWgDESWyBMEHEJRjtHozgIiTzYo9RU4UA=="
    },
    "jsonfile": {
      "version": "6.1.0",
      "resolved": "https://registry.npmjs.org/jsonfile/-/jsonfile-6.1.0.tgz",
      "integrity": "sha512-5dgndWOriYSm5cnYaJNhalLNDKOqFwyDB/rr1E9ZsGciGvKPs8R2xYGCacuf3z6K1YKDz182fd+fY3cn3pMqXQ==",
      "requires": {
        "graceful-fs": "^4.1.6",
        "universalify": "^2.0.0"
      },
      "dependencies": {
        "universalify": {
          "version": "2.0.0",
          "resolved": "https://registry.npmjs.org/universalify/-/universalify-2.0.0.tgz",
          "integrity": "sha512-hAZsKq7Yy11Zu1DE0OzWjw7nnLZmJZYTDZZyEFHZdUhV8FkH5MCfoU1XMaxXovpyW5nq5scPqq0ZDP9Zyl04oQ=="
        }
      }
    },
    "make-dir": {
      "version": "3.1.0",
      "resolved": "https://registry.npmjs.org/make-dir/-/make-dir-3.1.0.tgz",
      "integrity": "sha512-g3FeP20LNwhALb/6Cz6Dd4F2ngze0jz7tbzrD2wAV+o9FeNHe4rL+yK2md0J/fiSf1sa1ADhXqi5+oVwOM/eGw==",
      "requires": {
        "semver": "^6.0.0"
      }
    },
    "minimatch": {
      "version": "3.0.4",
      "resolved": "https://registry.npmjs.org/minimatch/-/minimatch-3.0.4.tgz",
      "integrity": "sha512-yJHVQEhyqPLUTgt9B83PXu6W3rx4MvvHvSUvToogpwoGDOUQ+yDrR0HRot+yOCdCO7u4hX3pWft6kWBBcqh0UA==",
      "requires": {
        "brace-expansion": "^1.1.7"
      }
    },
    "repeat-string": {
      "version": "1.6.1",
      "resolved": "https://registry.npmjs.org/repeat-string/-/repeat-string-1.6.1.tgz",
      "integrity": "sha1-jcrkcOHIirwtYA//Sndihtp15jc="
    },
    "resolve-from": {
      "version": "5.0.0",
      "resolved": "https://registry.npmjs.org/resolve-from/-/resolve-from-5.0.0.tgz",
      "integrity": "sha512-qYg9KP24dD5qka9J47d0aVky0N+b4fTU89LN9iDnjB5waksiC49rvMB0PrUJQGoTmH50XPiqOvAjDfaijGxYZw=="
    },
    "resolve-global": {
      "version": "1.0.0",
      "resolved": "https://registry.npmjs.org/resolve-global/-/resolve-global-1.0.0.tgz",
      "integrity": "sha512-zFa12V4OLtT5XUX/Q4VLvTfBf+Ok0SPc1FNGM/z9ctUdiU618qwKpWnd0CHs3+RqROfyEg/DhuHbMWYqcgljEw==",
      "requires": {
        "global-dirs": "^0.1.1"
      }
    },
    "safer-buffer": {
      "version": "2.1.2",
      "resolved": "https://registry.npmjs.org/safer-buffer/-/safer-buffer-2.1.2.tgz",
      "integrity": "sha512-YZo3K82SD7Riyi0E1EQPojLz7kpepnSQI9IyPbHHg1XXXevb5dJI7tpyN2ADxGcQbHG7vcyRHk0cbwqcQriUtg=="
    },
    "semver": {
      "version": "6.3.0",
      "resolved": "https://registry.npmjs.org/semver/-/semver-6.3.0.tgz",
      "integrity": "sha512-b39TBaTSfV6yBrapU89p5fKekE2m/NwnDocOVruQFS1/veMgdzuPcnOM34M6CwxW8jH/lxEa5rBoDeUwu5HHTw=="
    },
    "signal-exit": {
      "version": "3.0.3",
      "resolved": "https://registry.npmjs.org/signal-exit/-/signal-exit-3.0.3.tgz",
      "integrity": "sha512-VUJ49FC8U1OxwZLxIbTTrDvLnf/6TDgxZcK8wxR8zs13xpx7xbG60ndBlhNrFi2EMuFRoeDoJO7wthSLq42EjA=="
    },
    "typedarray-to-buffer": {
      "version": "3.1.5",
      "resolved": "https://registry.npmjs.org/typedarray-to-buffer/-/typedarray-to-buffer-3.1.5.tgz",
      "integrity": "sha512-zdu8XMNEDepKKR+XYOXAVPtWui0ly0NtohUscw+UmaHiAWT8hrV1rr//H6V+0DvJ3OQ19S979M0laLfX8rm82Q==",
      "requires": {
        "is-typedarray": "^1.0.0"
      }
    },
    "unique-string": {
      "version": "2.0.0",
      "resolved": "https://registry.npmjs.org/unique-string/-/unique-string-2.0.0.tgz",
      "integrity": "sha512-uNaeirEPvpZWSgzwsPGtU2zVSTrn/8L5q/IexZmH0eH6SA73CmAA5U4GwORTxQAZs95TAXLNqeLoPPNO5gZfWg==",
      "requires": {
        "crypto-random-string": "^2.0.0"
      }
    },
    "universalify": {
      "version": "1.0.0",
      "resolved": "https://registry.npmjs.org/universalify/-/universalify-1.0.0.tgz",
      "integrity": "sha512-rb6X1W158d7pRQBg5gkR8uPaSfiids68LTJQYOtEUhoJUWBdaQHsuT/EUduxXYxcrt4r5PJ4fuHW1MHT6p0qug=="
    },
    "vscode-uri": {
      "version": "2.1.2",
      "resolved": "https://registry.npmjs.org/vscode-uri/-/vscode-uri-2.1.2.tgz",
      "integrity": "sha512-8TEXQxlldWAuIODdukIb+TR5s+9Ds40eSJrw+1iDDA9IFORPjMELarNQE3myz5XIkWWpdprmJjm1/SxMlWOC8A=="
    },
    "write-file-atomic": {
      "version": "3.0.3",
      "resolved": "https://registry.npmjs.org/write-file-atomic/-/write-file-atomic-3.0.3.tgz",
      "integrity": "sha512-AvHcyZ5JnSfq3ioSyjrBkH9yW4m7Ayk8/9My/DD9onKeu/94fwrMocemO2QAJFAlnnDN+ZDS+ZjAR5ua1/PV/Q==",
      "requires": {
        "imurmurhash": "^0.1.4",
        "is-typedarray": "^1.0.0",
        "signal-exit": "^3.0.2",
        "typedarray-to-buffer": "^3.1.5"
      }
    },
    "xdg-basedir": {
      "version": "4.0.0",
      "resolved": "https://registry.npmjs.org/xdg-basedir/-/xdg-basedir-4.0.0.tgz",
      "integrity": "sha512-PSNhEJDejZYV7h50BohL09Er9VaIefr2LMAf3OEmpCkjOi34eYyQYAXUTjEQtZJTKcF0E2UKTh+osDLsgNim9Q=="
    }
  }
}
