# This file is generated by running "yarn install" inside your project.
# Manual changes might be lost - proceed with caution!

__metadata:
  version: 8
  cacheKey: 10

"@cspell/cspell-types@npm:^8.15.6":
  version: 8.15.6
  resolution: "@cspell/cspell-types@npm:8.15.6"
  checksum: 10/6b9e03fb49fc01fb7763d965b2fc52bf05e260e3b569a4c53e53d316c8ba464b1521f8ced0b4a1db705b7315e79b9847b36ee634807f9f7c5febf54ac7a17189
  languageName: node
  linkType: hard

"@cspell/dict-scientific-terms-us@npm:^3.0.4":
  version: 3.0.4
  resolution: "@cspell/dict-scientific-terms-us@npm:3.0.4"
  checksum: 10/df66ce3e5fdbea28d7307cebfa4b4397fe913787907592eaa2510eaa302bba09f500288088e6a6acd9eee56eb69af1701fb0bd586af222f70a4579228d9f73e3
  languageName: node
  linkType: hard

"test-yarn3-sci@workspace:.":
  version: 0.0.0-use.local
  resolution: "test-yarn3-sci@workspace:."
  dependencies:
    "@cspell/cspell-types": "npm:^8.15.6"
    "@cspell/dict-scientific-terms-us": "npm:^3.0.4"
  languageName: unknown
  linkType: soft
