{
  "name": "test",
  "version": "1.0.0",
  "lockfileVersion": 1,
  "requires": true,
  "dependencies": {
    "@cspell/cspell-types": {
      "version": "5.5.2",
      "resolved": "https://registry.npmjs.org/@cspell/cspell-types/-/cspell-types-5.5.2.tgz",
      "integrity": "sha512-/SEI6b51gYI2UQXQci++oraYvWJmSfKkV+rw3vk1qycZwLcmrqxZonLyHEH25+npUHE2ae1jE1g202w493icYg==",
      "dev": true
    },
    "@cspell/dict-medicalterms": {
      "version": "1.0.27",
      "resolved": "https://registry.npmjs.org/@cspell/dict-medicalterms/-/dict-medicalterms-1.0.27.tgz",
      "integrity": "sha512-jL9TzFa+0bjXNZ4428qkjdsJDyDYyB42LW3v4wvKJ7lgRe978103/vGVpislom00TOLQ1JQMtL1sS1AcXi7E+A==",
      "dev": true
    }
  }
}
