# This file is generated by running "yarn install" inside your project.
# Manual changes might be lost - proceed with caution!

__metadata:
  version: 6
  cacheKey: 8

"@cspell/cspell-types@npm:^5.5.2":
  version: 5.5.2
  resolution: "@cspell/cspell-types@npm:5.5.2"
  checksum: 7dcc2b9e15ab967925e0eead1cb0f6d2cde7a4fd832f4398edfea10e97c14c4c4348dad40347d3766f1ca0d381cfca1940f2fd9a0a2477b87bcd229377c91a2b
  languageName: node
  linkType: hard

"@cspell/dict-medicalterms@npm:^1.0.27":
  version: 1.0.27
  resolution: "@cspell/dict-medicalterms@npm:1.0.27"
  checksum: 11cea87cdf0ec27747e42ab9f8d0a33c16a33187a7db3c2be7b4985e2a4705efd222e284bed5e82c667020097e4bf6dccba7903d1c0870810c69647360446c6d
  languageName: node
  linkType: hard

"test-yarn2-med@workspace:.":
  version: 0.0.0-use.local
  resolution: "test-yarn2-med@workspace:."
  dependencies:
    "@cspell/cspell-types": ^5.5.2
    "@cspell/dict-medicalterms": ^1.0.27
  languageName: unknown
  linkType: soft
