# This file is generated by running "yarn install" inside your project.
# Manual changes might be lost - proceed with caution!

__metadata:
  version: 4
  cacheKey: 8

"@cspell/cspell-types@npm:^5.8.2":
  version: 5.8.2
  resolution: "@cspell/cspell-types@npm:5.8.2"
  checksum: a81dc802a2ccc5d69772d6dfd33529f5b20eb06429ad2e1673eb3a97e9cf81e7a9efffffe75eb090526646a09c7567145ac4f2104931dbb2601aad2464300e20
  languageName: node
  linkType: hard

"@cspell/dict-medicalterms@npm:^1.0.27":
  version: 1.0.27
  resolution: "@cspell/dict-medicalterms@npm:1.0.27"
  checksum: 11cea87cdf0ec27747e42ab9f8d0a33c16a33187a7db3c2be7b4985e2a4705efd222e284bed5e82c667020097e4bf6dccba7903d1c0870810c69647360446c6d
  languageName: node
  linkType: hard

"test-yarn2-med@workspace:.":
  version: 0.0.0-use.local
  resolution: "test-yarn2-med@workspace:."
  dependencies:
    "@cspell/cspell-types": ^5.8.2
    "@cspell/dict-medicalterms": ^1.0.27
  languageName: unknown
  linkType: soft
