{
  "name": "@cspell/cspell-bundled-dicts",
  "version": "5.12.5",
  "lockfileVersion": 1,
  "requires": true,
  "dependencies": {
    "@cspell/cspell-tools": {
      "version": "5.12.5",
      "resolved": "https://registry.npmjs.org/@cspell/cspell-tools/-/cspell-tools-5.12.5.tgz",
      "integrity": "sha512-fB/3sH3HZLnlTFkQpnzNBuO5+5SYapsqA5XiEYXC75KD/AxAmFyG5CJtIcKOgP/nJXG8OWdV/YT66Z3gLa07yA==",
      "dev": true,
      "requires": {
        "commander": "^8.3.0",
        "cspell-io": "^5.12.4",
        "cspell-trie-lib": "^5.12.5",
        "fs-extra": "^10.0.0",
        "gensequence": "^3.1.1",
        "glob": "^7.2.0",
        "hunspell-reader": "^5.12.5"
      }
    },
    "@cspell/cspell-types": {
      "version": "5.12.4",
      "resolved": "https://registry.npmjs.org/@cspell/cspell-types/-/cspell-types-5.12.4.tgz",
      "integrity": "sha512-nqWY/U58etElYY/lc5+U3d2q9v2bX1a4W+heRPKD0yd3/UQYEs+c+6RE3N2Umtr9HyhrP9a9fQlSpZr1e/eeXA==",
      "dev": true
    },
    "@cspell/dict-ada": {
      "version": "1.1.2",
      "resolved": "https://registry.npmjs.org/@cspell/dict-ada/-/dict-ada-1.1.2.tgz",
      "integrity": "sha512-UDrcYcKIVyXDz5mInJabRNQpJoehjBFvja5W+GQyu9pGcx3BS3cAU8mWENstGR0Qc/iFTxB010qwF8F3cHA/aA=="
    },
    "@cspell/dict-aws": {
      "version": "1.0.14",
      "resolved": "https://registry.npmjs.org/@cspell/dict-aws/-/dict-aws-1.0.14.tgz",
      "integrity": "sha512-K21CfB4ZpKYwwDQiPfic2zJA/uxkbsd4IQGejEvDAhE3z8wBs6g6BwwqdVO767M9NgZqc021yAVpr79N5pWe3w=="
    },
    "@cspell/dict-bash": {
      "version": "1.0.16",
      "resolved": "https://registry.npmjs.org/@cspell/dict-bash/-/dict-bash-1.0.16.tgz",
      "integrity": "sha512-GyxHfX23AWv4iJyKQsQ5lq4qlEXzi/mjyUmCh3LY+jv8Kggqt0F/KCxOHhH7vrFgInnZyuPrRuwxtWv+I2rbwQ=="
    },
    "@cspell/dict-companies": {
      "version": "2.0.2",
      "resolved": "https://registry.npmjs.org/@cspell/dict-companies/-/dict-companies-2.0.2.tgz",
      "integrity": "sha512-LPKwBMAWRz+p1R8q+TV6E1sGOOTvxJOaJeXNN++CZQ7i6JMn5Rf+BSxagwkeK6z3o9vIC5ZE4AcQ5BMkvyjqGw=="
    },
    "@cspell/dict-cpp": {
      "version": "1.1.40",
      "resolved": "https://registry.npmjs.org/@cspell/dict-cpp/-/dict-cpp-1.1.40.tgz",
      "integrity": "sha512-sscfB3woNDNj60/yGXAdwNtIRWZ89y35xnIaJVDMk5TPMMpaDvuk0a34iOPIq0g4V+Y8e3RyAg71SH6ADwSjGw=="
    },
    "@cspell/dict-cryptocurrencies": {
      "version": "1.0.10",
      "resolved": "https://registry.npmjs.org/@cspell/dict-cryptocurrencies/-/dict-cryptocurrencies-1.0.10.tgz",
      "integrity": "sha512-47ABvDJOkaST/rXipNMfNvneHUzASvmL6K/CbOFpYKfsd0x23Jc9k1yaOC7JAm82XSC/8a7+3Yu+Fk2jVJNnsA=="
    },
    "@cspell/dict-csharp": {
      "version": "1.0.11",
      "resolved": "https://registry.npmjs.org/@cspell/dict-csharp/-/dict-csharp-1.0.11.tgz",
      "integrity": "sha512-nub+ZCiTgmT87O+swI+FIAzNwaZPWUGckJU4GN402wBq420V+F4ZFqNV7dVALJrGaWH7LvADRtJxi6cZVHJKeA=="
    },
    "@cspell/dict-css": {
      "version": "1.0.12",
      "resolved": "https://registry.npmjs.org/@cspell/dict-css/-/dict-css-1.0.12.tgz",
      "integrity": "sha512-K6yuxej7n454O7dwKG6lHacHrAOMZ0PhMEbmV6qH2JH0U4TtWXfBASYugHvXZCDDx1UObpiJP+3tQJiBqfGpHA=="
    },
    "@cspell/dict-django": {
      "version": "1.0.26",
      "resolved": "https://registry.npmjs.org/@cspell/dict-django/-/dict-django-1.0.26.tgz",
      "integrity": "sha512-mn9bd7Et1L2zuibc08GVHTiD2Go3/hdjyX5KLukXDklBkq06r+tb0OtKtf1zKodtFDTIaYekGADhNhA6AnKLkg=="
    },
    "@cspell/dict-dotnet": {
      "version": "1.0.32",
      "resolved": "https://registry.npmjs.org/@cspell/dict-dotnet/-/dict-dotnet-1.0.32.tgz",
      "integrity": "sha512-9H9vXrgJB4KF8xsyTToXO53cXD33iyfrpT4mhCds+YLUw3P3x3E9myszgJzshnrxYBvQZ+QMII57Qr6SjZVk4Q=="
    },
    "@cspell/dict-elixir": {
      "version": "1.0.26",
      "resolved": "https://registry.npmjs.org/@cspell/dict-elixir/-/dict-elixir-1.0.26.tgz",
      "integrity": "sha512-hz1yETUiRJM7yjN3mITSnxcmZaEyaBbyJhpZPpg+cKUil+xhHeZ2wwfbRc83QHGmlqEuDWbdCFqKSpCDJYpYhg=="
    },
    "@cspell/dict-en-gb": {
      "version": "1.1.33",
      "resolved": "https://registry.npmjs.org/@cspell/dict-en-gb/-/dict-en-gb-1.1.33.tgz",
      "integrity": "sha512-tKSSUf9BJEV+GJQAYGw5e+ouhEe2ZXE620S7BLKe3ZmpnjlNG9JqlnaBhkIMxKnNFkLY2BP/EARzw31AZnOv4g=="
    },
    "@cspell/dict-en_us": {
      "version": "2.1.3",
      "resolved": "https://registry.npmjs.org/@cspell/dict-en_us/-/dict-en_us-2.1.3.tgz",
      "integrity": "sha512-71YlVhKRBd758UNPMNeZrZQdPafEKS0e4LAgbhyuGhJhwxzAJnJolKT3vQpiFdaH4zsEGVvK1l2oTHpQDt9sng=="
    },
    "@cspell/dict-filetypes": {
      "version": "2.0.1",
      "resolved": "https://registry.npmjs.org/@cspell/dict-filetypes/-/dict-filetypes-2.0.1.tgz",
      "integrity": "sha512-bQ7K3U/3hKO2lpQjObf0veNP/n50qk5CVezSwApMBckf/sAVvDTR1RGAvYdr+vdQnkdQrk6wYmhbshXi0sLDVg=="
    },
    "@cspell/dict-fonts": {
      "version": "1.0.14",
      "resolved": "https://registry.npmjs.org/@cspell/dict-fonts/-/dict-fonts-1.0.14.tgz",
      "integrity": "sha512-VhIX+FVYAnqQrOuoFEtya6+H72J82cIicz9QddgknsTqZQ3dvgp6lmVnsQXPM3EnzA8n1peTGpLDwHzT7ociLA=="
    },
    "@cspell/dict-fullstack": {
      "version": "2.0.4",
      "resolved": "https://registry.npmjs.org/@cspell/dict-fullstack/-/dict-fullstack-2.0.4.tgz",
      "integrity": "sha512-+JtYO58QAXnetRN+MGVzI8YbkbFTLpYfl/Cw/tmNqy7U1IDVC4sTXQ2pZvbbeKQWFHBqYvBs0YASV+mTouXYBw=="
    },
    "@cspell/dict-golang": {
      "version": "1.1.24",
      "resolved": "https://registry.npmjs.org/@cspell/dict-golang/-/dict-golang-1.1.24.tgz",
      "integrity": "sha512-qq3Cjnx2U1jpeWAGJL1GL0ylEhUMqyaR36Xij6Y6Aq4bViCRp+HRRqk0x5/IHHbOrti45h3yy7ii1itRFo+Xkg=="
    },
    "@cspell/dict-haskell": {
      "version": "1.0.13",
      "resolved": "https://registry.npmjs.org/@cspell/dict-haskell/-/dict-haskell-1.0.13.tgz",
      "integrity": "sha512-kvl8T84cnYRPpND/P3D86P6WRSqebsbk0FnMfy27zo15L5MLAb3d3MOiT1kW3vEWfQgzUD7uddX/vUiuroQ8TA=="
    },
    "@cspell/dict-html": {
      "version": "1.1.9",
      "resolved": "https://registry.npmjs.org/@cspell/dict-html/-/dict-html-1.1.9.tgz",
      "integrity": "sha512-vvnYia0tyIS5Fdoz+gEQm77MGZZE66kOJjuNpIYyRHCXFAhWdYz3SmkRm6YKJSWSvuO+WBJYTKDvkOxSh3Fx/w=="
    },
    "@cspell/dict-html-symbol-entities": {
      "version": "1.0.23",
      "resolved": "https://registry.npmjs.org/@cspell/dict-html-symbol-entities/-/dict-html-symbol-entities-1.0.23.tgz",
      "integrity": "sha512-PV0UBgcBFbBLf/m1wfkVMM8w96kvfHoiCGLWO6BR3Q9v70IXoE4ae0+T+f0CkxcEkacMqEQk/I7vuE9MzrjaNw=="
    },
    "@cspell/dict-java": {
      "version": "1.0.23",
      "resolved": "https://registry.npmjs.org/@cspell/dict-java/-/dict-java-1.0.23.tgz",
      "integrity": "sha512-LcOg9srYLDoNGd8n3kbfDBlZD+LOC9IVcnFCdua1b/luCHNVmlgBx7e677qPu7olpMYOD5TQIVW2OmM1+/6MFA=="
    },
    "@cspell/dict-latex": {
      "version": "1.0.25",
      "resolved": "https://registry.npmjs.org/@cspell/dict-latex/-/dict-latex-1.0.25.tgz",
      "integrity": "sha512-cEgg91Migqcp1SdVV7dUeMxbPDhxdNo6Fgq2eygAXQjIOFK520FFvh/qxyBvW90qdZbIRoU2AJpchyHfGuwZFA=="
    },
    "@cspell/dict-lorem-ipsum": {
      "version": "1.0.22",
      "resolved": "https://registry.npmjs.org/@cspell/dict-lorem-ipsum/-/dict-lorem-ipsum-1.0.22.tgz",
      "integrity": "sha512-yqzspR+2ADeAGUxLTfZ4pXvPl7FmkENMRcGDECmddkOiuEwBCWMZdMP5fng9B0Q6j91hQ8w9CLvJKBz10TqNYg=="
    },
    "@cspell/dict-lua": {
      "version": "1.0.16",
      "resolved": "https://registry.npmjs.org/@cspell/dict-lua/-/dict-lua-1.0.16.tgz",
      "integrity": "sha512-YiHDt8kmHJ8nSBy0tHzaxiuitYp+oJ66ffCYuFWTNB3//Y0SI4OGHU3omLsQVeXIfCeVrO4DrVvRDoCls9B5zQ=="
    },
    "@cspell/dict-node": {
      "version": "1.0.12",
      "resolved": "https://registry.npmjs.org/@cspell/dict-node/-/dict-node-1.0.12.tgz",
      "integrity": "sha512-RPNn/7CSkflAWk0sbSoOkg0ORrgBARUjOW3QjB11KwV1gSu8f5W/ij/S50uIXtlrfoBLqd4OyE04jyON+g/Xfg=="
    },
    "@cspell/dict-npm": {
      "version": "1.0.16",
      "resolved": "https://registry.npmjs.org/@cspell/dict-npm/-/dict-npm-1.0.16.tgz",
      "integrity": "sha512-RwkuZGcYBxL3Yux3cSG/IOWGlQ1e9HLCpHeyMtTVGYKAIkFAVUnGrz20l16/Q7zUG7IEktBz5O42kAozrEnqMQ=="
    },
    "@cspell/dict-php": {
      "version": "1.0.25",
      "resolved": "https://registry.npmjs.org/@cspell/dict-php/-/dict-php-1.0.25.tgz",
      "integrity": "sha512-RoBIP5MRdByyPaXcznZMfOY1JdCMYPPLua5E9gkq0TJO7bX5mC9hyAKfYBSWVQunZydd82HZixjb5MPkDFU1uw=="
    },
    "@cspell/dict-powershell": {
      "version": "1.0.19",
      "resolved": "https://registry.npmjs.org/@cspell/dict-powershell/-/dict-powershell-1.0.19.tgz",
      "integrity": "sha512-zF/raM/lkhXeHf4I43OtK0gP9rBeEJFArscTVwLWOCIvNk21MJcNoTYoaGw+c056+Q+hJL0psGLO7QN+mxYH1A=="
    },
    "@cspell/dict-public-licenses": {
      "version": "1.0.3",
      "resolved": "https://registry.npmjs.org/@cspell/dict-public-licenses/-/dict-public-licenses-1.0.3.tgz",
      "integrity": "sha512-sXjxOHJ9Q4rZvE1UbwpwJQ8EXO3fadKBjJIWmz0z+dZAbvTrmz5Ln1Ef9ruJvLPfwAps8m3TCV6Diz60RAQqHg=="
    },
    "@cspell/dict-python": {
      "version": "2.0.4",
      "resolved": "https://registry.npmjs.org/@cspell/dict-python/-/dict-python-2.0.4.tgz",
      "integrity": "sha512-71X/VnyFPm6OPEkqmoVXCJz28RvBgktxy6zF6D5TLt97LbWg2JyRrWSXaf2+seVoLnJQ5CHACxcs+jyEyLhBJA=="
    },
    "@cspell/dict-ruby": {
      "version": "1.0.14",
      "resolved": "https://registry.npmjs.org/@cspell/dict-ruby/-/dict-ruby-1.0.14.tgz",
      "integrity": "sha512-XHBGN4U1y9rjRuqrCA+3yIm2TCdhwwHXpOEcWkNeyXm8K03yPnIrKFS+kap8GTTrLpfNDuFsrmkkQTa7ssXLRA=="
    },
    "@cspell/dict-rust": {
      "version": "1.0.23",
      "resolved": "https://registry.npmjs.org/@cspell/dict-rust/-/dict-rust-1.0.23.tgz",
      "integrity": "sha512-lR4boDzs79YD6+30mmiSGAMMdwh7HTBAPUFSB0obR3Kidibfc3GZ+MHWZXay5dxZ4nBKM06vyjtanF9VJ8q1Iw=="
    },
    "@cspell/dict-scala": {
      "version": "1.0.21",
      "resolved": "https://registry.npmjs.org/@cspell/dict-scala/-/dict-scala-1.0.21.tgz",
      "integrity": "sha512-5V/R7PRbbminTpPS3ywgdAalI9BHzcEjEj9ug4kWYvBIGwSnS7T6QCFCiu+e9LvEGUqQC+NHgLY4zs1NaBj2vA=="
    },
    "@cspell/dict-software-terms": {
      "version": "2.0.8",
      "resolved": "https://registry.npmjs.org/@cspell/dict-software-terms/-/dict-software-terms-2.0.8.tgz",
      "integrity": "sha512-9p05Y4+dfBE5SrjQqVxTdBcSJdTIMhgKNqELCXmk3gg+6TOPH/vlXANWbXjOYU2TCSPjMBA9Q2LjA/ffjJLCkA=="
    },
    "@cspell/dict-swift": {
      "version": "1.0.1",
      "resolved": "https://registry.npmjs.org/@cspell/dict-swift/-/dict-swift-1.0.1.tgz",
      "integrity": "sha512-M4onLt10Ptld8Q1BwBit8BBYVZ0d2ZEiBTW1AXekIVPQkPKkwa/RkGlR0GESWNTC2Zbmt/qge7trksVdaYVWFQ=="
    },
    "@cspell/dict-typescript": {
      "version": "1.0.19",
      "resolved": "https://registry.npmjs.org/@cspell/dict-typescript/-/dict-typescript-1.0.19.tgz",
      "integrity": "sha512-qmJApzoVskDeJnLZzZMaafEDGbEg5Elt4c3Mpg49SWzIHm1N4VXCp5CcFfHsOinJ30dGrs3ARAJGJZIw56kK6A=="
    },
    "@cspell/dict-vue": {
      "version": "2.0.1",
      "resolved": "https://registry.npmjs.org/@cspell/dict-vue/-/dict-vue-2.0.1.tgz",
      "integrity": "sha512-n9So2C2Zw+uSDRzb2h9wq3PjZBqoHx+vBvu6a34H2qpumNjZ6HaEronrzX5tXJJXzOtocIQYrLxdd128TAU3+g=="
    },
    "balanced-match": {
      "version": "1.0.2",
      "resolved": "https://registry.npmjs.org/balanced-match/-/balanced-match-1.0.2.tgz",
      "integrity": "sha512-3oSeUO0TMV67hN1AmbXsK4yaqU7tjiHlbxRDZOpH0KW9+CeX4bRAaX0Anxt0tx2MrpRpWwQaPwIlISEJhYU5Pw==",
      "dev": true
    },
    "brace-expansion": {
      "version": "1.1.11",
      "resolved": "https://registry.npmjs.org/brace-expansion/-/brace-expansion-1.1.11.tgz",
      "integrity": "sha512-iCuPHDFgrHX7H2vEI/5xpz07zSHB00TpugqhmYtVmMO6518mCuRMoOYFldEBl0g187ufozdaHgWKcYFb61qGiA==",
      "dev": true,
      "requires": {
        "balanced-match": "^1.0.0",
        "concat-map": "0.0.1"
      }
    },
    "commander": {
      "version": "8.3.0",
      "resolved": "https://registry.npmjs.org/commander/-/commander-8.3.0.tgz",
      "integrity": "sha512-OkTL9umf+He2DZkUq8f8J9of7yL6RJKI24dVITBmNfZBmri9zYZQrKkuXiKhyfPSu8tUhnVBB1iKXevvnlR4Ww==",
      "dev": true
    },
    "concat-map": {
      "version": "0.0.1",
      "resolved": "https://registry.npmjs.org/concat-map/-/concat-map-0.0.1.tgz",
      "integrity": "sha1-2Klr13/Wjfd5OnMDajug1UBdR3s=",
      "dev": true
    },
    "cspell-io": {
      "version": "5.12.4",
      "resolved": "https://registry.npmjs.org/cspell-io/-/cspell-io-5.12.4.tgz",
      "integrity": "sha512-1CS6GHIoTSCYo/Lb7PTINtEbFAsIgowNNgsRAArdUiiOpmoJtCw4SXxIUPMaX5liV3Jo4crLheuCEiXHEqZnSA==",
      "dev": true
    },
    "cspell-trie-lib": {
      "version": "5.12.5",
      "resolved": "https://registry.npmjs.org/cspell-trie-lib/-/cspell-trie-lib-5.12.5.tgz",
      "integrity": "sha512-oF2LR860BhKISIyQ8FSzq7a+dB9fbFcYP42LeO8NsXk0qhv9gTR3ReiyA1rcp9ocClpg26AhU08dNuAxcHQBmA==",
      "dev": true,
      "requires": {
        "fs-extra": "^10.0.0",
        "gensequence": "^3.1.1"
      }
    },
    "fs-extra": {
      "version": "10.0.0",
      "resolved": "https://registry.npmjs.org/fs-extra/-/fs-extra-10.0.0.tgz",
      "integrity": "sha512-C5owb14u9eJwizKGdchcDUQeFtlSHHthBk8pbX9Vc1PFZrLombudjDnNns88aYslCyF6IY5SUw3Roz6xShcEIQ==",
      "dev": true,
      "requires": {
        "graceful-fs": "^4.2.0",
        "jsonfile": "^6.0.1",
        "universalify": "^2.0.0"
      }
    },
    "fs.realpath": {
      "version": "1.0.0",
      "resolved": "https://registry.npmjs.org/fs.realpath/-/fs.realpath-1.0.0.tgz",
      "integrity": "sha1-FQStJSMVjKpA20onh8sBQRmU6k8=",
      "dev": true
    },
    "gensequence": {
      "version": "3.1.1",
      "resolved": "https://registry.npmjs.org/gensequence/-/gensequence-3.1.1.tgz",
      "integrity": "sha512-ys3h0hiteRwmY6BsvSttPmkhC0vEQHPJduANBRtH/dlDPZ0UBIb/dXy80IcckXyuQ6LKg+PloRqvGER9IS7F7g==",
      "dev": true
    },
    "glob": {
      "version": "7.2.0",
      "resolved": "https://registry.npmjs.org/glob/-/glob-7.2.0.tgz",
      "integrity": "sha512-lmLf6gtyrPq8tTjSmrO94wBeQbFR3HbLHbuyD69wuyQkImp2hWqMGB47OX65FBkPffO641IP9jWa1z4ivqG26Q==",
      "dev": true,
      "requires": {
        "fs.realpath": "^1.0.0",
        "inflight": "^1.0.4",
        "inherits": "2",
        "minimatch": "^3.0.4",
        "once": "^1.3.0",
        "path-is-absolute": "^1.0.0"
      }
    },
    "graceful-fs": {
      "version": "4.2.8",
      "resolved": "https://registry.npmjs.org/graceful-fs/-/graceful-fs-4.2.8.tgz",
      "integrity": "sha512-qkIilPUYcNhJpd33n0GBXTB1MMPp14TxEsEs0pTrsSVucApsYzW5V+Q8Qxhik6KU3evy+qkAAowTByymK0avdg==",
      "dev": true
    },
    "hunspell-reader": {
      "version": "5.12.5",
      "resolved": "https://registry.npmjs.org/hunspell-reader/-/hunspell-reader-5.12.5.tgz",
      "integrity": "sha512-MHFPTCJcO0bFo4LfrwBYgRgNPIiRxvVKgMPjtKaqYfvXE2fFN69kTRE3ENNUQ8DX7xN4Cu0ge9XC6dU+l1isiQ==",
      "dev": true,
      "requires": {
        "commander": "^8.3.0",
        "fs-extra": "^10.0.0",
        "gensequence": "^3.1.1",
        "iconv-lite": "^0.6.3"
      }
    },
    "iconv-lite": {
      "version": "0.6.3",
      "resolved": "https://registry.npmjs.org/iconv-lite/-/iconv-lite-0.6.3.tgz",
      "integrity": "sha512-4fCk79wshMdzMp2rH06qWrJE4iolqLhCUH+OiuIgU++RB0+94NlDL81atO7GX55uUKueo0txHNtvEyI6D7WdMw==",
      "dev": true,
      "requires": {
        "safer-buffer": ">= 2.1.2 < 3.0.0"
      }
    },
    "inflight": {
      "version": "1.0.6",
      "resolved": "https://registry.npmjs.org/inflight/-/inflight-1.0.6.tgz",
      "integrity": "sha1-Sb1jMdfQLQwJvJEKEHW6gWW1bfk=",
      "dev": true,
      "requires": {
        "once": "^1.3.0",
        "wrappy": "1"
      }
    },
    "inherits": {
      "version": "2.0.4",
      "resolved": "https://registry.npmjs.org/inherits/-/inherits-2.0.4.tgz",
      "integrity": "sha512-k/vGaX4/Yla3WzyMCvTQOXYeIHvqOKtnqBduzTHpzpQZzAskKMhZ2K+EnBiSM9zGSoIFeMpXKxa4dYeZIQqewQ==",
      "dev": true
    },
    "jsonfile": {
      "version": "6.1.0",
      "resolved": "https://registry.npmjs.org/jsonfile/-/jsonfile-6.1.0.tgz",
      "integrity": "sha512-5dgndWOriYSm5cnYaJNhalLNDKOqFwyDB/rr1E9ZsGciGvKPs8R2xYGCacuf3z6K1YKDz182fd+fY3cn3pMqXQ==",
      "dev": true,
      "requires": {
        "graceful-fs": "^4.1.6",
        "universalify": "^2.0.0"
      }
    },
    "minimatch": {
      "version": "3.0.4",
      "resolved": "https://registry.npmjs.org/minimatch/-/minimatch-3.0.4.tgz",
      "integrity": "sha512-yJHVQEhyqPLUTgt9B83PXu6W3rx4MvvHvSUvToogpwoGDOUQ+yDrR0HRot+yOCdCO7u4hX3pWft6kWBBcqh0UA==",
      "dev": true,
      "requires": {
        "brace-expansion": "^1.1.7"
      }
    },
    "once": {
      "version": "1.4.0",
      "resolved": "https://registry.npmjs.org/once/-/once-1.4.0.tgz",
      "integrity": "sha1-WDsap3WWHUsROsF9nFC6753Xa9E=",
      "dev": true,
      "requires": {
        "wrappy": "1"
      }
    },
    "path-is-absolute": {
      "version": "1.0.1",
      "resolved": "https://registry.npmjs.org/path-is-absolute/-/path-is-absolute-1.0.1.tgz",
      "integrity": "sha1-F0uSaHNVNP+8es5r9TpanhtcX18=",
      "dev": true
    },
    "safer-buffer": {
      "version": "2.1.2",
      "resolved": "https://registry.npmjs.org/safer-buffer/-/safer-buffer-2.1.2.tgz",
      "integrity": "sha512-YZo3K82SD7Riyi0E1EQPojLz7kpepnSQI9IyPbHHg1XXXevb5dJI7tpyN2ADxGcQbHG7vcyRHk0cbwqcQriUtg==",
      "dev": true
    },
    "universalify": {
      "version": "2.0.0",
      "resolved": "https://registry.npmjs.org/universalify/-/universalify-2.0.0.tgz",
      "integrity": "sha512-hAZsKq7Yy11Zu1DE0OzWjw7nnLZmJZYTDZZyEFHZdUhV8FkH5MCfoU1XMaxXovpyW5nq5scPqq0ZDP9Zyl04oQ==",
      "dev": true
    },
    "wrappy": {
      "version": "1.0.2",
      "resolved": "https://registry.npmjs.org/wrappy/-/wrappy-1.0.2.tgz",
      "integrity": "sha1-tSQ9jz7BqjXxNkYFvA0QNuMKtp8=",
      "dev": true
    }
  }
}
