{
  "name": "@cspell/cspell-bundled-dicts",
  "version": "5.1.0",
  "lockfileVersion": 1,
  "requires": true,
  "dependencies": {
    "@cspell/dict-aws": {
      "version": "1.0.13",
      "resolved": "https://registry.npmjs.org/@cspell/dict-aws/-/dict-aws-1.0.13.tgz",
      "integrity": "sha512-9rq8BS5p418THq12PIkLQmGhg4kQ8tMH8vyB7gTF2lOrA+xMwV5HjZAepoYiJCxDQI5GAQJZlAaBi5DRG3AN2A=="
    },
    "@cspell/dict-bash": {
      "version": "1.0.11",
      "resolved": "https://registry.npmjs.org/@cspell/dict-bash/-/dict-bash-1.0.11.tgz",
      "integrity": "sha512-DTOugbPacEFIav5s+VniByouu4apD1SKS5inwiBndw0TH3Pkm4MFTPUwfT1y7Ki4HEIyfRI2ughig2045SBqRw=="
    },
    "@cspell/dict-companies": {
      "version": "1.0.35",
      "resolved": "https://registry.npmjs.org/@cspell/dict-companies/-/dict-companies-1.0.35.tgz",
      "integrity": "sha512-lFoXFqXgAUjj14t7VJm+D/j9jU9kn4Eud+Q2gVQTKs6+oMivJ0hROpqZv/CEYHlm/4MpP5Livp0z0E6ARCE0kQ=="
    },
    "@cspell/dict-cpp": {
      "version": "1.1.37",
      "resolved": "https://registry.npmjs.org/@cspell/dict-cpp/-/dict-cpp-1.1.37.tgz",
      "integrity": "sha512-1X48pxiOdAw5Q7zj0k8/L5B1YY2W0k4go4CB5rcsuGRzsWXsdnKXHQTeMTAw7epIe4lj+Ef9oWaU+ODQpDZOCQ=="
    },
    "@cspell/dict-cryptocurrencies": {
      "version": "1.0.10",
      "resolved": "https://registry.npmjs.org/@cspell/dict-cryptocurrencies/-/dict-cryptocurrencies-1.0.10.tgz",
      "integrity": "sha512-47ABvDJOkaST/rXipNMfNvneHUzASvmL6K/CbOFpYKfsd0x23Jc9k1yaOC7JAm82XSC/8a7+3Yu+Fk2jVJNnsA=="
    },
    "@cspell/dict-csharp": {
      "version": "1.0.10",
      "resolved": "https://registry.npmjs.org/@cspell/dict-csharp/-/dict-csharp-1.0.10.tgz",
      "integrity": "sha512-jAl4HeRTwbN2+tEqL8cjM7GLXSJr9Jde3k8CqfxKME7qwVRCoBW6RkhyDHfEyaQ1LomDhnr35uiHEVrw7xCHMw=="
    },
    "@cspell/dict-css": {
      "version": "1.0.10",
      "resolved": "https://registry.npmjs.org/@cspell/dict-css/-/dict-css-1.0.10.tgz",
      "integrity": "sha512-QQbh+GBAyTVU8Wlf1xZPxZQQ3uRzb1lYE5RjE7hnRTSc4HtWYcb2+6XpO51QDl/dRhCmP3vEHzFF/swzHRa5hw=="
    },
    "@cspell/dict-django": {
      "version": "1.0.25",
      "resolved": "https://registry.npmjs.org/@cspell/dict-django/-/dict-django-1.0.25.tgz",
      "integrity": "sha512-kQfZhvjAodb5CNgryYoEKlUaHA+IVGhZIpON5ZJBuxrPUZ4SyklACPXKxDyXnKAibrERoi4zNL6pBbsljEL03w=="
    },
    "@cspell/dict-dotnet": {
      "version": "1.0.24",
      "resolved": "https://registry.npmjs.org/@cspell/dict-dotnet/-/dict-dotnet-1.0.24.tgz",
      "integrity": "sha512-TxmMSh2T7C+DzF0rGTwVWFGCwqiwqLpyKar37kJt62bhadbxFKv+XxkLjOLVmgoqhA17BXM813hIjjZrICj4jg=="
    },
    "@cspell/dict-elixir": {
      "version": "1.0.23",
      "resolved": "https://registry.npmjs.org/@cspell/dict-elixir/-/dict-elixir-1.0.23.tgz",
      "integrity": "sha512-UKDgNSZ36o31IX4NjCF/lCuOAoLEEsjSB2KwMD2ucT66MSFEPLk1womGY+iWblISeeBmB9EehfL1hjgoRwGlUw=="
    },
    "@cspell/dict-en-gb": {
      "version": "1.1.27",
      "resolved": "https://registry.npmjs.org/@cspell/dict-en-gb/-/dict-en-gb-1.1.27.tgz",
      "integrity": "sha512-0tY939q0vzmsUotKQe/i8mDGqiiw4V3Kv/nkTvxFfVQAd6JRfpWBKlMbVV5Oy37nQkQiwkDLY4v90AbyqOvG8Q=="
    },
    "@cspell/dict-en_us": {
      "version": "1.2.38",
      "resolved": "https://registry.npmjs.org/@cspell/dict-en_us/-/dict-en_us-1.2.38.tgz",
      "integrity": "sha512-+JjYROEL48hLcNfubdq30VjIxZU5QyOs842VlzvHizQVJd1YQg5ppzg+5+685mZchC+KOdQabF6DbLiIL1PFVg=="
    },
    "@cspell/dict-filetypes": {
      "version": "1.1.5",
      "resolved": "https://registry.npmjs.org/@cspell/dict-filetypes/-/dict-filetypes-1.1.5.tgz",
      "integrity": "sha512-yfkB37J+hL6W8qa4AknFp7u6CGECrw2ql2/y0lUKruLQYid0ApK+bH+ll+Sqgl2YS5QAOhclskc72aQHAcRJIQ=="
    },
    "@cspell/dict-fonts": {
      "version": "1.0.13",
      "resolved": "https://registry.npmjs.org/@cspell/dict-fonts/-/dict-fonts-1.0.13.tgz",
      "integrity": "sha512-oCwcJhwWqAu4dijGkTjOgGCQftZGfKkf+oBXjFIySdkAKGtddV6eW6VFLLtimNUf53e9Cb5wils+1Gl4NqWx1w=="
    },
    "@cspell/dict-fullstack": {
      "version": "1.0.36",
      "resolved": "https://registry.npmjs.org/@cspell/dict-fullstack/-/dict-fullstack-1.0.36.tgz",
      "integrity": "sha512-npScBMAoZsjVE5uC1I72vmM1FCYnqzHH1ujgiBkbKd6Dp73VZ1f6OtpSQgqq9/onb0mSmMVF2kw4gPj8BlwGHg=="
    },
    "@cspell/dict-golang": {
      "version": "1.1.24",
      "resolved": "https://registry.npmjs.org/@cspell/dict-golang/-/dict-golang-1.1.24.tgz",
      "integrity": "sha512-qq3Cjnx2U1jpeWAGJL1GL0ylEhUMqyaR36Xij6Y6Aq4bViCRp+HRRqk0x5/IHHbOrti45h3yy7ii1itRFo+Xkg=="
    },
    "@cspell/dict-haskell": {
      "version": "1.0.12",
      "resolved": "https://registry.npmjs.org/@cspell/dict-haskell/-/dict-haskell-1.0.12.tgz",
      "integrity": "sha512-JrSSuV2oY8Z1/qYi8j1w5M3eokiFkcpRtCrxpKlHYFXFEvmqTH9D8qvzVbAkrQpefMppy8uIUzknSzhwAc/MQA=="
    },
    "@cspell/dict-html": {
      "version": "1.1.5",
      "resolved": "https://registry.npmjs.org/@cspell/dict-html/-/dict-html-1.1.5.tgz",
      "integrity": "sha512-ecwFDcponQgLpC9VJK7SRAbLu3CAlw6KUSlLtVOiN3zxlh27MDCCMp9jCD4UImZGACe0YQ1Zj0DW7PjXkHuKHg=="
    },
    "@cspell/dict-html-symbol-entities": {
      "version": "1.0.23",
      "resolved": "https://registry.npmjs.org/@cspell/dict-html-symbol-entities/-/dict-html-symbol-entities-1.0.23.tgz",
      "integrity": "sha512-PV0UBgcBFbBLf/m1wfkVMM8w96kvfHoiCGLWO6BR3Q9v70IXoE4ae0+T+f0CkxcEkacMqEQk/I7vuE9MzrjaNw=="
    },
    "@cspell/dict-java": {
      "version": "1.0.22",
      "resolved": "https://registry.npmjs.org/@cspell/dict-java/-/dict-java-1.0.22.tgz",
      "integrity": "sha512-CVAJ29dx1XwwutgsMgaj5eCl1Nc7X7qFhWL2KkAdu78A/NUIaS+1I9KS0hHhdZx/wLke9dH8TR7NyPQGpGxeAw=="
    },
    "@cspell/dict-latex": {
      "version": "1.0.23",
      "resolved": "https://registry.npmjs.org/@cspell/dict-latex/-/dict-latex-1.0.23.tgz",
      "integrity": "sha512-xn9VvX5+q9xxELiOl5o8W/0nKympOc9i6Bq6PqX3fxhVWV4xURT18sp14OI9dNXxOSm5TRzL96vgLYvK/FYQVw=="
    },
    "@cspell/dict-lorem-ipsum": {
      "version": "1.0.22",
      "resolved": "https://registry.npmjs.org/@cspell/dict-lorem-ipsum/-/dict-lorem-ipsum-1.0.22.tgz",
      "integrity": "sha512-yqzspR+2ADeAGUxLTfZ4pXvPl7FmkENMRcGDECmddkOiuEwBCWMZdMP5fng9B0Q6j91hQ8w9CLvJKBz10TqNYg=="
    },
    "@cspell/dict-lua": {
      "version": "1.0.16",
      "resolved": "https://registry.npmjs.org/@cspell/dict-lua/-/dict-lua-1.0.16.tgz",
      "integrity": "sha512-YiHDt8kmHJ8nSBy0tHzaxiuitYp+oJ66ffCYuFWTNB3//Y0SI4OGHU3omLsQVeXIfCeVrO4DrVvRDoCls9B5zQ=="
    },
    "@cspell/dict-node": {
      "version": "1.0.9",
      "resolved": "https://registry.npmjs.org/@cspell/dict-node/-/dict-node-1.0.9.tgz",
      "integrity": "sha512-th60BinybdAwHIuSNQySI3wYcoHlNc+gPncKFb6j6L1J+f/aDZ1cEWwIMFeMA4couRY8ICycErBPfRPLU1zyew=="
    },
    "@cspell/dict-npm": {
      "version": "1.0.10",
      "resolved": "https://registry.npmjs.org/@cspell/dict-npm/-/dict-npm-1.0.10.tgz",
      "integrity": "sha512-LxLjMOyELWtVBHpive60G3MJseid30M9GR5Vodo9cT6lqT1CkbdsNP9j3oTwVXHTMKB3I+IOHNapuFG1ILcEew=="
    },
    "@cspell/dict-php": {
      "version": "1.0.23",
      "resolved": "https://registry.npmjs.org/@cspell/dict-php/-/dict-php-1.0.23.tgz",
      "integrity": "sha512-rRLf/09rXDrzs0DJuNXNmFVTw2b2zLmZKNF4LIPrFHYHvdfsMvwVqxkr/SAyhF8C6zi5sW0XYC/J0S/3IE927w=="
    },
    "@cspell/dict-powershell": {
      "version": "1.0.14",
      "resolved": "https://registry.npmjs.org/@cspell/dict-powershell/-/dict-powershell-1.0.14.tgz",
      "integrity": "sha512-hisOXXi5PBXB5YKtrJQIis2FIRHgSW1U0/sd4yI36lzb3ZMEvGJwdAdyhXN3IGiqRUNxMzJiXAeXfhnia4xPtQ=="
    },
    "@cspell/dict-python": {
      "version": "1.0.32",
      "resolved": "https://registry.npmjs.org/@cspell/dict-python/-/dict-python-1.0.32.tgz",
      "integrity": "sha512-Dn9L0ly1G9Y5ygt/gygmKwZn+lT0opmiudaD8CYO0KtDdHh09KFKF81WsUAr0pFXov4XV/p6hSppmQ7kguFiEA=="
    },
    "@cspell/dict-ruby": {
      "version": "1.0.12",
      "resolved": "https://registry.npmjs.org/@cspell/dict-ruby/-/dict-ruby-1.0.12.tgz",
      "integrity": "sha512-1qGZpVbfWfGLujKFyt2Nd9bc7rNXdkjYIRfpGmn/fwVDhWz/D4Q8GLMQPB2ixocSuF3pjfsRTh1D+rKK17WFjg=="
    },
    "@cspell/dict-rust": {
      "version": "1.0.22",
      "resolved": "https://registry.npmjs.org/@cspell/dict-rust/-/dict-rust-1.0.22.tgz",
      "integrity": "sha512-7WOIzv0BPiU+MssZbbMk8K+HR/g9Bcvd0+jXJC3/AKT8L6l0Mx0Tr/oF7cJ4xvCYgA84nBz3PhMZkabGSz/Nkg=="
    },
    "@cspell/dict-scala": {
      "version": "1.0.21",
      "resolved": "https://registry.npmjs.org/@cspell/dict-scala/-/dict-scala-1.0.21.tgz",
      "integrity": "sha512-5V/R7PRbbminTpPS3ywgdAalI9BHzcEjEj9ug4kWYvBIGwSnS7T6QCFCiu+e9LvEGUqQC+NHgLY4zs1NaBj2vA=="
    },
    "@cspell/dict-software-terms": {
      "version": "1.0.23",
      "resolved": "https://registry.npmjs.org/@cspell/dict-software-terms/-/dict-software-terms-1.0.23.tgz",
      "integrity": "sha512-xMWVBbOoW9TJGEQRwzQdn5E65rAsCd1OPlQY7H8r8IKpkB2fydQIiDt2BTCjlygELDmOJuNIEQckq5gtNgiePw=="
    },
    "@cspell/dict-typescript": {
      "version": "1.0.16",
      "resolved": "https://registry.npmjs.org/@cspell/dict-typescript/-/dict-typescript-1.0.16.tgz",
      "integrity": "sha512-DEKi6vD605ebDhCC4Hrtz29k59TcijPVsmVKheTpMrL1MD/S96Ftb19gW0pEIVK9vwYZIljmGwgz4qYyuM5Liw=="
    }
  }
}
