{
  "name": "@cspell/cspell-bundled-dicts",
  "version": "5.13.1",
  "lockfileVersion": 1,
  "requires": true,
  "dependencies": {
    "@cspell/dict-ada": {
      "version": "1.1.2",
      "resolved": "https://registry.npmjs.org/@cspell/dict-ada/-/dict-ada-1.1.2.tgz",
      "integrity": "sha512-UDrcYcKIVyXDz5mInJabRNQpJoehjBFvja5W+GQyu9pGcx3BS3cAU8mWENstGR0Qc/iFTxB010qwF8F3cHA/aA=="
    },
    "@cspell/dict-aws": {
      "version": "1.0.14",
      "resolved": "https://registry.npmjs.org/@cspell/dict-aws/-/dict-aws-1.0.14.tgz",
      "integrity": "sha512-K21CfB4ZpKYwwDQiPfic2zJA/uxkbsd4IQGejEvDAhE3z8wBs6g6BwwqdVO767M9NgZqc021yAVpr79N5pWe3w=="
    },
    "@cspell/dict-bash": {
      "version": "1.0.17",
      "resolved": "https://registry.npmjs.org/@cspell/dict-bash/-/dict-bash-1.0.17.tgz",
      "integrity": "sha512-BlX+pnDlLmIf776C9d71QjXl4NOIz+yloeixx1ZZjrwvKPLF+ffE/Ez13eV+D9R2Ps1rW10UvW8u3Hbmwme+Fw=="
    },
    "@cspell/dict-companies": {
      "version": "2.0.2",
      "resolved": "https://registry.npmjs.org/@cspell/dict-companies/-/dict-companies-2.0.2.tgz",
      "integrity": "sha512-LPKwBMAWRz+p1R8q+TV6E1sGOOTvxJOaJeXNN++CZQ7i6JMn5Rf+BSxagwkeK6z3o9vIC5ZE4AcQ5BMkvyjqGw=="
    },
    "@cspell/dict-cpp": {
      "version": "1.1.40",
      "resolved": "https://registry.npmjs.org/@cspell/dict-cpp/-/dict-cpp-1.1.40.tgz",
      "integrity": "sha512-sscfB3woNDNj60/yGXAdwNtIRWZ89y35xnIaJVDMk5TPMMpaDvuk0a34iOPIq0g4V+Y8e3RyAg71SH6ADwSjGw=="
    },
    "@cspell/dict-cryptocurrencies": {
      "version": "1.0.10",
      "resolved": "https://registry.npmjs.org/@cspell/dict-cryptocurrencies/-/dict-cryptocurrencies-1.0.10.tgz",
      "integrity": "sha512-47ABvDJOkaST/rXipNMfNvneHUzASvmL6K/CbOFpYKfsd0x23Jc9k1yaOC7JAm82XSC/8a7+3Yu+Fk2jVJNnsA=="
    },
    "@cspell/dict-csharp": {
      "version": "2.0.1",
      "resolved": "https://registry.npmjs.org/@cspell/dict-csharp/-/dict-csharp-2.0.1.tgz",
      "integrity": "sha512-ZzAr+WRP2FUtXHZtfhe8f3j9vPjH+5i44Hcr5JqbWxmqciGoTbWBPQXwu9y+J4mbdC69HSWRrVGkNJ8rQk8pSw=="
    },
    "@cspell/dict-css": {
      "version": "1.0.12",
      "resolved": "https://registry.npmjs.org/@cspell/dict-css/-/dict-css-1.0.12.tgz",
      "integrity": "sha512-K6yuxej7n454O7dwKG6lHacHrAOMZ0PhMEbmV6qH2JH0U4TtWXfBASYugHvXZCDDx1UObpiJP+3tQJiBqfGpHA=="
    },
    "@cspell/dict-django": {
      "version": "1.0.26",
      "resolved": "https://registry.npmjs.org/@cspell/dict-django/-/dict-django-1.0.26.tgz",
      "integrity": "sha512-mn9bd7Et1L2zuibc08GVHTiD2Go3/hdjyX5KLukXDklBkq06r+tb0OtKtf1zKodtFDTIaYekGADhNhA6AnKLkg=="
    },
    "@cspell/dict-dotnet": {
      "version": "1.0.32",
      "resolved": "https://registry.npmjs.org/@cspell/dict-dotnet/-/dict-dotnet-1.0.32.tgz",
      "integrity": "sha512-9H9vXrgJB4KF8xsyTToXO53cXD33iyfrpT4mhCds+YLUw3P3x3E9myszgJzshnrxYBvQZ+QMII57Qr6SjZVk4Q=="
    },
    "@cspell/dict-elixir": {
      "version": "1.0.26",
      "resolved": "https://registry.npmjs.org/@cspell/dict-elixir/-/dict-elixir-1.0.26.tgz",
      "integrity": "sha512-hz1yETUiRJM7yjN3mITSnxcmZaEyaBbyJhpZPpg+cKUil+xhHeZ2wwfbRc83QHGmlqEuDWbdCFqKSpCDJYpYhg=="
    },
    "@cspell/dict-en-gb": {
      "version": "1.1.33",
      "resolved": "https://registry.npmjs.org/@cspell/dict-en-gb/-/dict-en-gb-1.1.33.tgz",
      "integrity": "sha512-tKSSUf9BJEV+GJQAYGw5e+ouhEe2ZXE620S7BLKe3ZmpnjlNG9JqlnaBhkIMxKnNFkLY2BP/EARzw31AZnOv4g=="
    },
    "@cspell/dict-en_us": {
      "version": "2.1.4",
      "resolved": "https://registry.npmjs.org/@cspell/dict-en_us/-/dict-en_us-2.1.4.tgz",
      "integrity": "sha512-W4b+aIvZ637FqtTmrTe/T9i9748cuTQf82eWUgV9O296WzZj7rCxm+rzOrmRTAcCmU+9+6Cdsr0unETFQfuxww=="
    },
    "@cspell/dict-filetypes": {
      "version": "2.0.1",
      "resolved": "https://registry.npmjs.org/@cspell/dict-filetypes/-/dict-filetypes-2.0.1.tgz",
      "integrity": "sha512-bQ7K3U/3hKO2lpQjObf0veNP/n50qk5CVezSwApMBckf/sAVvDTR1RGAvYdr+vdQnkdQrk6wYmhbshXi0sLDVg=="
    },
    "@cspell/dict-fonts": {
      "version": "1.0.14",
      "resolved": "https://registry.npmjs.org/@cspell/dict-fonts/-/dict-fonts-1.0.14.tgz",
      "integrity": "sha512-VhIX+FVYAnqQrOuoFEtya6+H72J82cIicz9QddgknsTqZQ3dvgp6lmVnsQXPM3EnzA8n1peTGpLDwHzT7ociLA=="
    },
    "@cspell/dict-fullstack": {
      "version": "2.0.4",
      "resolved": "https://registry.npmjs.org/@cspell/dict-fullstack/-/dict-fullstack-2.0.4.tgz",
      "integrity": "sha512-+JtYO58QAXnetRN+MGVzI8YbkbFTLpYfl/Cw/tmNqy7U1IDVC4sTXQ2pZvbbeKQWFHBqYvBs0YASV+mTouXYBw=="
    },
    "@cspell/dict-golang": {
      "version": "1.1.24",
      "resolved": "https://registry.npmjs.org/@cspell/dict-golang/-/dict-golang-1.1.24.tgz",
      "integrity": "sha512-qq3Cjnx2U1jpeWAGJL1GL0ylEhUMqyaR36Xij6Y6Aq4bViCRp+HRRqk0x5/IHHbOrti45h3yy7ii1itRFo+Xkg=="
    },
    "@cspell/dict-haskell": {
      "version": "1.0.13",
      "resolved": "https://registry.npmjs.org/@cspell/dict-haskell/-/dict-haskell-1.0.13.tgz",
      "integrity": "sha512-kvl8T84cnYRPpND/P3D86P6WRSqebsbk0FnMfy27zo15L5MLAb3d3MOiT1kW3vEWfQgzUD7uddX/vUiuroQ8TA=="
    },
    "@cspell/dict-html": {
      "version": "1.1.9",
      "resolved": "https://registry.npmjs.org/@cspell/dict-html/-/dict-html-1.1.9.tgz",
      "integrity": "sha512-vvnYia0tyIS5Fdoz+gEQm77MGZZE66kOJjuNpIYyRHCXFAhWdYz3SmkRm6YKJSWSvuO+WBJYTKDvkOxSh3Fx/w=="
    },
    "@cspell/dict-html-symbol-entities": {
      "version": "1.0.23",
      "resolved": "https://registry.npmjs.org/@cspell/dict-html-symbol-entities/-/dict-html-symbol-entities-1.0.23.tgz",
      "integrity": "sha512-PV0UBgcBFbBLf/m1wfkVMM8w96kvfHoiCGLWO6BR3Q9v70IXoE4ae0+T+f0CkxcEkacMqEQk/I7vuE9MzrjaNw=="
    },
    "@cspell/dict-java": {
      "version": "1.0.23",
      "resolved": "https://registry.npmjs.org/@cspell/dict-java/-/dict-java-1.0.23.tgz",
      "integrity": "sha512-LcOg9srYLDoNGd8n3kbfDBlZD+LOC9IVcnFCdua1b/luCHNVmlgBx7e677qPu7olpMYOD5TQIVW2OmM1+/6MFA=="
    },
    "@cspell/dict-latex": {
      "version": "1.0.25",
      "resolved": "https://registry.npmjs.org/@cspell/dict-latex/-/dict-latex-1.0.25.tgz",
      "integrity": "sha512-cEgg91Migqcp1SdVV7dUeMxbPDhxdNo6Fgq2eygAXQjIOFK520FFvh/qxyBvW90qdZbIRoU2AJpchyHfGuwZFA=="
    },
    "@cspell/dict-lorem-ipsum": {
      "version": "1.0.22",
      "resolved": "https://registry.npmjs.org/@cspell/dict-lorem-ipsum/-/dict-lorem-ipsum-1.0.22.tgz",
      "integrity": "sha512-yqzspR+2ADeAGUxLTfZ4pXvPl7FmkENMRcGDECmddkOiuEwBCWMZdMP5fng9B0Q6j91hQ8w9CLvJKBz10TqNYg=="
    },
    "@cspell/dict-lua": {
      "version": "1.0.16",
      "resolved": "https://registry.npmjs.org/@cspell/dict-lua/-/dict-lua-1.0.16.tgz",
      "integrity": "sha512-YiHDt8kmHJ8nSBy0tHzaxiuitYp+oJ66ffCYuFWTNB3//Y0SI4OGHU3omLsQVeXIfCeVrO4DrVvRDoCls9B5zQ=="
    },
    "@cspell/dict-node": {
      "version": "1.0.12",
      "resolved": "https://registry.npmjs.org/@cspell/dict-node/-/dict-node-1.0.12.tgz",
      "integrity": "sha512-RPNn/7CSkflAWk0sbSoOkg0ORrgBARUjOW3QjB11KwV1gSu8f5W/ij/S50uIXtlrfoBLqd4OyE04jyON+g/Xfg=="
    },
    "@cspell/dict-npm": {
      "version": "1.0.16",
      "resolved": "https://registry.npmjs.org/@cspell/dict-npm/-/dict-npm-1.0.16.tgz",
      "integrity": "sha512-RwkuZGcYBxL3Yux3cSG/IOWGlQ1e9HLCpHeyMtTVGYKAIkFAVUnGrz20l16/Q7zUG7IEktBz5O42kAozrEnqMQ=="
    },
    "@cspell/dict-php": {
      "version": "1.0.25",
      "resolved": "https://registry.npmjs.org/@cspell/dict-php/-/dict-php-1.0.25.tgz",
      "integrity": "sha512-RoBIP5MRdByyPaXcznZMfOY1JdCMYPPLua5E9gkq0TJO7bX5mC9hyAKfYBSWVQunZydd82HZixjb5MPkDFU1uw=="
    },
    "@cspell/dict-powershell": {
      "version": "1.0.19",
      "resolved": "https://registry.npmjs.org/@cspell/dict-powershell/-/dict-powershell-1.0.19.tgz",
      "integrity": "sha512-zF/raM/lkhXeHf4I43OtK0gP9rBeEJFArscTVwLWOCIvNk21MJcNoTYoaGw+c056+Q+hJL0psGLO7QN+mxYH1A=="
    },
    "@cspell/dict-public-licenses": {
      "version": "1.0.4",
      "resolved": "https://registry.npmjs.org/@cspell/dict-public-licenses/-/dict-public-licenses-1.0.4.tgz",
      "integrity": "sha512-h4xULfVEDUeWyvp1OO19pcGDqWcBEQ7WGMp3QBHyYpjsamlzsyYYjCRSY2ZvpM7wruDmywSRFmRHJ/+uNFT7nA=="
    },
    "@cspell/dict-python": {
      "version": "2.0.5",
      "resolved": "https://registry.npmjs.org/@cspell/dict-python/-/dict-python-2.0.5.tgz",
      "integrity": "sha512-WkyGYtNmUsOHsWixck7AxNvveDgVPqw0H51hzIY+/5u3c94wZUweIj0vfFOGIfOBq8e1ZxpjumKBxVDGXTmQkw=="
    },
    "@cspell/dict-ruby": {
      "version": "1.0.15",
      "resolved": "https://registry.npmjs.org/@cspell/dict-ruby/-/dict-ruby-1.0.15.tgz",
      "integrity": "sha512-I76hJA///lc1pgmDTGUFHN/O8KLIZIU/8TgIYIGI6Ix/YzSEvWNdQYbANn6JbCynS0X+7IbZ2Ft+QqvmGtIWuA=="
    },
    "@cspell/dict-rust": {
      "version": "1.0.23",
      "resolved": "https://registry.npmjs.org/@cspell/dict-rust/-/dict-rust-1.0.23.tgz",
      "integrity": "sha512-lR4boDzs79YD6+30mmiSGAMMdwh7HTBAPUFSB0obR3Kidibfc3GZ+MHWZXay5dxZ4nBKM06vyjtanF9VJ8q1Iw=="
    },
    "@cspell/dict-scala": {
      "version": "1.0.21",
      "resolved": "https://registry.npmjs.org/@cspell/dict-scala/-/dict-scala-1.0.21.tgz",
      "integrity": "sha512-5V/R7PRbbminTpPS3ywgdAalI9BHzcEjEj9ug4kWYvBIGwSnS7T6QCFCiu+e9LvEGUqQC+NHgLY4zs1NaBj2vA=="
    },
    "@cspell/dict-software-terms": {
      "version": "2.0.11",
      "resolved": "https://registry.npmjs.org/@cspell/dict-software-terms/-/dict-software-terms-2.0.11.tgz",
      "integrity": "sha512-ix5k4m9Y5ZcozgE8QdEhiMIksreGozBETsCo5tGKAs4xDDkS4G07lOMFbek6m5poJ5qk5My0A/iz1j9f3L3aOg=="
    },
    "@cspell/dict-swift": {
      "version": "1.0.1",
      "resolved": "https://registry.npmjs.org/@cspell/dict-swift/-/dict-swift-1.0.1.tgz",
      "integrity": "sha512-M4onLt10Ptld8Q1BwBit8BBYVZ0d2ZEiBTW1AXekIVPQkPKkwa/RkGlR0GESWNTC2Zbmt/qge7trksVdaYVWFQ=="
    },
    "@cspell/dict-typescript": {
      "version": "1.0.19",
      "resolved": "https://registry.npmjs.org/@cspell/dict-typescript/-/dict-typescript-1.0.19.tgz",
      "integrity": "sha512-qmJApzoVskDeJnLZzZMaafEDGbEg5Elt4c3Mpg49SWzIHm1N4VXCp5CcFfHsOinJ30dGrs3ARAJGJZIw56kK6A=="
    },
    "@cspell/dict-vue": {
      "version": "2.0.1",
      "resolved": "https://registry.npmjs.org/@cspell/dict-vue/-/dict-vue-2.0.1.tgz",
      "integrity": "sha512-n9So2C2Zw+uSDRzb2h9wq3PjZBqoHx+vBvu6a34H2qpumNjZ6HaEronrzX5tXJJXzOtocIQYrLxdd128TAU3+g=="
    }
  }
}
