# This file is generated by running "yarn install" inside your project.
# Manual changes might be lost - proceed with caution!

__metadata:
  version: 8
  cacheKey: 10

"@cspell/cspell-types@npm:^8.17.4":
  version: 8.17.4
  resolution: "@cspell/cspell-types@npm:8.17.4"
  checksum: 10/2e7f9242d7d7867d94e08a3aee4feebae6e5e2b24fc773f09f20d1a233f6659b4a07e9ea358b8bc20bcf2abb46938657dd92bc2a0421917af53d83712c88a329
  languageName: node
  linkType: hard

"@cspell/dict-scientific-terms-us@npm:^3.0.6":
  version: 3.0.6
  resolution: "@cspell/dict-scientific-terms-us@npm:3.0.6"
  checksum: 10/d1da3c744fcecfb82d496d8247a285fbb8eaf116d6b7e07b064dafec290a0cc1b0d374f763c7b025b9c49787bb2160e65fd7ca80a7ce93fcd96947a682d8f453
  languageName: node
  linkType: hard

"test-yarn-sci@workspace:.":
  version: 0.0.0-use.local
  resolution: "test-yarn-sci@workspace:."
  dependencies:
    "@cspell/cspell-types": "npm:^8.17.4"
    "@cspell/dict-scientific-terms-us": "npm:^3.0.6"
  languageName: unknown
  linkType: soft
