# This file is generated by running "yarn install" inside your project.
# Manual changes might be lost - proceed with caution!

__metadata:
  version: 8
  cacheKey: 10

"@cspell/cspell-types@npm:^8.17.1":
  version: 8.17.1
  resolution: "@cspell/cspell-types@npm:8.17.1"
  checksum: 10/272c21dc5d5912938dfd917bac83a2a45fcb8a4db75a3720e24f6942c8c466543b7e9844775a213e5e8926f15b3f12e65b2e0de3e16641861690ec74f31840c7
  languageName: node
  linkType: hard

"@cspell/dict-scientific-terms-us@npm:^3.0.6":
  version: 3.0.6
  resolution: "@cspell/dict-scientific-terms-us@npm:3.0.6"
  checksum: 10/d1da3c744fcecfb82d496d8247a285fbb8eaf116d6b7e07b064dafec290a0cc1b0d374f763c7b025b9c49787bb2160e65fd7ca80a7ce93fcd96947a682d8f453
  languageName: node
  linkType: hard

"test-yarn-sci@workspace:.":
  version: 0.0.0-use.local
  resolution: "test-yarn-sci@workspace:."
  dependencies:
    "@cspell/cspell-types": "npm:^8.17.1"
    "@cspell/dict-scientific-terms-us": "npm:^3.0.6"
  languageName: unknown
  linkType: soft
