# This file is generated by running "yarn install" inside your project.
# Manual changes might be lost - proceed with caution!

__metadata:
  version: 8
  cacheKey: 10

"@cspell/cspell-types@npm:^8.17.5":
  version: 8.17.5
  resolution: "@cspell/cspell-types@npm:8.17.5"
  checksum: 10/9086a32e24346bc3ed210345462094d7a8374f5f052d09833d3e21d1d5e9d05b69c10621bb59f70905b24849171175c1e0bcf27b5d4f66b35350f84ab8c60b3e
  languageName: node
  linkType: hard

"@cspell/dict-scientific-terms-us@npm:^3.0.6":
  version: 3.0.6
  resolution: "@cspell/dict-scientific-terms-us@npm:3.0.6"
  checksum: 10/d1da3c744fcecfb82d496d8247a285fbb8eaf116d6b7e07b064dafec290a0cc1b0d374f763c7b025b9c49787bb2160e65fd7ca80a7ce93fcd96947a682d8f453
  languageName: node
  linkType: hard

"test-yarn-sci@workspace:.":
  version: 0.0.0-use.local
  resolution: "test-yarn-sci@workspace:."
  dependencies:
    "@cspell/cspell-types": "npm:^8.17.5"
    "@cspell/dict-scientific-terms-us": "npm:^3.0.6"
  languageName: unknown
  linkType: soft
