{
  "name": "test-cspell-util-bundle",
  "version": "5.1.2",
  "lockfileVersion": 1,
  "requires": true,
  "dependencies": {
    "cspell-util-bundle": {
      "version": "5.1.1",
      "resolved": "https://registry.npmjs.org/cspell-util-bundle/-/cspell-util-bundle-5.1.1.tgz",
      "integrity": "sha512-KkeAnhGp3y8AoRVwZD50Rix41mHzaEWx41rwBK+jSbPcR7eWMzyS6rUIynAeY6j0N/gA7Q2PMGATQaYoo2rBkA=="
    }
  }
}
