{
  "name": "test-cspell-util-bundle",
  "version": "5.0.2-alpha.1",
  "lockfileVersion": 1,
  "requires": true,
  "dependencies": {
    "cspell-util-bundle": {
      "version": "5.0.1",
      "resolved": "https://registry.npmjs.org/cspell-util-bundle/-/cspell-util-bundle-5.0.1.tgz",
      "integrity": "sha512-SpOTkLvnzvKxJGajBYOz5gD5L61dsfIhnqDXdqOvovq6JLUILI/POCc26P5xvLPIrno6prCLX4RgRYca+W7xJw=="
    }
  }
}
