{
  "name": "test-cspell-util-bundle",
  "version": "5.0.4",
  "lockfileVersion": 1,
  "requires": true,
  "dependencies": {
    "cspell-util-bundle": {
      "version": "5.0.4",
      "resolved": "https://registry.npmjs.org/cspell-util-bundle/-/cspell-util-bundle-5.0.4.tgz",
      "integrity": "sha512-Dus/c8YPLKKh6cmIqKHn7doui2CV0k0Ru/ydk0bqSMcss+A/dDUCrk1EuhWS22N5w70N97A6TzVzcqZ2cFxDgQ=="
    }
  }
}
