# This file is generated by running "yarn install" inside your project.
# Manual changes might be lost - proceed with caution!

__metadata:
  version: 6
  cacheKey: 8

"@cspell/cspell-types@npm:^6.5.0":
  version: 6.5.0
  resolution: "@cspell/cspell-types@npm:6.5.0"
  checksum: a1b53b4447fb78e417387b909411ca78a0bec2e44ed6b8063b5d4907187ae4257548e88a89a6c498b59d5fd5e2b6ed9afd6f9e4d70752c2c0b61fa363d02e41e
  languageName: node
  linkType: hard

"@cspell/dict-medicalterms@npm:^2.0.0":
  version: 2.0.0
  resolution: "@cspell/dict-medicalterms@npm:2.0.0"
  checksum: 7a47a6f053388b9ed02e72c894ef3023954e12bade45e3ec2ad202353f57ddfb26477de20e9d0f61e8d4fb4d5b9e2ae95283ef8ff788802c55b37defd022890e
  languageName: node
  linkType: hard

"test-yarn3-med@workspace:.":
  version: 0.0.0-use.local
  resolution: "test-yarn3-med@workspace:."
  dependencies:
    "@cspell/cspell-types": ^6.5.0
    "@cspell/dict-medicalterms": ^2.0.0
  languageName: unknown
  linkType: soft
