{
  "name": "@cspell/cspell-json-reporter",
  "version": "5.21.2",
  "lockfileVersion": 2,
  "requires": true,
  "packages": {
    "": {
      "name": "@cspell/cspell-json-reporter",
      "version": "5.21.2",
      "license": "MIT",
      "dependencies": {
        "@cspell/cspell-types": "^5.21.2",
        "mkdirp": "^1.0.4"
      },
      "devDependencies": {
        "@types/mkdirp": "^1.0.2"
      },
      "engines": {
        "node": ">=12.30.0"
      }
    },
    "node_modules/@cspell/cspell-types": {
      "version": "5.21.2",
      "resolved": "https://registry.npmjs.org/@cspell/cspell-types/-/cspell-types-5.21.2.tgz",
      "integrity": "sha512-g2h4qNR6C53IcSM3KR0DZ9gsqp+2FyKD371htJOmSJGmWb4s45QY0hsPr12A2J8/bT+E3uMtHn9KxJeQ7t0SzA==",
      "engines": {
        "node": ">=12.13.0"
      }
    },
    "node_modules/@types/mkdirp": {
      "version": "1.0.2",
      "resolved": "https://registry.npmjs.org/@types/mkdirp/-/mkdirp-1.0.2.tgz",
      "integrity": "sha512-o0K1tSO0Dx5X6xlU5F1D6625FawhC3dU3iqr25lluNv/+/QIVH8RLNEiVokgIZo+mz+87w/3Mkg/VvQS+J51fQ==",
      "dev": true,
      "dependencies": {
        "@types/node": "*"
      }
    },
    "node_modules/@types/node": {
      "version": "18.0.3",
      "resolved": "https://registry.npmjs.org/@types/node/-/node-18.0.3.tgz",
      "integrity": "sha512-HzNRZtp4eepNitP+BD6k2L6DROIDG4Q0fm4x+dwfsr6LGmROENnok75VGw40628xf+iR24WeMFcHuuBDUAzzsQ==",
      "dev": true
    },
    "node_modules/mkdirp": {
      "version": "1.0.4",
      "resolved": "https://registry.npmjs.org/mkdirp/-/mkdirp-1.0.4.tgz",
      "integrity": "sha512-vVqVZQyf3WLx2Shd0qJ9xuvqgAyKPLAiqITEtqW0oIUjzo3PePDd6fW9iFz30ef7Ysp/oiWqbhszeGWW2T6Gzw==",
      "bin": {
        "mkdirp": "bin/cmd.js"
      },
      "engines": {
        "node": ">=10"
      }
    }
  },
  "dependencies": {
    "@cspell/cspell-types": {
      "version": "5.21.2",
      "resolved": "https://registry.npmjs.org/@cspell/cspell-types/-/cspell-types-5.21.2.tgz",
      "integrity": "sha512-g2h4qNR6C53IcSM3KR0DZ9gsqp+2FyKD371htJOmSJGmWb4s45QY0hsPr12A2J8/bT+E3uMtHn9KxJeQ7t0SzA=="
    },
    "@types/mkdirp": {
      "version": "1.0.2",
      "resolved": "https://registry.npmjs.org/@types/mkdirp/-/mkdirp-1.0.2.tgz",
      "integrity": "sha512-o0K1tSO0Dx5X6xlU5F1D6625FawhC3dU3iqr25lluNv/+/QIVH8RLNEiVokgIZo+mz+87w/3Mkg/VvQS+J51fQ==",
      "dev": true,
      "requires": {
        "@types/node": "*"
      }
    },
    "@types/node": {
      "version": "18.0.3",
      "resolved": "https://registry.npmjs.org/@types/node/-/node-18.0.3.tgz",
      "integrity": "sha512-HzNRZtp4eepNitP+BD6k2L6DROIDG4Q0fm4x+dwfsr6LGmROENnok75VGw40628xf+iR24WeMFcHuuBDUAzzsQ==",
      "dev": true
    },
    "mkdirp": {
      "version": "1.0.4",
      "resolved": "https://registry.npmjs.org/mkdirp/-/mkdirp-1.0.4.tgz",
      "integrity": "sha512-vVqVZQyf3WLx2Shd0qJ9xuvqgAyKPLAiqITEtqW0oIUjzo3PePDd6fW9iFz30ef7Ysp/oiWqbhszeGWW2T6Gzw=="
    }
  }
}
