{
  "name": "@cspell/cspell-json-reporter",
  "version": "5.15.1",
  "lockfileVersion": 2,
  "requires": true,
  "packages": {
    "": {
      "name": "@cspell/cspell-json-reporter",
      "version": "5.15.1",
      "license": "MIT",
      "dependencies": {
        "@cspell/cspell-types": "^5.15.1",
        "mkdirp": "^1.0.4"
      },
      "devDependencies": {
        "@types/mkdirp": "^1.0.2"
      },
      "engines": {
        "node": ">=12.30.0"
      }
    },
    "node_modules/@cspell/cspell-types": {
      "version": "5.15.1",
      "resolved": "https://registry.npmjs.org/@cspell/cspell-types/-/cspell-types-5.15.1.tgz",
      "integrity": "sha512-rZCJnTQ5O66c5s67nKWw5imvIcs9iHLnU7WNF0AyTGGEP+kpYK/lRLGtU/GICoxTY1V6zjOR6Qow9xmSsNG6zQ==",
      "engines": {
        "node": ">=12.13.0"
      }
    },
    "node_modules/@types/mkdirp": {
      "version": "1.0.2",
      "resolved": "https://registry.npmjs.org/@types/mkdirp/-/mkdirp-1.0.2.tgz",
      "integrity": "sha512-o0K1tSO0Dx5X6xlU5F1D6625FawhC3dU3iqr25lluNv/+/QIVH8RLNEiVokgIZo+mz+87w/3Mkg/VvQS+J51fQ==",
      "dev": true,
      "dependencies": {
        "@types/node": "*"
      }
    },
    "node_modules/@types/node": {
      "version": "17.0.8",
      "resolved": "https://registry.npmjs.org/@types/node/-/node-17.0.8.tgz",
      "integrity": "sha512-YofkM6fGv4gDJq78g4j0mMuGMkZVxZDgtU0JRdx6FgiJDG+0fY0GKVolOV8WqVmEhLCXkQRjwDdKyPxJp/uucg==",
      "dev": true
    },
    "node_modules/mkdirp": {
      "version": "1.0.4",
      "resolved": "https://registry.npmjs.org/mkdirp/-/mkdirp-1.0.4.tgz",
      "integrity": "sha512-vVqVZQyf3WLx2Shd0qJ9xuvqgAyKPLAiqITEtqW0oIUjzo3PePDd6fW9iFz30ef7Ysp/oiWqbhszeGWW2T6Gzw==",
      "bin": {
        "mkdirp": "bin/cmd.js"
      },
      "engines": {
        "node": ">=10"
      }
    }
  },
  "dependencies": {
    "@cspell/cspell-types": {
      "version": "5.15.1",
      "resolved": "https://registry.npmjs.org/@cspell/cspell-types/-/cspell-types-5.15.1.tgz",
      "integrity": "sha512-rZCJnTQ5O66c5s67nKWw5imvIcs9iHLnU7WNF0AyTGGEP+kpYK/lRLGtU/GICoxTY1V6zjOR6Qow9xmSsNG6zQ=="
    },
    "@types/mkdirp": {
      "version": "1.0.2",
      "resolved": "https://registry.npmjs.org/@types/mkdirp/-/mkdirp-1.0.2.tgz",
      "integrity": "sha512-o0K1tSO0Dx5X6xlU5F1D6625FawhC3dU3iqr25lluNv/+/QIVH8RLNEiVokgIZo+mz+87w/3Mkg/VvQS+J51fQ==",
      "dev": true,
      "requires": {
        "@types/node": "*"
      }
    },
    "@types/node": {
      "version": "17.0.8",
      "resolved": "https://registry.npmjs.org/@types/node/-/node-17.0.8.tgz",
      "integrity": "sha512-YofkM6fGv4gDJq78g4j0mMuGMkZVxZDgtU0JRdx6FgiJDG+0fY0GKVolOV8WqVmEhLCXkQRjwDdKyPxJp/uucg==",
      "dev": true
    },
    "mkdirp": {
      "version": "1.0.4",
      "resolved": "https://registry.npmjs.org/mkdirp/-/mkdirp-1.0.4.tgz",
      "integrity": "sha512-vVqVZQyf3WLx2Shd0qJ9xuvqgAyKPLAiqITEtqW0oIUjzo3PePDd6fW9iFz30ef7Ysp/oiWqbhszeGWW2T6Gzw=="
    }
  }
}
