{
  "name": "cspell-io",
  "version": "4.1.7",
  "lockfileVersion": 2,
  "requires": true,
  "packages": {
    "": {
      "name": "cspell-io",
      "version": "4.1.7",
      "license": "MIT",
      "dependencies": {
        "iconv-lite": "^0.6.3",
        "iterable-to-stream": "^2.0.0"
      },
      "engines": {
        "node": ">=10.0.0"
      }
    },
    "node_modules/iconv-lite": {
      "version": "0.6.3",
      "resolved": "https://registry.npmjs.org/iconv-lite/-/iconv-lite-0.6.3.tgz",
      "integrity": "sha512-4fCk79wshMdzMp2rH06qWrJE4iolqLhCUH+OiuIgU++RB0+94NlDL81atO7GX55uUKueo0txHNtvEyI6D7WdMw==",
      "dependencies": {
        "safer-buffer": ">= 2.1.2 < 3.0.0"
      },
      "engines": {
        "node": ">=0.10.0"
      }
    },
    "node_modules/iterable-to-stream": {
      "version": "2.0.0",
      "resolved": "https://registry.npmjs.org/iterable-to-stream/-/iterable-to-stream-2.0.0.tgz",
      "integrity": "sha512-efkLePxXjJk92hvN+2rS3tGJTRn8/tqXjmZvPI6LQ29xCj2sUF4zW8hkMsVe3jpTkxtMZ89xsKnz9FaRqNWM6g==",
      "engines": {
        "node": ">=12.0.0"
      }
    },
    "node_modules/safer-buffer": {
      "version": "2.1.2",
      "resolved": "https://registry.npmjs.org/safer-buffer/-/safer-buffer-2.1.2.tgz",
      "integrity": "sha512-YZo3K82SD7Riyi0E1EQPojLz7kpepnSQI9IyPbHHg1XXXevb5dJI7tpyN2ADxGcQbHG7vcyRHk0cbwqcQriUtg=="
    }
  },
  "dependencies": {
    "iconv-lite": {
      "version": "0.6.3",
      "resolved": "https://registry.npmjs.org/iconv-lite/-/iconv-lite-0.6.3.tgz",
      "integrity": "sha512-4fCk79wshMdzMp2rH06qWrJE4iolqLhCUH+OiuIgU++RB0+94NlDL81atO7GX55uUKueo0txHNtvEyI6D7WdMw==",
      "requires": {
        "safer-buffer": ">= 2.1.2 < 3.0.0"
      }
    },
    "iterable-to-stream": {
      "version": "2.0.0",
      "resolved": "https://registry.npmjs.org/iterable-to-stream/-/iterable-to-stream-2.0.0.tgz",
      "integrity": "sha512-efkLePxXjJk92hvN+2rS3tGJTRn8/tqXjmZvPI6LQ29xCj2sUF4zW8hkMsVe3jpTkxtMZ89xsKnz9FaRqNWM6g=="
    },
    "safer-buffer": {
      "version": "2.1.2",
      "resolved": "https://registry.npmjs.org/safer-buffer/-/safer-buffer-2.1.2.tgz",
      "integrity": "sha512-YZo3K82SD7Riyi0E1EQPojLz7kpepnSQI9IyPbHHg1XXXevb5dJI7tpyN2ADxGcQbHG7vcyRHk0cbwqcQriUtg=="
    }
  }
}
