{
  "name": "test-cspell-tools",
  "version": "5.2.4",
  "lockfileVersion": 1,
  "requires": true,
  "dependencies": {
    "@babel/code-frame": {
      "version": "7.12.13",
      "resolved": "https://registry.npmjs.org/@babel/code-frame/-/code-frame-7.12.13.tgz",
      "integrity": "sha512-HV1Cm0Q3ZrpCR93tkWOYiuYIgLxZXZFVG2VgK+MBWjUqZTundupbfx2aXarXuw5Ko5aMcjtJgbSs4vUGBS5v6g==",
      "requires": {
        "@babel/highlight": "^7.12.13"
      }
    },
    "@babel/helper-validator-identifier": {
      "version": "7.12.11",
      "resolved": "https://registry.npmjs.org/@babel/helper-validator-identifier/-/helper-validator-identifier-7.12.11.tgz",
      "integrity": "sha512-np/lG3uARFybkoHokJUmf1QfEvRVCPbmQeUQpKow5cQ3xWrV9i3rUHodKDJPQfTVX61qKi+UdYk8kik84n7XOw=="
    },
    "@babel/highlight": {
      "version": "7.12.13",
      "resolved": "https://registry.npmjs.org/@babel/highlight/-/highlight-7.12.13.tgz",
      "integrity": "sha512-kocDQvIbgMKlWxXe9fof3TQ+gkIPOUSEYhJjqUjvKMez3krV7vbzYCDq39Oj11UAVK7JqPVGQPlgE85dPNlQww==",
      "requires": {
        "@babel/helper-validator-identifier": "^7.12.11",
        "chalk": "^2.0.0",
        "js-tokens": "^4.0.0"
      },
      "dependencies": {
        "ansi-styles": {
          "version": "3.2.1",
          "resolved": "https://registry.npmjs.org/ansi-styles/-/ansi-styles-3.2.1.tgz",
          "integrity": "sha512-VT0ZI6kZRdTh8YyJw3SMbYm/u+NqfsAxEpWO0Pf9sq8/e94WxxOpPKx9FR1FlyCtOVDNOQ+8ntlqFxiRc+r5qA==",
          "requires": {
            "color-convert": "^1.9.0"
          }
        },
        "chalk": {
          "version": "2.4.2",
          "resolved": "https://registry.npmjs.org/chalk/-/chalk-2.4.2.tgz",
          "integrity": "sha512-Mti+f9lpJNcwF4tWV8/OrTTtF1gZi+f8FqlyAdouralcFWFQWF2+NgCHShjkCb+IFBLq9buZwE1xckQU4peSuQ==",
          "requires": {
            "ansi-styles": "^3.2.1",
            "escape-string-regexp": "^1.0.5",
            "supports-color": "^5.3.0"
          }
        },
        "color-convert": {
          "version": "1.9.3",
          "resolved": "https://registry.npmjs.org/color-convert/-/color-convert-1.9.3.tgz",
          "integrity": "sha512-QfAUtd+vFdAtFQcC8CCyYt1fYWxSqAiK2cSD6zDB8N3cpsEBAvRxp9zOGg6G/SHHJYAT88/az/IuDGALsNVbGg==",
          "requires": {
            "color-name": "1.1.3"
          }
        },
        "color-name": {
          "version": "1.1.3",
          "resolved": "https://registry.npmjs.org/color-name/-/color-name-1.1.3.tgz",
          "integrity": "sha1-p9BVi9icQveV3UIyj3QIMcpTvCU="
        },
        "has-flag": {
          "version": "3.0.0",
          "resolved": "https://registry.npmjs.org/has-flag/-/has-flag-3.0.0.tgz",
          "integrity": "sha1-tdRU3CGZriJWmfNGfloH87lVuv0="
        },
        "supports-color": {
          "version": "5.5.0",
          "resolved": "https://registry.npmjs.org/supports-color/-/supports-color-5.5.0.tgz",
          "integrity": "sha512-QjVjwdXIt408MIiAqCX4oUKsgU2EqAGzs2Ppkm4aQYbjm+ZEWEcW4SfFNTr4uMNZma0ey4f5lgLrkB0aX0QMow==",
          "requires": {
            "has-flag": "^3.0.0"
          }
        }
      }
    },
    "@cspell/cspell-bundled-dicts": {
      "version": "5.2.4",
      "resolved": "https://registry.npmjs.org/@cspell/cspell-bundled-dicts/-/cspell-bundled-dicts-5.2.4.tgz",
      "integrity": "sha512-IVoTVdFIWnWmJYBwjbsYtFyH6fD8bClDZrFpUa/a84vXVopcH1ZjpwotDsHO+P3O1GCFTacT1Z2Lyh56xowmxw==",
      "requires": {
        "@cspell/dict-aws": "^1.0.13",
        "@cspell/dict-bash": "^1.0.11",
        "@cspell/dict-companies": "^1.0.35",
        "@cspell/dict-cpp": "^1.1.37",
        "@cspell/dict-cryptocurrencies": "^1.0.10",
        "@cspell/dict-csharp": "^1.0.10",
        "@cspell/dict-css": "^1.0.10",
        "@cspell/dict-django": "^1.0.25",
        "@cspell/dict-dotnet": "^1.0.24",
        "@cspell/dict-elixir": "^1.0.23",
        "@cspell/dict-en-gb": "^1.1.27",
        "@cspell/dict-en_us": "^1.2.39",
        "@cspell/dict-filetypes": "^1.1.5",
        "@cspell/dict-fonts": "^1.0.14",
        "@cspell/dict-fullstack": "^1.0.36",
        "@cspell/dict-golang": "^1.1.24",
        "@cspell/dict-haskell": "^1.0.12",
        "@cspell/dict-html": "^1.1.5",
        "@cspell/dict-html-symbol-entities": "^1.0.23",
        "@cspell/dict-java": "^1.0.22",
        "@cspell/dict-latex": "^1.0.23",
        "@cspell/dict-lorem-ipsum": "^1.0.22",
        "@cspell/dict-lua": "^1.0.16",
        "@cspell/dict-node": "^1.0.10",
        "@cspell/dict-npm": "^1.0.10",
        "@cspell/dict-php": "^1.0.23",
        "@cspell/dict-powershell": "^1.0.14",
        "@cspell/dict-python": "^1.0.33",
        "@cspell/dict-ruby": "^1.0.12",
        "@cspell/dict-rust": "^1.0.22",
        "@cspell/dict-scala": "^1.0.21",
        "@cspell/dict-software-terms": "^1.0.25",
        "@cspell/dict-typescript": "^1.0.16"
      }
    },
    "@cspell/cspell-tools": {
      "version": "5.2.4",
      "resolved": "https://registry.npmjs.org/@cspell/cspell-tools/-/cspell-tools-5.2.4.tgz",
      "integrity": "sha512-ckT5mxvRhwmR+rpGAwdRMbw6lEqEkY45PFLY0c+wxg167DxII3LeYQd1KQt6/A83XiAgshHLSXyGhoGcd7rswA==",
      "requires": {
        "commander": "^7.0.0",
        "cspell-io": "^5.2.0",
        "cspell-trie-lib": "^5.2.2",
        "fs-extra": "^9.1.0",
        "gensequence": "^3.1.1",
        "glob": "^7.1.6",
        "hunspell-reader": "^3.2.0"
      }
    },
    "@cspell/cspell-types": {
      "version": "5.2.4",
      "resolved": "https://registry.npmjs.org/@cspell/cspell-types/-/cspell-types-5.2.4.tgz",
      "integrity": "sha512-luv2hzoKdDrNs2LPDHuS+r9hOniZlYiJJU8og8ftGyuwjytnSaTUvtY8SzFqquKQJ4+rty6AF2RS/foQ69s/2Q=="
    },
    "@cspell/dict-aws": {
      "version": "1.0.13",
      "resolved": "https://registry.npmjs.org/@cspell/dict-aws/-/dict-aws-1.0.13.tgz",
      "integrity": "sha512-9rq8BS5p418THq12PIkLQmGhg4kQ8tMH8vyB7gTF2lOrA+xMwV5HjZAepoYiJCxDQI5GAQJZlAaBi5DRG3AN2A=="
    },
    "@cspell/dict-bash": {
      "version": "1.0.11",
      "resolved": "https://registry.npmjs.org/@cspell/dict-bash/-/dict-bash-1.0.11.tgz",
      "integrity": "sha512-DTOugbPacEFIav5s+VniByouu4apD1SKS5inwiBndw0TH3Pkm4MFTPUwfT1y7Ki4HEIyfRI2ughig2045SBqRw=="
    },
    "@cspell/dict-companies": {
      "version": "1.0.35",
      "resolved": "https://registry.npmjs.org/@cspell/dict-companies/-/dict-companies-1.0.35.tgz",
      "integrity": "sha512-lFoXFqXgAUjj14t7VJm+D/j9jU9kn4Eud+Q2gVQTKs6+oMivJ0hROpqZv/CEYHlm/4MpP5Livp0z0E6ARCE0kQ=="
    },
    "@cspell/dict-cpp": {
      "version": "1.1.37",
      "resolved": "https://registry.npmjs.org/@cspell/dict-cpp/-/dict-cpp-1.1.37.tgz",
      "integrity": "sha512-1X48pxiOdAw5Q7zj0k8/L5B1YY2W0k4go4CB5rcsuGRzsWXsdnKXHQTeMTAw7epIe4lj+Ef9oWaU+ODQpDZOCQ=="
    },
    "@cspell/dict-cryptocurrencies": {
      "version": "1.0.10",
      "resolved": "https://registry.npmjs.org/@cspell/dict-cryptocurrencies/-/dict-cryptocurrencies-1.0.10.tgz",
      "integrity": "sha512-47ABvDJOkaST/rXipNMfNvneHUzASvmL6K/CbOFpYKfsd0x23Jc9k1yaOC7JAm82XSC/8a7+3Yu+Fk2jVJNnsA=="
    },
    "@cspell/dict-csharp": {
      "version": "1.0.10",
      "resolved": "https://registry.npmjs.org/@cspell/dict-csharp/-/dict-csharp-1.0.10.tgz",
      "integrity": "sha512-jAl4HeRTwbN2+tEqL8cjM7GLXSJr9Jde3k8CqfxKME7qwVRCoBW6RkhyDHfEyaQ1LomDhnr35uiHEVrw7xCHMw=="
    },
    "@cspell/dict-css": {
      "version": "1.0.10",
      "resolved": "https://registry.npmjs.org/@cspell/dict-css/-/dict-css-1.0.10.tgz",
      "integrity": "sha512-QQbh+GBAyTVU8Wlf1xZPxZQQ3uRzb1lYE5RjE7hnRTSc4HtWYcb2+6XpO51QDl/dRhCmP3vEHzFF/swzHRa5hw=="
    },
    "@cspell/dict-django": {
      "version": "1.0.25",
      "resolved": "https://registry.npmjs.org/@cspell/dict-django/-/dict-django-1.0.25.tgz",
      "integrity": "sha512-kQfZhvjAodb5CNgryYoEKlUaHA+IVGhZIpON5ZJBuxrPUZ4SyklACPXKxDyXnKAibrERoi4zNL6pBbsljEL03w=="
    },
    "@cspell/dict-dotnet": {
      "version": "1.0.24",
      "resolved": "https://registry.npmjs.org/@cspell/dict-dotnet/-/dict-dotnet-1.0.24.tgz",
      "integrity": "sha512-TxmMSh2T7C+DzF0rGTwVWFGCwqiwqLpyKar37kJt62bhadbxFKv+XxkLjOLVmgoqhA17BXM813hIjjZrICj4jg=="
    },
    "@cspell/dict-elixir": {
      "version": "1.0.23",
      "resolved": "https://registry.npmjs.org/@cspell/dict-elixir/-/dict-elixir-1.0.23.tgz",
      "integrity": "sha512-UKDgNSZ36o31IX4NjCF/lCuOAoLEEsjSB2KwMD2ucT66MSFEPLk1womGY+iWblISeeBmB9EehfL1hjgoRwGlUw=="
    },
    "@cspell/dict-en-gb": {
      "version": "1.1.27",
      "resolved": "https://registry.npmjs.org/@cspell/dict-en-gb/-/dict-en-gb-1.1.27.tgz",
      "integrity": "sha512-0tY939q0vzmsUotKQe/i8mDGqiiw4V3Kv/nkTvxFfVQAd6JRfpWBKlMbVV5Oy37nQkQiwkDLY4v90AbyqOvG8Q=="
    },
    "@cspell/dict-en_us": {
      "version": "1.2.39",
      "resolved": "https://registry.npmjs.org/@cspell/dict-en_us/-/dict-en_us-1.2.39.tgz",
      "integrity": "sha512-rMn5pIm3bl+t3Qxdf3WMkLZ2kzs/FDHSCDR9ha+JOtCJ1yrJTLdlZvokGDLwMScztbgooEvabsN8AUqPutOSog=="
    },
    "@cspell/dict-filetypes": {
      "version": "1.1.5",
      "resolved": "https://registry.npmjs.org/@cspell/dict-filetypes/-/dict-filetypes-1.1.5.tgz",
      "integrity": "sha512-yfkB37J+hL6W8qa4AknFp7u6CGECrw2ql2/y0lUKruLQYid0ApK+bH+ll+Sqgl2YS5QAOhclskc72aQHAcRJIQ=="
    },
    "@cspell/dict-fonts": {
      "version": "1.0.14",
      "resolved": "https://registry.npmjs.org/@cspell/dict-fonts/-/dict-fonts-1.0.14.tgz",
      "integrity": "sha512-VhIX+FVYAnqQrOuoFEtya6+H72J82cIicz9QddgknsTqZQ3dvgp6lmVnsQXPM3EnzA8n1peTGpLDwHzT7ociLA=="
    },
    "@cspell/dict-fullstack": {
      "version": "1.0.36",
      "resolved": "https://registry.npmjs.org/@cspell/dict-fullstack/-/dict-fullstack-1.0.36.tgz",
      "integrity": "sha512-npScBMAoZsjVE5uC1I72vmM1FCYnqzHH1ujgiBkbKd6Dp73VZ1f6OtpSQgqq9/onb0mSmMVF2kw4gPj8BlwGHg=="
    },
    "@cspell/dict-golang": {
      "version": "1.1.24",
      "resolved": "https://registry.npmjs.org/@cspell/dict-golang/-/dict-golang-1.1.24.tgz",
      "integrity": "sha512-qq3Cjnx2U1jpeWAGJL1GL0ylEhUMqyaR36Xij6Y6Aq4bViCRp+HRRqk0x5/IHHbOrti45h3yy7ii1itRFo+Xkg=="
    },
    "@cspell/dict-haskell": {
      "version": "1.0.12",
      "resolved": "https://registry.npmjs.org/@cspell/dict-haskell/-/dict-haskell-1.0.12.tgz",
      "integrity": "sha512-JrSSuV2oY8Z1/qYi8j1w5M3eokiFkcpRtCrxpKlHYFXFEvmqTH9D8qvzVbAkrQpefMppy8uIUzknSzhwAc/MQA=="
    },
    "@cspell/dict-html": {
      "version": "1.1.5",
      "resolved": "https://registry.npmjs.org/@cspell/dict-html/-/dict-html-1.1.5.tgz",
      "integrity": "sha512-ecwFDcponQgLpC9VJK7SRAbLu3CAlw6KUSlLtVOiN3zxlh27MDCCMp9jCD4UImZGACe0YQ1Zj0DW7PjXkHuKHg=="
    },
    "@cspell/dict-html-symbol-entities": {
      "version": "1.0.23",
      "resolved": "https://registry.npmjs.org/@cspell/dict-html-symbol-entities/-/dict-html-symbol-entities-1.0.23.tgz",
      "integrity": "sha512-PV0UBgcBFbBLf/m1wfkVMM8w96kvfHoiCGLWO6BR3Q9v70IXoE4ae0+T+f0CkxcEkacMqEQk/I7vuE9MzrjaNw=="
    },
    "@cspell/dict-java": {
      "version": "1.0.22",
      "resolved": "https://registry.npmjs.org/@cspell/dict-java/-/dict-java-1.0.22.tgz",
      "integrity": "sha512-CVAJ29dx1XwwutgsMgaj5eCl1Nc7X7qFhWL2KkAdu78A/NUIaS+1I9KS0hHhdZx/wLke9dH8TR7NyPQGpGxeAw=="
    },
    "@cspell/dict-latex": {
      "version": "1.0.23",
      "resolved": "https://registry.npmjs.org/@cspell/dict-latex/-/dict-latex-1.0.23.tgz",
      "integrity": "sha512-xn9VvX5+q9xxELiOl5o8W/0nKympOc9i6Bq6PqX3fxhVWV4xURT18sp14OI9dNXxOSm5TRzL96vgLYvK/FYQVw=="
    },
    "@cspell/dict-lorem-ipsum": {
      "version": "1.0.22",
      "resolved": "https://registry.npmjs.org/@cspell/dict-lorem-ipsum/-/dict-lorem-ipsum-1.0.22.tgz",
      "integrity": "sha512-yqzspR+2ADeAGUxLTfZ4pXvPl7FmkENMRcGDECmddkOiuEwBCWMZdMP5fng9B0Q6j91hQ8w9CLvJKBz10TqNYg=="
    },
    "@cspell/dict-lua": {
      "version": "1.0.16",
      "resolved": "https://registry.npmjs.org/@cspell/dict-lua/-/dict-lua-1.0.16.tgz",
      "integrity": "sha512-YiHDt8kmHJ8nSBy0tHzaxiuitYp+oJ66ffCYuFWTNB3//Y0SI4OGHU3omLsQVeXIfCeVrO4DrVvRDoCls9B5zQ=="
    },
    "@cspell/dict-node": {
      "version": "1.0.10",
      "resolved": "https://registry.npmjs.org/@cspell/dict-node/-/dict-node-1.0.10.tgz",
      "integrity": "sha512-MnLy0pOcd+Zo8+M8VmumrIQN5SuAduZZrYKHhvXfxdVfX5vl5BfD6Gl25hzH0DrlAVlJOWAnkMZZFMYh4nGWRA=="
    },
    "@cspell/dict-npm": {
      "version": "1.0.10",
      "resolved": "https://registry.npmjs.org/@cspell/dict-npm/-/dict-npm-1.0.10.tgz",
      "integrity": "sha512-LxLjMOyELWtVBHpive60G3MJseid30M9GR5Vodo9cT6lqT1CkbdsNP9j3oTwVXHTMKB3I+IOHNapuFG1ILcEew=="
    },
    "@cspell/dict-php": {
      "version": "1.0.23",
      "resolved": "https://registry.npmjs.org/@cspell/dict-php/-/dict-php-1.0.23.tgz",
      "integrity": "sha512-rRLf/09rXDrzs0DJuNXNmFVTw2b2zLmZKNF4LIPrFHYHvdfsMvwVqxkr/SAyhF8C6zi5sW0XYC/J0S/3IE927w=="
    },
    "@cspell/dict-powershell": {
      "version": "1.0.14",
      "resolved": "https://registry.npmjs.org/@cspell/dict-powershell/-/dict-powershell-1.0.14.tgz",
      "integrity": "sha512-hisOXXi5PBXB5YKtrJQIis2FIRHgSW1U0/sd4yI36lzb3ZMEvGJwdAdyhXN3IGiqRUNxMzJiXAeXfhnia4xPtQ=="
    },
    "@cspell/dict-python": {
      "version": "1.0.33",
      "resolved": "https://registry.npmjs.org/@cspell/dict-python/-/dict-python-1.0.33.tgz",
      "integrity": "sha512-tRmE4TzHDFPs7sJ1a3XbfyFrvRHwefVz+z1wkm6tkXK9TPrCbIS+rV/T8xhj205q4lpZQ/TkNB3lT40eLB9O8A=="
    },
    "@cspell/dict-ruby": {
      "version": "1.0.12",
      "resolved": "https://registry.npmjs.org/@cspell/dict-ruby/-/dict-ruby-1.0.12.tgz",
      "integrity": "sha512-1qGZpVbfWfGLujKFyt2Nd9bc7rNXdkjYIRfpGmn/fwVDhWz/D4Q8GLMQPB2ixocSuF3pjfsRTh1D+rKK17WFjg=="
    },
    "@cspell/dict-rust": {
      "version": "1.0.22",
      "resolved": "https://registry.npmjs.org/@cspell/dict-rust/-/dict-rust-1.0.22.tgz",
      "integrity": "sha512-7WOIzv0BPiU+MssZbbMk8K+HR/g9Bcvd0+jXJC3/AKT8L6l0Mx0Tr/oF7cJ4xvCYgA84nBz3PhMZkabGSz/Nkg=="
    },
    "@cspell/dict-scala": {
      "version": "1.0.21",
      "resolved": "https://registry.npmjs.org/@cspell/dict-scala/-/dict-scala-1.0.21.tgz",
      "integrity": "sha512-5V/R7PRbbminTpPS3ywgdAalI9BHzcEjEj9ug4kWYvBIGwSnS7T6QCFCiu+e9LvEGUqQC+NHgLY4zs1NaBj2vA=="
    },
    "@cspell/dict-software-terms": {
      "version": "1.0.25",
      "resolved": "https://registry.npmjs.org/@cspell/dict-software-terms/-/dict-software-terms-1.0.25.tgz",
      "integrity": "sha512-GOHfmGT/X7QsKXFKS8riPVXI7jOTfcjSz/mzoUP8t1kOTkp+8qw+hxsQ31Z4Ctz5ZI7sh0xpFFYDNFFzG5XWgw=="
    },
    "@cspell/dict-typescript": {
      "version": "1.0.16",
      "resolved": "https://registry.npmjs.org/@cspell/dict-typescript/-/dict-typescript-1.0.16.tgz",
      "integrity": "sha512-DEKi6vD605ebDhCC4Hrtz29k59TcijPVsmVKheTpMrL1MD/S96Ftb19gW0pEIVK9vwYZIljmGwgz4qYyuM5Liw=="
    },
    "@types/parse-json": {
      "version": "4.0.0",
      "resolved": "https://registry.npmjs.org/@types/parse-json/-/parse-json-4.0.0.tgz",
      "integrity": "sha512-//oorEZjL6sbPcKUaCdIGlIUeH26mgzimjBB77G6XRgnDl/L5wOnpyBGRe/Mmf5CVW3PwEBE1NjiMZ/ssFh4wA=="
    },
    "ansi-regex": {
      "version": "5.0.0",
      "resolved": "https://registry.npmjs.org/ansi-regex/-/ansi-regex-5.0.0.tgz",
      "integrity": "sha512-bY6fj56OUQ0hU1KjFNDQuJFezqKdrAyFdIevADiqrWHwSlbmBNMHp5ak2f40Pm8JTFyM2mqxkG6ngkHO11f/lg=="
    },
    "ansi-styles": {
      "version": "4.3.0",
      "resolved": "https://registry.npmjs.org/ansi-styles/-/ansi-styles-4.3.0.tgz",
      "integrity": "sha512-zbB9rCJAT1rbjiVDb2hqKFHNYLxgtk8NURxZ3IZwD3F6NtxbXZQCnnSi1Lkx+IDohdPlFp222wVALIheZJQSEg==",
      "requires": {
        "color-convert": "^2.0.1"
      }
    },
    "array-timsort": {
      "version": "1.0.3",
      "resolved": "https://registry.npmjs.org/array-timsort/-/array-timsort-1.0.3.tgz",
      "integrity": "sha512-/+3GRL7dDAGEfM6TseQk/U+mi18TU2Ms9I3UlLdUMhz2hbvGNTKdj9xniwXfUqgYhHxRx0+8UnKkvlNwVU+cWQ=="
    },
    "at-least-node": {
      "version": "1.0.0",
      "resolved": "https://registry.npmjs.org/at-least-node/-/at-least-node-1.0.0.tgz",
      "integrity": "sha512-+q/t7Ekv1EDY2l6Gda6LLiX14rU9TV20Wa3ofeQmwPFZbOMo9DXrLbOjFaaclkXKWidIaopwAObQDqwWtGUjqg=="
    },
    "balanced-match": {
      "version": "1.0.0",
      "resolved": "https://registry.npmjs.org/balanced-match/-/balanced-match-1.0.0.tgz",
      "integrity": "sha1-ibTRmasr7kneFk6gK4nORi1xt2c="
    },
    "brace-expansion": {
      "version": "1.1.11",
      "resolved": "https://registry.npmjs.org/brace-expansion/-/brace-expansion-1.1.11.tgz",
      "integrity": "sha512-iCuPHDFgrHX7H2vEI/5xpz07zSHB00TpugqhmYtVmMO6518mCuRMoOYFldEBl0g187ufozdaHgWKcYFb61qGiA==",
      "requires": {
        "balanced-match": "^1.0.0",
        "concat-map": "0.0.1"
      }
    },
    "braces": {
      "version": "3.0.2",
      "resolved": "https://registry.npmjs.org/braces/-/braces-3.0.2.tgz",
      "integrity": "sha512-b8um+L1RzM3WDSzvhm6gIz1yfTbBt6YTlcEKAvsmqCZZFw46z626lVj9j1yEPW33H5H+lBQpZMP1k8l+78Ha0A==",
      "requires": {
        "fill-range": "^7.0.1"
      }
    },
    "callsites": {
      "version": "3.1.0",
      "resolved": "https://registry.npmjs.org/callsites/-/callsites-3.1.0.tgz",
      "integrity": "sha512-P8BjAsXvZS+VIDUI11hHCQEv74YT67YUi5JJFNWIqL235sBmjX4+qx9Muvls5ivyNENctx46xQLQ3aTuE7ssaQ=="
    },
    "chalk": {
      "version": "4.1.0",
      "resolved": "https://registry.npmjs.org/chalk/-/chalk-4.1.0.tgz",
      "integrity": "sha512-qwx12AxXe2Q5xQ43Ac//I6v5aXTipYrSESdOgzrN+9XjgEpyjpKuvSGaN4qE93f7TQTlerQQ8S+EQ0EyDoVL1A==",
      "requires": {
        "ansi-styles": "^4.1.0",
        "supports-color": "^7.1.0"
      }
    },
    "color-convert": {
      "version": "2.0.1",
      "resolved": "https://registry.npmjs.org/color-convert/-/color-convert-2.0.1.tgz",
      "integrity": "sha512-RRECPsj7iu/xb5oKYcsFHSppFNnsj/52OVTRKb4zP5onXwVF3zVmmToNcOfGC+CRDpfK/U584fMg38ZHCaElKQ==",
      "requires": {
        "color-name": "~1.1.4"
      }
    },
    "color-name": {
      "version": "1.1.4",
      "resolved": "https://registry.npmjs.org/color-name/-/color-name-1.1.4.tgz",
      "integrity": "sha512-dOy+3AuW3a2wNbZHIuMZpTcgjGuLU/uBL/ubcZF9OXbDo8ff4O8yVp5Bf0efS8uEoYo5q4Fx7dY9OgQGXgAsQA=="
    },
    "commander": {
      "version": "7.0.0",
      "resolved": "https://registry.npmjs.org/commander/-/commander-7.0.0.tgz",
      "integrity": "sha512-ovx/7NkTrnPuIV8sqk/GjUIIM1+iUQeqA3ye2VNpq9sVoiZsooObWlQy+OPWGI17GDaEoybuAGJm6U8yC077BA=="
    },
    "comment-json": {
      "version": "4.1.0",
      "resolved": "https://registry.npmjs.org/comment-json/-/comment-json-4.1.0.tgz",
      "integrity": "sha512-WEghmVYaNq9NlWbrkzQTSsya9ycLyxJxpTQfZEan6a5Jomnjw18zS3Podf8q1Zf9BvonvQd/+Z7Z39L7KKzzdQ==",
      "requires": {
        "array-timsort": "^1.0.3",
        "core-util-is": "^1.0.2",
        "esprima": "^4.0.1",
        "has-own-prop": "^2.0.0",
        "repeat-string": "^1.6.1"
      }
    },
    "concat-map": {
      "version": "0.0.1",
      "resolved": "https://registry.npmjs.org/concat-map/-/concat-map-0.0.1.tgz",
      "integrity": "sha1-2Klr13/Wjfd5OnMDajug1UBdR3s="
    },
    "configstore": {
      "version": "5.0.1",
      "resolved": "https://registry.npmjs.org/configstore/-/configstore-5.0.1.tgz",
      "integrity": "sha512-aMKprgk5YhBNyH25hj8wGt2+D52Sw1DRRIzqBwLp2Ya9mFmY8KPvvtvmna8SxVR9JMZ4kzMD68N22vlaRpkeFA==",
      "requires": {
        "dot-prop": "^5.2.0",
        "graceful-fs": "^4.1.2",
        "make-dir": "^3.0.0",
        "unique-string": "^2.0.0",
        "write-file-atomic": "^3.0.0",
        "xdg-basedir": "^4.0.0"
      }
    },
    "core-util-is": {
      "version": "1.0.2",
      "resolved": "https://registry.npmjs.org/core-util-is/-/core-util-is-1.0.2.tgz",
      "integrity": "sha1-tf1UIgqivFq1eqtxQMlAdUUDwac="
    },
    "cosmiconfig": {
      "version": "7.0.0",
      "resolved": "https://registry.npmjs.org/cosmiconfig/-/cosmiconfig-7.0.0.tgz",
      "integrity": "sha512-pondGvTuVYDk++upghXJabWzL6Kxu6f26ljFw64Swq9v6sQPUL3EUlVDV56diOjpCayKihL6hVe8exIACU4XcA==",
      "requires": {
        "@types/parse-json": "^4.0.0",
        "import-fresh": "^3.2.1",
        "parse-json": "^5.0.0",
        "path-type": "^4.0.0",
        "yaml": "^1.10.0"
      }
    },
    "crypto-random-string": {
      "version": "2.0.0",
      "resolved": "https://registry.npmjs.org/crypto-random-string/-/crypto-random-string-2.0.0.tgz",
      "integrity": "sha512-v1plID3y9r/lPhviJ1wrXpLeyUIGAZ2SHNYTEapm7/8A9nLPoyvVp3RK/EPFqn5kEznyWgYZNsRtYYIWbuG8KA=="
    },
    "cspell": {
      "version": "5.2.4",
      "resolved": "https://registry.npmjs.org/cspell/-/cspell-5.2.4.tgz",
      "integrity": "sha512-ONMoI2Yf9of662Ac8Azg+EKXWSDxZIjSWGtkg6FNQOCzD0AgO6ZJv2ti9mHuSZ9rovfaPJUocmiTJSl9TncK6g==",
      "requires": {
        "chalk": "^4.1.0",
        "commander": "^7.0.0",
        "comment-json": "^4.1.0",
        "cspell-glob": "^5.2.0",
        "cspell-lib": "^5.2.4",
        "fs-extra": "^9.1.0",
        "get-stdin": "^8.0.0",
        "glob": "^7.1.6",
        "minimatch": "^3.0.4",
        "strip-ansi": "^6.0.0"
      }
    },
    "cspell-glob": {
      "version": "5.2.0",
      "resolved": "https://registry.npmjs.org/cspell-glob/-/cspell-glob-5.2.0.tgz",
      "integrity": "sha512-Zc80PsQ86Sfsl04+PjoImfrUnFcPJh78Beg/gFjeJ9+7oUk3oBlAcAczat0ZdfOAdQ3x/rWCH30SoefuaEfsiw==",
      "requires": {
        "micromatch": "^4.0.2"
      }
    },
    "cspell-io": {
      "version": "5.2.0",
      "resolved": "https://registry.npmjs.org/cspell-io/-/cspell-io-5.2.0.tgz",
      "integrity": "sha512-8GFIa31vFtFleJ2ZC4Nb3QmG426aEglKu9OD3lcufNWSnFL1A6tbJJ0zGhuiYDpnyVRMKVkur/vh1FVNNvR83w==",
      "requires": {
        "iconv-lite": "^0.6.2",
        "iterable-to-stream": "^1.0.1"
      }
    },
    "cspell-lib": {
      "version": "5.2.4",
      "resolved": "https://registry.npmjs.org/cspell-lib/-/cspell-lib-5.2.4.tgz",
      "integrity": "sha512-DR0ZSNCwurHCobO5QDYyEuCCmkXRutQvfoK18wICuiUElD4WkgksuWPItRr2s5901t/QvImh349U+2UuO9qwCA==",
      "requires": {
        "@cspell/cspell-bundled-dicts": "^5.2.4",
        "@cspell/cspell-types": "^5.2.4",
        "comment-json": "^4.1.0",
        "configstore": "^5.0.1",
        "cosmiconfig": "^7.0.0",
        "cspell-io": "^5.2.0",
        "cspell-trie-lib": "^5.2.2",
        "fs-extra": "^9.1.0",
        "gensequence": "^3.1.1",
        "minimatch": "^3.0.4",
        "resolve-from": "^5.0.0",
        "resolve-global": "^1.0.0",
        "vscode-uri": "^3.0.2"
      }
    },
    "cspell-trie-lib": {
      "version": "5.2.2",
      "resolved": "https://registry.npmjs.org/cspell-trie-lib/-/cspell-trie-lib-5.2.2.tgz",
      "integrity": "sha512-Zs4POqx8xPuNF8Cex3NnSv0Ti8sS5UiL5ruo6tKwQWJbpWvrBZ/FTlypG4l2y0BMEqd+/CqmjOv3GX8dDE2lBg==",
      "requires": {
        "fs-extra": "^9.1.0",
        "gensequence": "^3.1.1"
      }
    },
    "dot-prop": {
      "version": "5.3.0",
      "resolved": "https://registry.npmjs.org/dot-prop/-/dot-prop-5.3.0.tgz",
      "integrity": "sha512-QM8q3zDe58hqUqjraQOmzZ1LIH9SWQJTlEKCH4kJ2oQvLZk7RbQXvtDM2XEq3fwkV9CCvvH4LA0AV+ogFsBM2Q==",
      "requires": {
        "is-obj": "^2.0.0"
      }
    },
    "error-ex": {
      "version": "1.3.2",
      "resolved": "https://registry.npmjs.org/error-ex/-/error-ex-1.3.2.tgz",
      "integrity": "sha512-7dFHNmqeFSEt2ZBsCriorKnn3Z2pj+fd9kmI6QoWw4//DL+icEBfc0U7qJCisqrTsKTjw4fNFy2pW9OqStD84g==",
      "requires": {
        "is-arrayish": "^0.2.1"
      }
    },
    "escape-string-regexp": {
      "version": "1.0.5",
      "resolved": "https://registry.npmjs.org/escape-string-regexp/-/escape-string-regexp-1.0.5.tgz",
      "integrity": "sha1-G2HAViGQqN/2rjuyzwIAyhMLhtQ="
    },
    "esprima": {
      "version": "4.0.1",
      "resolved": "https://registry.npmjs.org/esprima/-/esprima-4.0.1.tgz",
      "integrity": "sha512-eGuFFw7Upda+g4p+QHvnW0RyTX/SVeJBDM/gCtMARO0cLuT2HcEKnTPvhjV6aGeqrCB/sbNop0Kszm0jsaWU4A=="
    },
    "fill-range": {
      "version": "7.0.1",
      "resolved": "https://registry.npmjs.org/fill-range/-/fill-range-7.0.1.tgz",
      "integrity": "sha512-qOo9F+dMUmC2Lcb4BbVvnKJxTPjCm+RRpe4gDuGrzkL7mEVl/djYSu2OdQ2Pa302N4oqkSg9ir6jaLWJ2USVpQ==",
      "requires": {
        "to-regex-range": "^5.0.1"
      }
    },
    "fs-extra": {
      "version": "9.1.0",
      "resolved": "https://registry.npmjs.org/fs-extra/-/fs-extra-9.1.0.tgz",
      "integrity": "sha512-hcg3ZmepS30/7BSFqRvoo3DOMQu7IjqxO5nCDt+zM9XWjb33Wg7ziNT+Qvqbuc3+gWpzO02JubVyk2G4Zvo1OQ==",
      "requires": {
        "at-least-node": "^1.0.0",
        "graceful-fs": "^4.2.0",
        "jsonfile": "^6.0.1",
        "universalify": "^2.0.0"
      }
    },
    "fs.realpath": {
      "version": "1.0.0",
      "resolved": "https://registry.npmjs.org/fs.realpath/-/fs.realpath-1.0.0.tgz",
      "integrity": "sha1-FQStJSMVjKpA20onh8sBQRmU6k8="
    },
    "gensequence": {
      "version": "3.1.1",
      "resolved": "https://registry.npmjs.org/gensequence/-/gensequence-3.1.1.tgz",
      "integrity": "sha512-ys3h0hiteRwmY6BsvSttPmkhC0vEQHPJduANBRtH/dlDPZ0UBIb/dXy80IcckXyuQ6LKg+PloRqvGER9IS7F7g=="
    },
    "get-stdin": {
      "version": "8.0.0",
      "resolved": "https://registry.npmjs.org/get-stdin/-/get-stdin-8.0.0.tgz",
      "integrity": "sha512-sY22aA6xchAzprjyqmSEQv4UbAAzRN0L2dQB0NlN5acTTK9Don6nhoc3eAbUnpZiCANAMfd/+40kVdKfFygohg=="
    },
    "glob": {
      "version": "7.1.6",
      "resolved": "https://registry.npmjs.org/glob/-/glob-7.1.6.tgz",
      "integrity": "sha512-LwaxwyZ72Lk7vZINtNNrywX0ZuLyStrdDtabefZKAY5ZGJhVtgdznluResxNmPitE0SAO+O26sWTHeKSI2wMBA==",
      "requires": {
        "fs.realpath": "^1.0.0",
        "inflight": "^1.0.4",
        "inherits": "2",
        "minimatch": "^3.0.4",
        "once": "^1.3.0",
        "path-is-absolute": "^1.0.0"
      }
    },
    "global-dirs": {
      "version": "0.1.1",
      "resolved": "https://registry.npmjs.org/global-dirs/-/global-dirs-0.1.1.tgz",
      "integrity": "sha1-sxnA3UYH81PzvpzKTHL8FIxJ9EU=",
      "requires": {
        "ini": "^1.3.4"
      }
    },
    "graceful-fs": {
      "version": "4.2.5",
      "resolved": "https://registry.npmjs.org/graceful-fs/-/graceful-fs-4.2.5.tgz",
      "integrity": "sha512-kBBSQbz2K0Nyn+31j/w36fUfxkBW9/gfwRWdUY1ULReH3iokVJgddZAFcD1D0xlgTmFxJCbUkUclAlc6/IDJkw=="
    },
    "has-flag": {
      "version": "4.0.0",
      "resolved": "https://registry.npmjs.org/has-flag/-/has-flag-4.0.0.tgz",
      "integrity": "sha512-EykJT/Q1KjTWctppgIAgfSO0tKVuZUjhgMr17kqTumMl6Afv3EISleU7qZUzoXDFTAHTDC4NOoG/ZxU3EvlMPQ=="
    },
    "has-own-prop": {
      "version": "2.0.0",
      "resolved": "https://registry.npmjs.org/has-own-prop/-/has-own-prop-2.0.0.tgz",
      "integrity": "sha512-Pq0h+hvsVm6dDEa8x82GnLSYHOzNDt7f0ddFa3FqcQlgzEiptPqL+XrOJNavjOzSYiYWIrgeVYYgGlLmnxwilQ=="
    },
    "hunspell-reader": {
      "version": "3.2.0",
      "resolved": "https://registry.npmjs.org/hunspell-reader/-/hunspell-reader-3.2.0.tgz",
      "integrity": "sha512-hrGosmbPpFNVg5qZmq2zqzE1AORN/mvwP5DfPBoN+/t8iGLOembbdKDHgz4CdrH22hNYeQ3NKUI/PH0xljUPuA==",
      "requires": {
        "commander": "^2.20.3",
        "fs-extra": "^8.0.1",
        "gensequence": "^3.0.1",
        "iconv-lite": "^0.5.0"
      },
      "dependencies": {
        "commander": {
          "version": "2.20.3",
          "resolved": "https://registry.npmjs.org/commander/-/commander-2.20.3.tgz",
          "integrity": "sha512-GpVkmM8vF2vQUkj2LvZmD35JxeJOLCwJ9cUkugyk2nuhbv3+mJvpLYYt+0+USMxE+oj+ey/lJEnhZw75x/OMcQ=="
        },
        "fs-extra": {
          "version": "8.1.0",
          "resolved": "https://registry.npmjs.org/fs-extra/-/fs-extra-8.1.0.tgz",
          "integrity": "sha512-yhlQgA6mnOJUKOsRUFsgJdQCvkKhcz8tlZG5HBQfReYZy46OwLcY+Zia0mtdHsOo9y/hP+CxMN0TU9QxoOtG4g==",
          "requires": {
            "graceful-fs": "^4.2.0",
            "jsonfile": "^4.0.0",
            "universalify": "^0.1.0"
          }
        },
        "iconv-lite": {
          "version": "0.5.2",
          "resolved": "https://registry.npmjs.org/iconv-lite/-/iconv-lite-0.5.2.tgz",
          "integrity": "sha512-kERHXvpSaB4aU3eANwidg79K8FlrN77m8G9V+0vOR3HYaRifrlwMEpT7ZBJqLSEIHnEgJTHcWK82wwLwwKwtag==",
          "requires": {
            "safer-buffer": ">= 2.1.2 < 3"
          }
        },
        "jsonfile": {
          "version": "4.0.0",
          "resolved": "https://registry.npmjs.org/jsonfile/-/jsonfile-4.0.0.tgz",
          "integrity": "sha1-h3Gq4HmbZAdrdmQPygWPnBDjPss=",
          "requires": {
            "graceful-fs": "^4.1.6"
          }
        },
        "universalify": {
          "version": "0.1.2",
          "resolved": "https://registry.npmjs.org/universalify/-/universalify-0.1.2.tgz",
          "integrity": "sha512-rBJeI5CXAlmy1pV+617WB9J63U6XcazHHF2f2dbJix4XzpUF0RS3Zbj0FGIOCAva5P/d/GBOYaACQ1w+0azUkg=="
        }
      }
    },
    "iconv-lite": {
      "version": "0.6.2",
      "resolved": "https://registry.npmjs.org/iconv-lite/-/iconv-lite-0.6.2.tgz",
      "integrity": "sha512-2y91h5OpQlolefMPmUlivelittSWy0rP+oYVpn6A7GwVHNE8AWzoYOBNmlwks3LobaJxgHCYZAnyNo2GgpNRNQ==",
      "requires": {
        "safer-buffer": ">= 2.1.2 < 3.0.0"
      }
    },
    "import-fresh": {
      "version": "3.3.0",
      "resolved": "https://registry.npmjs.org/import-fresh/-/import-fresh-3.3.0.tgz",
      "integrity": "sha512-veYYhQa+D1QBKznvhUHxb8faxlrwUnxseDAbAp457E0wLNio2bOSKnjYDhMj+YiAq61xrMGhQk9iXVk5FzgQMw==",
      "requires": {
        "parent-module": "^1.0.0",
        "resolve-from": "^4.0.0"
      },
      "dependencies": {
        "resolve-from": {
          "version": "4.0.0",
          "resolved": "https://registry.npmjs.org/resolve-from/-/resolve-from-4.0.0.tgz",
          "integrity": "sha512-pb/MYmXstAkysRFx8piNI1tGFNQIFA3vkE3Gq4EuA1dF6gHp/+vgZqsCGJapvy8N3Q+4o7FwvquPJcnZ7RYy4g=="
        }
      }
    },
    "imurmurhash": {
      "version": "0.1.4",
      "resolved": "https://registry.npmjs.org/imurmurhash/-/imurmurhash-0.1.4.tgz",
      "integrity": "sha1-khi5srkoojixPcT7a21XbyMUU+o="
    },
    "inflight": {
      "version": "1.0.6",
      "resolved": "https://registry.npmjs.org/inflight/-/inflight-1.0.6.tgz",
      "integrity": "sha1-Sb1jMdfQLQwJvJEKEHW6gWW1bfk=",
      "requires": {
        "once": "^1.3.0",
        "wrappy": "1"
      }
    },
    "inherits": {
      "version": "2.0.4",
      "resolved": "https://registry.npmjs.org/inherits/-/inherits-2.0.4.tgz",
      "integrity": "sha512-k/vGaX4/Yla3WzyMCvTQOXYeIHvqOKtnqBduzTHpzpQZzAskKMhZ2K+EnBiSM9zGSoIFeMpXKxa4dYeZIQqewQ=="
    },
    "ini": {
      "version": "1.3.8",
      "resolved": "https://registry.npmjs.org/ini/-/ini-1.3.8.tgz",
      "integrity": "sha512-JV/yugV2uzW5iMRSiZAyDtQd+nxtUnjeLt0acNdw98kKLrvuRVyB80tsREOE7yvGVgalhZ6RNXCmEHkUKBKxew=="
    },
    "is-arrayish": {
      "version": "0.2.1",
      "resolved": "https://registry.npmjs.org/is-arrayish/-/is-arrayish-0.2.1.tgz",
      "integrity": "sha1-d8mYQFJ6qOyxqLppe4BkWnqSap0="
    },
    "is-number": {
      "version": "7.0.0",
      "resolved": "https://registry.npmjs.org/is-number/-/is-number-7.0.0.tgz",
      "integrity": "sha512-41Cifkg6e8TylSpdtTpeLVMqvSBEVzTttHvERD741+pnZ8ANv0004MRL43QKPDlK9cGvNp6NZWZUBlbGXYxxng=="
    },
    "is-obj": {
      "version": "2.0.0",
      "resolved": "https://registry.npmjs.org/is-obj/-/is-obj-2.0.0.tgz",
      "integrity": "sha512-drqDG3cbczxxEJRoOXcOjtdp1J/lyp1mNn0xaznRs8+muBhgQcrnbspox5X5fOw0HnMnbfDzvnEMEtqDEJEo8w=="
    },
    "is-typedarray": {
      "version": "1.0.0",
      "resolved": "https://registry.npmjs.org/is-typedarray/-/is-typedarray-1.0.0.tgz",
      "integrity": "sha1-5HnICFjfDBsR3dppQPlgEfzaSpo="
    },
    "iterable-to-stream": {
      "version": "1.0.1",
      "resolved": "https://registry.npmjs.org/iterable-to-stream/-/iterable-to-stream-1.0.1.tgz",
      "integrity": "sha512-O62gD5ADMUGtJoOoM9U6LQ7i4byPXUNoHJ6mqsmkQJcom331ZJGDApWgDESWyBMEHEJRjtHozgIiTzYo9RU4UA=="
    },
    "js-tokens": {
      "version": "4.0.0",
      "resolved": "https://registry.npmjs.org/js-tokens/-/js-tokens-4.0.0.tgz",
      "integrity": "sha512-RdJUflcE3cUzKiMqQgsCu06FPu9UdIJO0beYbPhHN4k6apgJtifcoCtT9bcxOpYBtpD2kCM6Sbzg4CausW/PKQ=="
    },
    "json-parse-even-better-errors": {
      "version": "2.3.1",
      "resolved": "https://registry.npmjs.org/json-parse-even-better-errors/-/json-parse-even-better-errors-2.3.1.tgz",
      "integrity": "sha512-xyFwyhro/JEof6Ghe2iz2NcXoj2sloNsWr/XsERDK/oiPCfaNhl5ONfp+jQdAZRQQ0IJWNzH9zIZF7li91kh2w=="
    },
    "jsonfile": {
      "version": "6.1.0",
      "resolved": "https://registry.npmjs.org/jsonfile/-/jsonfile-6.1.0.tgz",
      "integrity": "sha512-5dgndWOriYSm5cnYaJNhalLNDKOqFwyDB/rr1E9ZsGciGvKPs8R2xYGCacuf3z6K1YKDz182fd+fY3cn3pMqXQ==",
      "requires": {
        "graceful-fs": "^4.1.6",
        "universalify": "^2.0.0"
      }
    },
    "lines-and-columns": {
      "version": "1.1.6",
      "resolved": "https://registry.npmjs.org/lines-and-columns/-/lines-and-columns-1.1.6.tgz",
      "integrity": "sha1-HADHQ7QzzQpOgHWPe2SldEDZ/wA="
    },
    "make-dir": {
      "version": "3.1.0",
      "resolved": "https://registry.npmjs.org/make-dir/-/make-dir-3.1.0.tgz",
      "integrity": "sha512-g3FeP20LNwhALb/6Cz6Dd4F2ngze0jz7tbzrD2wAV+o9FeNHe4rL+yK2md0J/fiSf1sa1ADhXqi5+oVwOM/eGw==",
      "requires": {
        "semver": "^6.0.0"
      }
    },
    "micromatch": {
      "version": "4.0.2",
      "resolved": "https://registry.npmjs.org/micromatch/-/micromatch-4.0.2.tgz",
      "integrity": "sha512-y7FpHSbMUMoyPbYUSzO6PaZ6FyRnQOpHuKwbo1G+Knck95XVU4QAiKdGEnj5wwoS7PlOgthX/09u5iFJ+aYf5Q==",
      "requires": {
        "braces": "^3.0.1",
        "picomatch": "^2.0.5"
      }
    },
    "minimatch": {
      "version": "3.0.4",
      "resolved": "https://registry.npmjs.org/minimatch/-/minimatch-3.0.4.tgz",
      "integrity": "sha512-yJHVQEhyqPLUTgt9B83PXu6W3rx4MvvHvSUvToogpwoGDOUQ+yDrR0HRot+yOCdCO7u4hX3pWft6kWBBcqh0UA==",
      "requires": {
        "brace-expansion": "^1.1.7"
      }
    },
    "once": {
      "version": "1.4.0",
      "resolved": "https://registry.npmjs.org/once/-/once-1.4.0.tgz",
      "integrity": "sha1-WDsap3WWHUsROsF9nFC6753Xa9E=",
      "requires": {
        "wrappy": "1"
      }
    },
    "parent-module": {
      "version": "1.0.1",
      "resolved": "https://registry.npmjs.org/parent-module/-/parent-module-1.0.1.tgz",
      "integrity": "sha512-GQ2EWRpQV8/o+Aw8YqtfZZPfNRWZYkbidE9k5rpl/hC3vtHHBfGm2Ifi6qWV+coDGkrUKZAxE3Lot5kcsRlh+g==",
      "requires": {
        "callsites": "^3.0.0"
      }
    },
    "parse-json": {
      "version": "5.2.0",
      "resolved": "https://registry.npmjs.org/parse-json/-/parse-json-5.2.0.tgz",
      "integrity": "sha512-ayCKvm/phCGxOkYRSCM82iDwct8/EonSEgCSxWxD7ve6jHggsFl4fZVQBPRNgQoKiuV/odhFrGzQXZwbifC8Rg==",
      "requires": {
        "@babel/code-frame": "^7.0.0",
        "error-ex": "^1.3.1",
        "json-parse-even-better-errors": "^2.3.0",
        "lines-and-columns": "^1.1.6"
      }
    },
    "path-is-absolute": {
      "version": "1.0.1",
      "resolved": "https://registry.npmjs.org/path-is-absolute/-/path-is-absolute-1.0.1.tgz",
      "integrity": "sha1-F0uSaHNVNP+8es5r9TpanhtcX18="
    },
    "path-type": {
      "version": "4.0.0",
      "resolved": "https://registry.npmjs.org/path-type/-/path-type-4.0.0.tgz",
      "integrity": "sha512-gDKb8aZMDeD/tZWs9P6+q0J9Mwkdl6xMV8TjnGP3qJVJ06bdMgkbBlLU8IdfOsIsFz2BW1rNVT3XuNEl8zPAvw=="
    },
    "picomatch": {
      "version": "2.2.2",
      "resolved": "https://registry.npmjs.org/picomatch/-/picomatch-2.2.2.tgz",
      "integrity": "sha512-q0M/9eZHzmr0AulXyPwNfZjtwZ/RBZlbN3K3CErVrk50T2ASYI7Bye0EvekFY3IP1Nt2DHu0re+V2ZHIpMkuWg=="
    },
    "repeat-string": {
      "version": "1.6.1",
      "resolved": "https://registry.npmjs.org/repeat-string/-/repeat-string-1.6.1.tgz",
      "integrity": "sha1-jcrkcOHIirwtYA//Sndihtp15jc="
    },
    "resolve-from": {
      "version": "5.0.0",
      "resolved": "https://registry.npmjs.org/resolve-from/-/resolve-from-5.0.0.tgz",
      "integrity": "sha512-qYg9KP24dD5qka9J47d0aVky0N+b4fTU89LN9iDnjB5waksiC49rvMB0PrUJQGoTmH50XPiqOvAjDfaijGxYZw=="
    },
    "resolve-global": {
      "version": "1.0.0",
      "resolved": "https://registry.npmjs.org/resolve-global/-/resolve-global-1.0.0.tgz",
      "integrity": "sha512-zFa12V4OLtT5XUX/Q4VLvTfBf+Ok0SPc1FNGM/z9ctUdiU618qwKpWnd0CHs3+RqROfyEg/DhuHbMWYqcgljEw==",
      "requires": {
        "global-dirs": "^0.1.1"
      }
    },
    "safer-buffer": {
      "version": "2.1.2",
      "resolved": "https://registry.npmjs.org/safer-buffer/-/safer-buffer-2.1.2.tgz",
      "integrity": "sha512-YZo3K82SD7Riyi0E1EQPojLz7kpepnSQI9IyPbHHg1XXXevb5dJI7tpyN2ADxGcQbHG7vcyRHk0cbwqcQriUtg=="
    },
    "semver": {
      "version": "6.3.0",
      "resolved": "https://registry.npmjs.org/semver/-/semver-6.3.0.tgz",
      "integrity": "sha512-b39TBaTSfV6yBrapU89p5fKekE2m/NwnDocOVruQFS1/veMgdzuPcnOM34M6CwxW8jH/lxEa5rBoDeUwu5HHTw=="
    },
    "signal-exit": {
      "version": "3.0.3",
      "resolved": "https://registry.npmjs.org/signal-exit/-/signal-exit-3.0.3.tgz",
      "integrity": "sha512-VUJ49FC8U1OxwZLxIbTTrDvLnf/6TDgxZcK8wxR8zs13xpx7xbG60ndBlhNrFi2EMuFRoeDoJO7wthSLq42EjA=="
    },
    "strip-ansi": {
      "version": "6.0.0",
      "resolved": "https://registry.npmjs.org/strip-ansi/-/strip-ansi-6.0.0.tgz",
      "integrity": "sha512-AuvKTrTfQNYNIctbR1K/YGTR1756GycPsg7b9bdV9Duqur4gv6aKqHXah67Z8ImS7WEz5QVcOtlfW2rZEugt6w==",
      "requires": {
        "ansi-regex": "^5.0.0"
      }
    },
    "supports-color": {
      "version": "7.2.0",
      "resolved": "https://registry.npmjs.org/supports-color/-/supports-color-7.2.0.tgz",
      "integrity": "sha512-qpCAvRl9stuOHveKsn7HncJRvv501qIacKzQlO/+Lwxc9+0q2wLyv4Dfvt80/DPn2pqOBsJdDiogXGR9+OvwRw==",
      "requires": {
        "has-flag": "^4.0.0"
      }
    },
    "to-regex-range": {
      "version": "5.0.1",
      "resolved": "https://registry.npmjs.org/to-regex-range/-/to-regex-range-5.0.1.tgz",
      "integrity": "sha512-65P7iz6X5yEr1cwcgvQxbbIw7Uk3gOy5dIdtZ4rDveLqhrdJP+Li/Hx6tyK0NEb+2GCyneCMJiGqrADCSNk8sQ==",
      "requires": {
        "is-number": "^7.0.0"
      }
    },
    "typedarray-to-buffer": {
      "version": "3.1.5",
      "resolved": "https://registry.npmjs.org/typedarray-to-buffer/-/typedarray-to-buffer-3.1.5.tgz",
      "integrity": "sha512-zdu8XMNEDepKKR+XYOXAVPtWui0ly0NtohUscw+UmaHiAWT8hrV1rr//H6V+0DvJ3OQ19S979M0laLfX8rm82Q==",
      "requires": {
        "is-typedarray": "^1.0.0"
      }
    },
    "unique-string": {
      "version": "2.0.0",
      "resolved": "https://registry.npmjs.org/unique-string/-/unique-string-2.0.0.tgz",
      "integrity": "sha512-uNaeirEPvpZWSgzwsPGtU2zVSTrn/8L5q/IexZmH0eH6SA73CmAA5U4GwORTxQAZs95TAXLNqeLoPPNO5gZfWg==",
      "requires": {
        "crypto-random-string": "^2.0.0"
      }
    },
    "universalify": {
      "version": "2.0.0",
      "resolved": "https://registry.npmjs.org/universalify/-/universalify-2.0.0.tgz",
      "integrity": "sha512-hAZsKq7Yy11Zu1DE0OzWjw7nnLZmJZYTDZZyEFHZdUhV8FkH5MCfoU1XMaxXovpyW5nq5scPqq0ZDP9Zyl04oQ=="
    },
    "vscode-uri": {
      "version": "3.0.2",
      "resolved": "https://registry.npmjs.org/vscode-uri/-/vscode-uri-3.0.2.tgz",
      "integrity": "sha512-jkjy6pjU1fxUvI51P+gCsxg1u2n8LSt0W6KrCNQceaziKzff74GoWmjVG46KieVzybO1sttPQmYfrwSHey7GUA=="
    },
    "wrappy": {
      "version": "1.0.2",
      "resolved": "https://registry.npmjs.org/wrappy/-/wrappy-1.0.2.tgz",
      "integrity": "sha1-tSQ9jz7BqjXxNkYFvA0QNuMKtp8="
    },
    "write-file-atomic": {
      "version": "3.0.3",
      "resolved": "https://registry.npmjs.org/write-file-atomic/-/write-file-atomic-3.0.3.tgz",
      "integrity": "sha512-AvHcyZ5JnSfq3ioSyjrBkH9yW4m7Ayk8/9My/DD9onKeu/94fwrMocemO2QAJFAlnnDN+ZDS+ZjAR5ua1/PV/Q==",
      "requires": {
        "imurmurhash": "^0.1.4",
        "is-typedarray": "^1.0.0",
        "signal-exit": "^3.0.2",
        "typedarray-to-buffer": "^3.1.5"
      }
    },
    "xdg-basedir": {
      "version": "4.0.0",
      "resolved": "https://registry.npmjs.org/xdg-basedir/-/xdg-basedir-4.0.0.tgz",
      "integrity": "sha512-PSNhEJDejZYV7h50BohL09Er9VaIefr2LMAf3OEmpCkjOi34eYyQYAXUTjEQtZJTKcF0E2UKTh+osDLsgNim9Q=="
    },
    "yaml": {
      "version": "1.10.0",
      "resolved": "https://registry.npmjs.org/yaml/-/yaml-1.10.0.tgz",
      "integrity": "sha512-yr2icI4glYaNG+KWONODapy2/jDdMSDnrONSjblABjD9B4Z5LgiircSt8m8sRZFNi08kG9Sm0uSHtEmP3zaEGg=="
    }
  }
}
