{
  "name": "test-cspell-io",
  "version": "6.1.1",
  "lockfileVersion": 2,
  "requires": true,
  "packages": {
    "": {
      "name": "test-cspell-io",
      "version": "6.1.0",
      "license": "MIT",
      "dependencies": {
        "cspell-io": "^6.1.0"
      }
    },
    "node_modules/cspell-io": {
      "version": "6.1.0",
      "resolved": "https://registry.npmjs.org/cspell-io/-/cspell-io-6.1.0.tgz",
      "integrity": "sha512-0bKSDSIZv3w+FofBcsP9kLx3BaBnXZDmsoGGCxmhJmESus4N/OQ5Ndea23Pe5NGo9NwMQiu92hE/2Jo1mD09Ow==",
      "engines": {
        "node": ">=14"
      }
    }
  },
  "dependencies": {
    "cspell-io": {
      "version": "6.1.0",
      "resolved": "https://registry.npmjs.org/cspell-io/-/cspell-io-6.1.0.tgz",
      "integrity": "sha512-0bKSDSIZv3w+FofBcsP9kLx3BaBnXZDmsoGGCxmhJmESus4N/OQ5Ndea23Pe5NGo9NwMQiu92hE/2Jo1mD09Ow=="
    }
  }
}
