{
  "name": "test-cspell-io",
  "version": "5.18.2",
  "lockfileVersion": 2,
  "requires": true,
  "packages": {
    "": {
      "name": "test-cspell-io",
      "version": "5.18.2",
      "license": "MIT",
      "dependencies": {
        "cspell-io": "^5.18.2"
      }
    },
    "node_modules/cspell-io": {
      "version": "5.18.2",
      "resolved": "https://registry.npmjs.org/cspell-io/-/cspell-io-5.18.2.tgz",
      "integrity": "sha512-t0l6TLnx8EDFh/1ULba4ue4EXumBF6vD92qk4AJVfTYulAfDRgs+/8wUM56DmAPeFgecMXIz4StWrIpsOLUZxg==",
      "engines": {
        "node": ">=12.13.0"
      }
    }
  },
  "dependencies": {
    "cspell-io": {
      "version": "5.18.2",
      "resolved": "https://registry.npmjs.org/cspell-io/-/cspell-io-5.18.2.tgz",
      "integrity": "sha512-t0l6TLnx8EDFh/1ULba4ue4EXumBF6vD92qk4AJVfTYulAfDRgs+/8wUM56DmAPeFgecMXIz4StWrIpsOLUZxg=="
    }
  }
}
