{
  "name": "test-cspell-io",
  "version": "5.19.6",
  "lockfileVersion": 2,
  "requires": true,
  "packages": {
    "": {
      "name": "test-cspell-io",
      "version": "5.19.5",
      "license": "MIT",
      "dependencies": {
        "cspell-io": "^5.19.5"
      }
    },
    "node_modules/cspell-io": {
      "version": "5.19.5",
      "resolved": "https://registry.npmjs.org/cspell-io/-/cspell-io-5.19.5.tgz",
      "integrity": "sha512-R6q1Dor6mfs1VBpuXVlcm/Vvr96GclO/BtNDK/8ppcm22Ct1VF24MG2itoYO7296dOgR1H4HkndvvEgx3p8fzw==",
      "engines": {
        "node": ">=12.13.0"
      }
    }
  },
  "dependencies": {
    "cspell-io": {
      "version": "5.19.5",
      "resolved": "https://registry.npmjs.org/cspell-io/-/cspell-io-5.19.5.tgz",
      "integrity": "sha512-R6q1Dor6mfs1VBpuXVlcm/Vvr96GclO/BtNDK/8ppcm22Ct1VF24MG2itoYO7296dOgR1H4HkndvvEgx3p8fzw=="
    }
  }
}
