{
  "name": "rfc-0001-suggestions",
  "version": "5.19.5",
  "lockfileVersion": 2,
  "requires": true,
  "packages": {
    "": {
      "name": "rfc-0001-suggestions",
      "version": "5.19.5",
      "license": "MIT",
      "dependencies": {
        "@cspell/cspell-types": "^5.19.5"
      }
    },
    "node_modules/@cspell/cspell-types": {
      "version": "5.19.5",
      "resolved": "https://registry.npmjs.org/@cspell/cspell-types/-/cspell-types-5.19.5.tgz",
      "integrity": "sha512-tOzCzuQQ4DdgfnI6+FGBPOVL/1JbH0pWtoOinPoU93/pH29XOKGW2I24HLeESzgskfoZGK274wMFQfGp6oJw9g==",
      "engines": {
        "node": ">=12.13.0"
      }
    }
  },
  "dependencies": {
    "@cspell/cspell-types": {
      "version": "5.19.5",
      "resolved": "https://registry.npmjs.org/@cspell/cspell-types/-/cspell-types-5.19.5.tgz",
      "integrity": "sha512-tOzCzuQQ4DdgfnI6+FGBPOVL/1JbH0pWtoOinPoU93/pH29XOKGW2I24HLeESzgskfoZGK274wMFQfGp6oJw9g=="
    }
  }
}
