{
  "name": "rfc-0001-suggestions",
  "version": "5.21.1",
  "lockfileVersion": 2,
  "requires": true,
  "packages": {
    "": {
      "name": "rfc-0001-suggestions",
      "version": "5.21.1",
      "license": "MIT",
      "dependencies": {
        "@cspell/cspell-types": "^5.21.1"
      }
    },
    "node_modules/@cspell/cspell-types": {
      "version": "5.21.1",
      "resolved": "https://registry.npmjs.org/@cspell/cspell-types/-/cspell-types-5.21.1.tgz",
      "integrity": "sha512-riib25imkr8+eAgzlpnAEshhYnxFuqDHprOhE2aYKjY7UBXdqD+a0ry3F21TffA+cX3ilQMyJ7P0jwHH4xn5vg==",
      "engines": {
        "node": ">=12.13.0"
      }
    }
  },
  "dependencies": {
    "@cspell/cspell-types": {
      "version": "5.21.1",
      "resolved": "https://registry.npmjs.org/@cspell/cspell-types/-/cspell-types-5.21.1.tgz",
      "integrity": "sha512-riib25imkr8+eAgzlpnAEshhYnxFuqDHprOhE2aYKjY7UBXdqD+a0ry3F21TffA+cX3ilQMyJ7P0jwHH4xn5vg=="
    }
  }
}
