{
  "name": "rfc-0001-suggestions",
  "version": "6.6.0",
  "lockfileVersion": 2,
  "requires": true,
  "packages": {
    "": {
      "name": "rfc-0001-suggestions",
      "version": "6.6.0",
      "license": "MIT",
      "dependencies": {
        "@cspell/cspell-types": "^6.5.0"
      }
    },
    "node_modules/@cspell/cspell-types": {
      "version": "6.5.0",
      "resolved": "https://registry.npmjs.org/@cspell/cspell-types/-/cspell-types-6.5.0.tgz",
      "integrity": "sha512-vm+HlY+prf9G4s926QS3rZlajtBBnV+lDsjf4v7+7vYmRzic8KATGsUR2zrfTP0H9rH9eeQqd2rPoHhn2iiAlQ==",
      "engines": {
        "node": ">=14"
      }
    }
  },
  "dependencies": {
    "@cspell/cspell-types": {
      "version": "6.5.0",
      "resolved": "https://registry.npmjs.org/@cspell/cspell-types/-/cspell-types-6.5.0.tgz",
      "integrity": "sha512-vm+HlY+prf9G4s926QS3rZlajtBBnV+lDsjf4v7+7vYmRzic8KATGsUR2zrfTP0H9rH9eeQqd2rPoHhn2iiAlQ=="
    }
  }
}
